PODS:
  - AFNetworking (3.2.1):
    - AFNetworking/NSURLSession (= 3.2.1)
    - AFNetworking/Reachability (= 3.2.1)
    - AFNetworking/Security (= 3.2.1)
    - AFNetworking/Serialization (= 3.2.1)
    - AFNetworking/UIKit (= 3.2.1)
  - AFNetworking/NSURLSession (3.2.1):
    - AFNetworking/Reachability
    - AFNetworking/Security
    - AFNetworking/Serialization
  - AFNetworking/Reachability (3.2.1)
  - AFNetworking/Security (3.2.1)
  - AFNetworking/Serialization (3.2.1)
  - AFNetworking/UIKit (3.2.1):
    - AFNetworking/NSURLSession
  - JLContainer (0.0.6)
  - Masonry (1.1.0)
  - SDWebImage (5.9.5):
    - SDWebImage/Core (= 5.9.5)
  - SDWebImage/Core (5.9.5)

DEPENDENCIES:
  - AFNetworking
  - JLContainer (from `../../Container/Container/Container/JLContainer.podspec`)
  - Masonry
  - SDWebImage

SPEC REPOS:
  trunk:
    - AFNetworking
    - Masonry
    - SDWebImage

EXTERNAL SOURCES:
  JLContainer:
    :path: "../../Container/Container/Container/JLContainer.podspec"

SPEC CHECKSUMS:
  AFNetworking: cb604b1c2bded0871f5f61f5d53653739e841d6b
  JLContainer: 6914e068021b6ca21e162cc9b68540830826c0c2
  Masonry: 678fab65091a9290e40e2832a55e7ab731aad201
  SDWebImage: 0b2ba0d56479bf6a45ecddbfd5558bea93150d25

PODFILE CHECKSUM: dac887eaefff70a822653a93abe6fa6cb3fe60f6

COCOAPODS: 1.9.3
