// !$*UTF8*$!
{
	archiveVersion = 1;
	classes = {
	};
	objectVersion = 46;
	objects = {

/* Begin PBXBuildFile section */
		0D002FFC1E8C9B7A000A633A /* UIImage+JL.m in Sources */ = {isa = PBXBuildFile; fileRef = 0D002FFB1E8C9B7A000A633A /* UIImage+JL.m */; };
		0D5411AB1EEA3525007F6412 /* JLMenuView.m in Sources */ = {isa = PBXBuildFile; fileRef = 0D5411AA1EEA3525007F6412 /* JLMenuView.m */; };
		348D54041E27A5640005E96A /* main.m in Sources */ = {isa = PBXBuildFile; fileRef = 348D54031E27A5640005E96A /* main.m */; };
		348D54071E27A5640005E96A /* AppDelegate.m in Sources */ = {isa = PBXBuildFile; fileRef = 348D54061E27A5640005E96A /* AppDelegate.m */; };
		348D540A1E27A5640005E96A /* ViewController.m in Sources */ = {isa = PBXBuildFile; fileRef = 348D54091E27A5640005E96A /* ViewController.m */; };
		348D540D1E27A5640005E96A /* Main.storyboard in Resources */ = {isa = PBXBuildFile; fileRef = 348D540B1E27A5640005E96A /* Main.storyboard */; };
		348D540F1E27A5640005E96A /* Assets.xcassets in Resources */ = {isa = PBXBuildFile; fileRef = 348D540E1E27A5640005E96A /* Assets.xcassets */; };
		348D54121E27A5640005E96A /* LaunchScreen.storyboard in Resources */ = {isa = PBXBuildFile; fileRef = 348D54101E27A5640005E96A /* LaunchScreen.storyboard */; };
		349EB9AE1E28DDA000351FC4 /* JLBothSidesBtn.m in Sources */ = {isa = PBXBuildFile; fileRef = 349EB9AA1E28DDA000351FC4 /* JLBothSidesBtn.m */; };
		349EB9AF1E28DDA000351FC4 /* BothsidesBtnViewController.m in Sources */ = {isa = PBXBuildFile; fileRef = 349EB9AC1E28DDA000351FC4 /* BothsidesBtnViewController.m */; };
		349EB9B41E28DDDF00351FC4 /* JLTableView.m in Sources */ = {isa = PBXBuildFile; fileRef = 349EB9B31E28DDDF00351FC4 /* JLTableView.m */; };
		349EB9B71E28E59D00351FC4 /* TestTableViewController.m in Sources */ = {isa = PBXBuildFile; fileRef = 349EB9B61E28E59D00351FC4 /* TestTableViewController.m */; };
		349EB9BB1E2B77C800351FC4 /* JLDragOrderCollectionViewLayout.m in Sources */ = {isa = PBXBuildFile; fileRef = 349EB9BA1E2B77C800351FC4 /* JLDragOrderCollectionViewLayout.m */; };
		349EB9BE1E2B7B9100351FC4 /* JLTabMoreView.m in Sources */ = {isa = PBXBuildFile; fileRef = 349EB9BD1E2B7B9100351FC4 /* JLTabMoreView.m */; };
		349EB9C11E2B7C6C00351FC4 /* JLCellitem.m in Sources */ = {isa = PBXBuildFile; fileRef = 349EB9C01E2B7C6C00351FC4 /* JLCellitem.m */; };
		349EB9C41E2B7EE100351FC4 /* TestDragCollecViewController.m in Sources */ = {isa = PBXBuildFile; fileRef = 349EB9C31E2B7EE100351FC4 /* TestDragCollecViewController.m */; };
		F4C8B0C71F40468A00FDEDC7 /* OTTableViewController.m in Sources */ = {isa = PBXBuildFile; fileRef = F4C8B0C51F40468A00FDEDC7 /* OTTableViewController.m */; };
		F4C8B0D81F4046AC00FDEDC7 /* SettingCustonItem.m in Sources */ = {isa = PBXBuildFile; fileRef = F4C8B0C91F4046AC00FDEDC7 /* SettingCustonItem.m */; };
		F4C8B0D91F4046AC00FDEDC7 /* SettingArrowItem.m in Sources */ = {isa = PBXBuildFile; fileRef = F4C8B0CB1F4046AC00FDEDC7 /* SettingArrowItem.m */; };
		F4C8B0DA1F4046AC00FDEDC7 /* SettingCell.m in Sources */ = {isa = PBXBuildFile; fileRef = F4C8B0CD1F4046AC00FDEDC7 /* SettingCell.m */; };
		F4C8B0DB1F4046AC00FDEDC7 /* SettingGroupModel.m in Sources */ = {isa = PBXBuildFile; fileRef = F4C8B0CF1F4046AC00FDEDC7 /* SettingGroupModel.m */; };
		F4C8B0DC1F4046AC00FDEDC7 /* SettingItem.m in Sources */ = {isa = PBXBuildFile; fileRef = F4C8B0D11F4046AC00FDEDC7 /* SettingItem.m */; };
		F4C8B0DD1F4046AC00FDEDC7 /* SettingLabelItem.m in Sources */ = {isa = PBXBuildFile; fileRef = F4C8B0D31F4046AC00FDEDC7 /* SettingLabelItem.m */; };
		F4C8B0DE1F4046AC00FDEDC7 /* SettingSwitchItem.m in Sources */ = {isa = PBXBuildFile; fileRef = F4C8B0D51F4046AC00FDEDC7 /* SettingSwitchItem.m */; };
		F4C8B0DF1F4046AC00FDEDC7 /* LoginCell.m in Sources */ = {isa = PBXBuildFile; fileRef = F4C8B0D71F4046AC00FDEDC7 /* LoginCell.m */; };
		F4C8B0E21F4046E700FDEDC7 /* SettingViewController.m in Sources */ = {isa = PBXBuildFile; fileRef = F4C8B0E11F4046E700FDEDC7 /* SettingViewController.m */; };
/* End PBXBuildFile section */

/* Begin PBXFileReference section */
		0D002FFA1E8C9B7A000A633A /* UIImage+JL.h */ = {isa = PBXFileReference; fileEncoding = 4; lastKnownFileType = sourcecode.c.h; path = "UIImage+JL.h"; sourceTree = "<group>"; };
		0D002FFB1E8C9B7A000A633A /* UIImage+JL.m */ = {isa = PBXFileReference; fileEncoding = 4; lastKnownFileType = sourcecode.c.objc; path = "UIImage+JL.m"; sourceTree = "<group>"; };
		0D5411A91EEA3525007F6412 /* JLMenuView.h */ = {isa = PBXFileReference; fileEncoding = 4; lastKnownFileType = sourcecode.c.h; path = JLMenuView.h; sourceTree = "<group>"; };
		0D5411AA1EEA3525007F6412 /* JLMenuView.m */ = {isa = PBXFileReference; fileEncoding = 4; lastKnownFileType = sourcecode.c.objc; path = JLMenuView.m; sourceTree = "<group>"; };
		348D53FF1E27A5640005E96A /* JLKitDemo.app */ = {isa = PBXFileReference; explicitFileType = wrapper.application; includeInIndex = 0; path = JLKitDemo.app; sourceTree = BUILT_PRODUCTS_DIR; };
		348D54031E27A5640005E96A /* main.m */ = {isa = PBXFileReference; lastKnownFileType = sourcecode.c.objc; path = main.m; sourceTree = "<group>"; };
		348D54051E27A5640005E96A /* AppDelegate.h */ = {isa = PBXFileReference; lastKnownFileType = sourcecode.c.h; path = AppDelegate.h; sourceTree = "<group>"; };
		348D54061E27A5640005E96A /* AppDelegate.m */ = {isa = PBXFileReference; lastKnownFileType = sourcecode.c.objc; path = AppDelegate.m; sourceTree = "<group>"; };
		348D54081E27A5640005E96A /* ViewController.h */ = {isa = PBXFileReference; lastKnownFileType = sourcecode.c.h; path = ViewController.h; sourceTree = "<group>"; };
		348D54091E27A5640005E96A /* ViewController.m */ = {isa = PBXFileReference; lastKnownFileType = sourcecode.c.objc; path = ViewController.m; sourceTree = "<group>"; };
		348D540C1E27A5640005E96A /* Base */ = {isa = PBXFileReference; lastKnownFileType = file.storyboard; name = Base; path = Base.lproj/Main.storyboard; sourceTree = "<group>"; };
		348D540E1E27A5640005E96A /* Assets.xcassets */ = {isa = PBXFileReference; lastKnownFileType = folder.assetcatalog; path = Assets.xcassets; sourceTree = "<group>"; };
		348D54111E27A5640005E96A /* Base */ = {isa = PBXFileReference; lastKnownFileType = file.storyboard; name = Base; path = Base.lproj/LaunchScreen.storyboard; sourceTree = "<group>"; };
		348D54131E27A5640005E96A /* Info.plist */ = {isa = PBXFileReference; lastKnownFileType = text.plist.xml; path = Info.plist; sourceTree = "<group>"; };
		349EB9A91E28DDA000351FC4 /* JLBothSidesBtn.h */ = {isa = PBXFileReference; fileEncoding = 4; lastKnownFileType = sourcecode.c.h; path = JLBothSidesBtn.h; sourceTree = "<group>"; };
		349EB9AA1E28DDA000351FC4 /* JLBothSidesBtn.m */ = {isa = PBXFileReference; fileEncoding = 4; lastKnownFileType = sourcecode.c.objc; path = JLBothSidesBtn.m; sourceTree = "<group>"; };
		349EB9AB1E28DDA000351FC4 /* BothsidesBtnViewController.h */ = {isa = PBXFileReference; fileEncoding = 4; lastKnownFileType = sourcecode.c.h; path = BothsidesBtnViewController.h; sourceTree = "<group>"; };
		349EB9AC1E28DDA000351FC4 /* BothsidesBtnViewController.m */ = {isa = PBXFileReference; fileEncoding = 4; lastKnownFileType = sourcecode.c.objc; path = BothsidesBtnViewController.m; sourceTree = "<group>"; };
		349EB9B21E28DDDF00351FC4 /* JLTableView.h */ = {isa = PBXFileReference; fileEncoding = 4; lastKnownFileType = sourcecode.c.h; path = JLTableView.h; sourceTree = "<group>"; };
		349EB9B31E28DDDF00351FC4 /* JLTableView.m */ = {isa = PBXFileReference; fileEncoding = 4; lastKnownFileType = sourcecode.c.objc; path = JLTableView.m; sourceTree = "<group>"; };
		349EB9B51E28E59D00351FC4 /* TestTableViewController.h */ = {isa = PBXFileReference; fileEncoding = 4; lastKnownFileType = sourcecode.c.h; path = TestTableViewController.h; sourceTree = "<group>"; };
		349EB9B61E28E59D00351FC4 /* TestTableViewController.m */ = {isa = PBXFileReference; fileEncoding = 4; lastKnownFileType = sourcecode.c.objc; path = TestTableViewController.m; sourceTree = "<group>"; };
		349EB9B91E2B77C800351FC4 /* JLDragOrderCollectionViewLayout.h */ = {isa = PBXFileReference; fileEncoding = 4; lastKnownFileType = sourcecode.c.h; path = JLDragOrderCollectionViewLayout.h; sourceTree = "<group>"; };
		349EB9BA1E2B77C800351FC4 /* JLDragOrderCollectionViewLayout.m */ = {isa = PBXFileReference; fileEncoding = 4; lastKnownFileType = sourcecode.c.objc; path = JLDragOrderCollectionViewLayout.m; sourceTree = "<group>"; };
		349EB9BC1E2B7B9100351FC4 /* JLTabMoreView.h */ = {isa = PBXFileReference; fileEncoding = 4; lastKnownFileType = sourcecode.c.h; path = JLTabMoreView.h; sourceTree = "<group>"; };
		349EB9BD1E2B7B9100351FC4 /* JLTabMoreView.m */ = {isa = PBXFileReference; fileEncoding = 4; lastKnownFileType = sourcecode.c.objc; path = JLTabMoreView.m; sourceTree = "<group>"; };
		349EB9BF1E2B7C6C00351FC4 /* JLCellitem.h */ = {isa = PBXFileReference; fileEncoding = 4; lastKnownFileType = sourcecode.c.h; path = JLCellitem.h; sourceTree = "<group>"; };
		349EB9C01E2B7C6C00351FC4 /* JLCellitem.m */ = {isa = PBXFileReference; fileEncoding = 4; lastKnownFileType = sourcecode.c.objc; path = JLCellitem.m; sourceTree = "<group>"; };
		349EB9C21E2B7EE100351FC4 /* TestDragCollecViewController.h */ = {isa = PBXFileReference; fileEncoding = 4; lastKnownFileType = sourcecode.c.h; path = TestDragCollecViewController.h; sourceTree = "<group>"; };
		349EB9C31E2B7EE100351FC4 /* TestDragCollecViewController.m */ = {isa = PBXFileReference; fileEncoding = 4; lastKnownFileType = sourcecode.c.objc; path = TestDragCollecViewController.m; sourceTree = "<group>"; };
		F4C8B0C41F40468A00FDEDC7 /* OTTableViewController.h */ = {isa = PBXFileReference; fileEncoding = 4; lastKnownFileType = sourcecode.c.h; path = OTTableViewController.h; sourceTree = "<group>"; };
		F4C8B0C51F40468A00FDEDC7 /* OTTableViewController.m */ = {isa = PBXFileReference; fileEncoding = 4; lastKnownFileType = sourcecode.c.objc; path = OTTableViewController.m; sourceTree = "<group>"; };
		F4C8B0C61F40468A00FDEDC7 /* OTPotocol.h */ = {isa = PBXFileReference; fileEncoding = 4; lastKnownFileType = sourcecode.c.h; path = OTPotocol.h; sourceTree = "<group>"; };
		F4C8B0C81F4046AC00FDEDC7 /* SettingCustonItem.h */ = {isa = PBXFileReference; fileEncoding = 4; lastKnownFileType = sourcecode.c.h; path = SettingCustonItem.h; sourceTree = "<group>"; };
		F4C8B0C91F4046AC00FDEDC7 /* SettingCustonItem.m */ = {isa = PBXFileReference; fileEncoding = 4; lastKnownFileType = sourcecode.c.objc; path = SettingCustonItem.m; sourceTree = "<group>"; };
		F4C8B0CA1F4046AC00FDEDC7 /* SettingArrowItem.h */ = {isa = PBXFileReference; fileEncoding = 4; lastKnownFileType = sourcecode.c.h; path = SettingArrowItem.h; sourceTree = "<group>"; };
		F4C8B0CB1F4046AC00FDEDC7 /* SettingArrowItem.m */ = {isa = PBXFileReference; fileEncoding = 4; lastKnownFileType = sourcecode.c.objc; path = SettingArrowItem.m; sourceTree = "<group>"; };
		F4C8B0CC1F4046AC00FDEDC7 /* SettingCell.h */ = {isa = PBXFileReference; fileEncoding = 4; lastKnownFileType = sourcecode.c.h; path = SettingCell.h; sourceTree = "<group>"; };
		F4C8B0CD1F4046AC00FDEDC7 /* SettingCell.m */ = {isa = PBXFileReference; fileEncoding = 4; lastKnownFileType = sourcecode.c.objc; path = SettingCell.m; sourceTree = "<group>"; };
		F4C8B0CE1F4046AC00FDEDC7 /* SettingGroupModel.h */ = {isa = PBXFileReference; fileEncoding = 4; lastKnownFileType = sourcecode.c.h; path = SettingGroupModel.h; sourceTree = "<group>"; };
		F4C8B0CF1F4046AC00FDEDC7 /* SettingGroupModel.m */ = {isa = PBXFileReference; fileEncoding = 4; lastKnownFileType = sourcecode.c.objc; path = SettingGroupModel.m; sourceTree = "<group>"; };
		F4C8B0D01F4046AC00FDEDC7 /* SettingItem.h */ = {isa = PBXFileReference; fileEncoding = 4; lastKnownFileType = sourcecode.c.h; path = SettingItem.h; sourceTree = "<group>"; };
		F4C8B0D11F4046AC00FDEDC7 /* SettingItem.m */ = {isa = PBXFileReference; fileEncoding = 4; lastKnownFileType = sourcecode.c.objc; path = SettingItem.m; sourceTree = "<group>"; };
		F4C8B0D21F4046AC00FDEDC7 /* SettingLabelItem.h */ = {isa = PBXFileReference; fileEncoding = 4; lastKnownFileType = sourcecode.c.h; path = SettingLabelItem.h; sourceTree = "<group>"; };
		F4C8B0D31F4046AC00FDEDC7 /* SettingLabelItem.m */ = {isa = PBXFileReference; fileEncoding = 4; lastKnownFileType = sourcecode.c.objc; path = SettingLabelItem.m; sourceTree = "<group>"; };
		F4C8B0D41F4046AC00FDEDC7 /* SettingSwitchItem.h */ = {isa = PBXFileReference; fileEncoding = 4; lastKnownFileType = sourcecode.c.h; path = SettingSwitchItem.h; sourceTree = "<group>"; };
		F4C8B0D51F4046AC00FDEDC7 /* SettingSwitchItem.m */ = {isa = PBXFileReference; fileEncoding = 4; lastKnownFileType = sourcecode.c.objc; path = SettingSwitchItem.m; sourceTree = "<group>"; };
		F4C8B0D61F4046AC00FDEDC7 /* LoginCell.h */ = {isa = PBXFileReference; fileEncoding = 4; lastKnownFileType = sourcecode.c.h; path = LoginCell.h; sourceTree = "<group>"; };
		F4C8B0D71F4046AC00FDEDC7 /* LoginCell.m */ = {isa = PBXFileReference; fileEncoding = 4; lastKnownFileType = sourcecode.c.objc; path = LoginCell.m; sourceTree = "<group>"; };
		F4C8B0E01F4046E700FDEDC7 /* SettingViewController.h */ = {isa = PBXFileReference; fileEncoding = 4; lastKnownFileType = sourcecode.c.h; path = SettingViewController.h; sourceTree = "<group>"; };
		F4C8B0E11F4046E700FDEDC7 /* SettingViewController.m */ = {isa = PBXFileReference; fileEncoding = 4; lastKnownFileType = sourcecode.c.objc; path = SettingViewController.m; sourceTree = "<group>"; };
/* End PBXFileReference section */

/* Begin PBXFrameworksBuildPhase section */
		348D53FC1E27A5640005E96A /* Frameworks */ = {
			isa = PBXFrameworksBuildPhase;
			buildActionMask = 2147483647;
			files = (
			);
			runOnlyForDeploymentPostprocessing = 0;
		};
/* End PBXFrameworksBuildPhase section */

/* Begin PBXGroup section */
		0D5411A81EEA3525007F6412 /* menu View */ = {
			isa = PBXGroup;
			children = (
				0D5411A91EEA3525007F6412 /* JLMenuView.h */,
				0D5411AA1EEA3525007F6412 /* JLMenuView.m */,
			);
			path = "menu View";
			sourceTree = "<group>";
		};
		348D53F61E27A5640005E96A = {
			isa = PBXGroup;
			children = (
				348D54011E27A5640005E96A /* JLKitDemo */,
				348D54001E27A5640005E96A /* Products */,
			);
			sourceTree = "<group>";
		};
		348D54001E27A5640005E96A /* Products */ = {
			isa = PBXGroup;
			children = (
				348D53FF1E27A5640005E96A /* JLKitDemo.app */,
			);
			name = Products;
			sourceTree = "<group>";
		};
		348D54011E27A5640005E96A /* JLKitDemo */ = {
			isa = PBXGroup;
			children = (
				F4C8B0C21F40462400FDEDC7 /* Operating TableView */,
				0D5411A81EEA3525007F6412 /* menu View */,
				349EB9B81E2B764D00351FC4 /* can drag Collectionview */,
				349EB9B11E28DDCE00351FC4 /* can drag tableview */,
				349EB9A71E28DDA000351FC4 /* bothsides btn */,
				348D54051E27A5640005E96A /* AppDelegate.h */,
				348D54061E27A5640005E96A /* AppDelegate.m */,
				0D002FFA1E8C9B7A000A633A /* UIImage+JL.h */,
				0D002FFB1E8C9B7A000A633A /* UIImage+JL.m */,
				348D54081E27A5640005E96A /* ViewController.h */,
				348D54091E27A5640005E96A /* ViewController.m */,
				F4C8B0E01F4046E700FDEDC7 /* SettingViewController.h */,
				F4C8B0E11F4046E700FDEDC7 /* SettingViewController.m */,
				348D540B1E27A5640005E96A /* Main.storyboard */,
				348D540E1E27A5640005E96A /* Assets.xcassets */,
				348D54101E27A5640005E96A /* LaunchScreen.storyboard */,
				348D54131E27A5640005E96A /* Info.plist */,
				348D54021E27A5640005E96A /* Supporting Files */,
			);
			path = JLKitDemo;
			sourceTree = "<group>";
		};
		348D54021E27A5640005E96A /* Supporting Files */ = {
			isa = PBXGroup;
			children = (
				348D54031E27A5640005E96A /* main.m */,
			);
			name = "Supporting Files";
			sourceTree = "<group>";
		};
		349EB9A71E28DDA000351FC4 /* bothsides btn */ = {
			isa = PBXGroup;
			children = (
				349EB9A91E28DDA000351FC4 /* JLBothSidesBtn.h */,
				349EB9AA1E28DDA000351FC4 /* JLBothSidesBtn.m */,
				349EB9AB1E28DDA000351FC4 /* BothsidesBtnViewController.h */,
				349EB9AC1E28DDA000351FC4 /* BothsidesBtnViewController.m */,
			);
			path = "bothsides btn";
			sourceTree = "<group>";
		};
		349EB9B11E28DDCE00351FC4 /* can drag tableview */ = {
			isa = PBXGroup;
			children = (
				349EB9B21E28DDDF00351FC4 /* JLTableView.h */,
				349EB9B31E28DDDF00351FC4 /* JLTableView.m */,
				349EB9B51E28E59D00351FC4 /* TestTableViewController.h */,
				349EB9B61E28E59D00351FC4 /* TestTableViewController.m */,
			);
			path = "can drag tableview";
			sourceTree = "<group>";
		};
		349EB9B81E2B764D00351FC4 /* can drag Collectionview */ = {
			isa = PBXGroup;
			children = (
				349EB9BF1E2B7C6C00351FC4 /* JLCellitem.h */,
				349EB9C01E2B7C6C00351FC4 /* JLCellitem.m */,
				349EB9BC1E2B7B9100351FC4 /* JLTabMoreView.h */,
				349EB9BD1E2B7B9100351FC4 /* JLTabMoreView.m */,
				349EB9B91E2B77C800351FC4 /* JLDragOrderCollectionViewLayout.h */,
				349EB9BA1E2B77C800351FC4 /* JLDragOrderCollectionViewLayout.m */,
				349EB9C21E2B7EE100351FC4 /* TestDragCollecViewController.h */,
				349EB9C31E2B7EE100351FC4 /* TestDragCollecViewController.m */,
			);
			path = "can drag Collectionview";
			sourceTree = "<group>";
		};
		F4C8B0C21F40462400FDEDC7 /* Operating TableView */ = {
			isa = PBXGroup;
			children = (
				F4C8B0C81F4046AC00FDEDC7 /* SettingCustonItem.h */,
				F4C8B0C91F4046AC00FDEDC7 /* SettingCustonItem.m */,
				F4C8B0CA1F4046AC00FDEDC7 /* SettingArrowItem.h */,
				F4C8B0CB1F4046AC00FDEDC7 /* SettingArrowItem.m */,
				F4C8B0CC1F4046AC00FDEDC7 /* SettingCell.h */,
				F4C8B0CD1F4046AC00FDEDC7 /* SettingCell.m */,
				F4C8B0CE1F4046AC00FDEDC7 /* SettingGroupModel.h */,
				F4C8B0CF1F4046AC00FDEDC7 /* SettingGroupModel.m */,
				F4C8B0D01F4046AC00FDEDC7 /* SettingItem.h */,
				F4C8B0D11F4046AC00FDEDC7 /* SettingItem.m */,
				F4C8B0D21F4046AC00FDEDC7 /* SettingLabelItem.h */,
				F4C8B0D31F4046AC00FDEDC7 /* SettingLabelItem.m */,
				F4C8B0D41F4046AC00FDEDC7 /* SettingSwitchItem.h */,
				F4C8B0D51F4046AC00FDEDC7 /* SettingSwitchItem.m */,
				F4C8B0D61F4046AC00FDEDC7 /* LoginCell.h */,
				F4C8B0D71F4046AC00FDEDC7 /* LoginCell.m */,
				F4C8B0C31F40468A00FDEDC7 /* OT */,
			);
			path = "Operating TableView";
			sourceTree = "<group>";
		};
		F4C8B0C31F40468A00FDEDC7 /* OT */ = {
			isa = PBXGroup;
			children = (
				F4C8B0C41F40468A00FDEDC7 /* OTTableViewController.h */,
				F4C8B0C51F40468A00FDEDC7 /* OTTableViewController.m */,
				F4C8B0C61F40468A00FDEDC7 /* OTPotocol.h */,
			);
			path = OT;
			sourceTree = "<group>";
		};
/* End PBXGroup section */

/* Begin PBXNativeTarget section */
		348D53FE1E27A5640005E96A /* JLKitDemo */ = {
			isa = PBXNativeTarget;
			buildConfigurationList = 348D54161E27A5640005E96A /* Build configuration list for PBXNativeTarget "JLKitDemo" */;
			buildPhases = (
				348D53FB1E27A5640005E96A /* Sources */,
				348D53FC1E27A5640005E96A /* Frameworks */,
				348D53FD1E27A5640005E96A /* Resources */,
			);
			buildRules = (
			);
			dependencies = (
			);
			name = JLKitDemo;
			productName = JLKitDemo;
			productReference = 348D53FF1E27A5640005E96A /* JLKitDemo.app */;
			productType = "com.apple.product-type.application";
		};
/* End PBXNativeTarget section */

/* Begin PBXProject section */
		348D53F71E27A5640005E96A /* Project object */ = {
			isa = PBXProject;
			attributes = {
				LastUpgradeCheck = 0820;
				ORGANIZATIONNAME = JL;
				TargetAttributes = {
					348D53FE1E27A5640005E96A = {
						CreatedOnToolsVersion = 8.2;
						DevelopmentTeam = NVAFMDWZJC;
						ProvisioningStyle = Automatic;
					};
				};
			};
			buildConfigurationList = 348D53FA1E27A5640005E96A /* Build configuration list for PBXProject "JLKitDemo" */;
			compatibilityVersion = "Xcode 3.2";
			developmentRegion = English;
			hasScannedForEncodings = 0;
			knownRegions = (
				en,
				Base,
			);
			mainGroup = 348D53F61E27A5640005E96A;
			productRefGroup = 348D54001E27A5640005E96A /* Products */;
			projectDirPath = "";
			projectRoot = "";
			targets = (
				348D53FE1E27A5640005E96A /* JLKitDemo */,
			);
		};
/* End PBXProject section */

/* Begin PBXResourcesBuildPhase section */
		348D53FD1E27A5640005E96A /* Resources */ = {
			isa = PBXResourcesBuildPhase;
			buildActionMask = 2147483647;
			files = (
				348D54121E27A5640005E96A /* LaunchScreen.storyboard in Resources */,
				348D540F1E27A5640005E96A /* Assets.xcassets in Resources */,
				348D540D1E27A5640005E96A /* Main.storyboard in Resources */,
			);
			runOnlyForDeploymentPostprocessing = 0;
		};
/* End PBXResourcesBuildPhase section */

/* Begin PBXSourcesBuildPhase section */
		348D53FB1E27A5640005E96A /* Sources */ = {
			isa = PBXSourcesBuildPhase;
			buildActionMask = 2147483647;
			files = (
				F4C8B0DD1F4046AC00FDEDC7 /* SettingLabelItem.m in Sources */,
				348D540A1E27A5640005E96A /* ViewController.m in Sources */,
				349EB9B41E28DDDF00351FC4 /* JLTableView.m in Sources */,
				F4C8B0DB1F4046AC00FDEDC7 /* SettingGroupModel.m in Sources */,
				349EB9AF1E28DDA000351FC4 /* BothsidesBtnViewController.m in Sources */,
				F4C8B0DA1F4046AC00FDEDC7 /* SettingCell.m in Sources */,
				349EB9BB1E2B77C800351FC4 /* JLDragOrderCollectionViewLayout.m in Sources */,
				F4C8B0D81F4046AC00FDEDC7 /* SettingCustonItem.m in Sources */,
				F4C8B0DE1F4046AC00FDEDC7 /* SettingSwitchItem.m in Sources */,
				349EB9C41E2B7EE100351FC4 /* TestDragCollecViewController.m in Sources */,
				F4C8B0E21F4046E700FDEDC7 /* SettingViewController.m in Sources */,
				0D002FFC1E8C9B7A000A633A /* UIImage+JL.m in Sources */,
				F4C8B0D91F4046AC00FDEDC7 /* SettingArrowItem.m in Sources */,
				F4C8B0C71F40468A00FDEDC7 /* OTTableViewController.m in Sources */,
				F4C8B0DF1F4046AC00FDEDC7 /* LoginCell.m in Sources */,
				349EB9C11E2B7C6C00351FC4 /* JLCellitem.m in Sources */,
				348D54071E27A5640005E96A /* AppDelegate.m in Sources */,
				349EB9AE1E28DDA000351FC4 /* JLBothSidesBtn.m in Sources */,
				349EB9B71E28E59D00351FC4 /* TestTableViewController.m in Sources */,
				348D54041E27A5640005E96A /* main.m in Sources */,
				349EB9BE1E2B7B9100351FC4 /* JLTabMoreView.m in Sources */,
				F4C8B0DC1F4046AC00FDEDC7 /* SettingItem.m in Sources */,
				0D5411AB1EEA3525007F6412 /* JLMenuView.m in Sources */,
			);
			runOnlyForDeploymentPostprocessing = 0;
		};
/* End PBXSourcesBuildPhase section */

/* Begin PBXVariantGroup section */
		348D540B1E27A5640005E96A /* Main.storyboard */ = {
			isa = PBXVariantGroup;
			children = (
				348D540C1E27A5640005E96A /* Base */,
			);
			name = Main.storyboard;
			sourceTree = "<group>";
		};
		348D54101E27A5640005E96A /* LaunchScreen.storyboard */ = {
			isa = PBXVariantGroup;
			children = (
				348D54111E27A5640005E96A /* Base */,
			);
			name = LaunchScreen.storyboard;
			sourceTree = "<group>";
		};
/* End PBXVariantGroup section */

/* Begin XCBuildConfiguration section */
		348D54141E27A5640005E96A /* Debug */ = {
			isa = XCBuildConfiguration;
			buildSettings = {
				ALWAYS_SEARCH_USER_PATHS = NO;
				CLANG_ANALYZER_NONNULL = YES;
				CLANG_CXX_LANGUAGE_STANDARD = "gnu++0x";
				CLANG_CXX_LIBRARY = "libc++";
				CLANG_ENABLE_MODULES = YES;
				CLANG_ENABLE_OBJC_ARC = YES;
				CLANG_WARN_BOOL_CONVERSION = YES;
				CLANG_WARN_CONSTANT_CONVERSION = YES;
				CLANG_WARN_DIRECT_OBJC_ISA_USAGE = YES_ERROR;
				CLANG_WARN_DOCUMENTATION_COMMENTS = YES;
				CLANG_WARN_EMPTY_BODY = YES;
				CLANG_WARN_ENUM_CONVERSION = YES;
				CLANG_WARN_INFINITE_RECURSION = YES;
				CLANG_WARN_INT_CONVERSION = YES;
				CLANG_WARN_OBJC_ROOT_CLASS = YES_ERROR;
				CLANG_WARN_SUSPICIOUS_MOVE = YES;
				CLANG_WARN_UNREACHABLE_CODE = YES;
				CLANG_WARN__DUPLICATE_METHOD_MATCH = YES;
				"CODE_SIGN_IDENTITY[sdk=iphoneos*]" = "iPhone Developer";
				COPY_PHASE_STRIP = NO;
				DEBUG_INFORMATION_FORMAT = dwarf;
				ENABLE_STRICT_OBJC_MSGSEND = YES;
				ENABLE_TESTABILITY = YES;
				GCC_C_LANGUAGE_STANDARD = gnu99;
				GCC_DYNAMIC_NO_PIC = NO;
				GCC_NO_COMMON_BLOCKS = YES;
				GCC_OPTIMIZATION_LEVEL = 0;
				GCC_PREPROCESSOR_DEFINITIONS = (
					"DEBUG=1",
					"$(inherited)",
				);
				GCC_WARN_64_TO_32_BIT_CONVERSION = YES;
				GCC_WARN_ABOUT_RETURN_TYPE = YES_ERROR;
				GCC_WARN_UNDECLARED_SELECTOR = YES;
				GCC_WARN_UNINITIALIZED_AUTOS = YES_AGGRESSIVE;
				GCC_WARN_UNUSED_FUNCTION = YES;
				GCC_WARN_UNUSED_VARIABLE = YES;
				IPHONEOS_DEPLOYMENT_TARGET = 10.2;
				MTL_ENABLE_DEBUG_INFO = YES;
				ONLY_ACTIVE_ARCH = YES;
				SDKROOT = iphoneos;
			};
			name = Debug;
		};
		348D54151E27A5640005E96A /* Release */ = {
			isa = XCBuildConfiguration;
			buildSettings = {
				ALWAYS_SEARCH_USER_PATHS = NO;
				CLANG_ANALYZER_NONNULL = YES;
				CLANG_CXX_LANGUAGE_STANDARD = "gnu++0x";
				CLANG_CXX_LIBRARY = "libc++";
				CLANG_ENABLE_MODULES = YES;
				CLANG_ENABLE_OBJC_ARC = YES;
				CLANG_WARN_BOOL_CONVERSION = YES;
				CLANG_WARN_CONSTANT_CONVERSION = YES;
				CLANG_WARN_DIRECT_OBJC_ISA_USAGE = YES_ERROR;
				CLANG_WARN_DOCUMENTATION_COMMENTS = YES;
				CLANG_WARN_EMPTY_BODY = YES;
				CLANG_WARN_ENUM_CONVERSION = YES;
				CLANG_WARN_INFINITE_RECURSION = YES;
				CLANG_WARN_INT_CONVERSION = YES;
				CLANG_WARN_OBJC_ROOT_CLASS = YES_ERROR;
				CLANG_WARN_SUSPICIOUS_MOVE = YES;
				CLANG_WARN_UNREACHABLE_CODE = YES;
				CLANG_WARN__DUPLICATE_METHOD_MATCH = YES;
				"CODE_SIGN_IDENTITY[sdk=iphoneos*]" = "iPhone Developer";
				COPY_PHASE_STRIP = NO;
				DEBUG_INFORMATION_FORMAT = "dwarf-with-dsym";
				ENABLE_NS_ASSERTIONS = NO;
				ENABLE_STRICT_OBJC_MSGSEND = YES;
				GCC_C_LANGUAGE_STANDARD = gnu99;
				GCC_NO_COMMON_BLOCKS = YES;
				GCC_WARN_64_TO_32_BIT_CONVERSION = YES;
				GCC_WARN_ABOUT_RETURN_TYPE = YES_ERROR;
				GCC_WARN_UNDECLARED_SELECTOR = YES;
				GCC_WARN_UNINITIALIZED_AUTOS = YES_AGGRESSIVE;
				GCC_WARN_UNUSED_FUNCTION = YES;
				GCC_WARN_UNUSED_VARIABLE = YES;
				IPHONEOS_DEPLOYMENT_TARGET = 10.2;
				MTL_ENABLE_DEBUG_INFO = NO;
				SDKROOT = iphoneos;
				VALIDATE_PRODUCT = YES;
			};
			name = Release;
		};
		348D54171E27A5640005E96A /* Debug */ = {
			isa = XCBuildConfiguration;
			buildSettings = {
				ASSETCATALOG_COMPILER_APPICON_NAME = AppIcon;
				DEVELOPMENT_TEAM = NVAFMDWZJC;
				INFOPLIST_FILE = JLKitDemo/Info.plist;
				IPHONEOS_DEPLOYMENT_TARGET = 8.0;
				LD_RUNPATH_SEARCH_PATHS = "$(inherited) @executable_path/Frameworks";
				PRODUCT_BUNDLE_IDENTIFIER = com.JLKit.JLKitDemo;
				PRODUCT_NAME = "$(TARGET_NAME)";
			};
			name = Debug;
		};
		348D54181E27A5640005E96A /* Release */ = {
			isa = XCBuildConfiguration;
			buildSettings = {
				ASSETCATALOG_COMPILER_APPICON_NAME = AppIcon;
				DEVELOPMENT_TEAM = NVAFMDWZJC;
				INFOPLIST_FILE = JLKitDemo/Info.plist;
				IPHONEOS_DEPLOYMENT_TARGET = 8.0;
				LD_RUNPATH_SEARCH_PATHS = "$(inherited) @executable_path/Frameworks";
				PRODUCT_BUNDLE_IDENTIFIER = com.JLKit.JLKitDemo;
				PRODUCT_NAME = "$(TARGET_NAME)";
			};
			name = Release;
		};
/* End XCBuildConfiguration section */

/* Begin XCConfigurationList section */
		348D53FA1E27A5640005E96A /* Build configuration list for PBXProject "JLKitDemo" */ = {
			isa = XCConfigurationList;
			buildConfigurations = (
				348D54141E27A5640005E96A /* Debug */,
				348D54151E27A5640005E96A /* Release */,
			);
			defaultConfigurationIsVisible = 0;
			defaultConfigurationName = Release;
		};
		348D54161E27A5640005E96A /* Build configuration list for PBXNativeTarget "JLKitDemo" */ = {
			isa = XCConfigurationList;
			buildConfigurations = (
				348D54171E27A5640005E96A /* Debug */,
				348D54181E27A5640005E96A /* Release */,
			);
			defaultConfigurationIsVisible = 0;
			defaultConfigurationName = Release;
		};
/* End XCConfigurationList section */
	};
	rootObject = 348D53F71E27A5640005E96A /* Project object */;
}
