// !$*UTF8*$!
{
	archiveVersion = 1;
	classes = {
	};
	objectVersion = 46;
	objects = {

/* Begin PBXBuildFile section */
		3401375720726BF5002D46D2 /* HomeFunctionViewController.m in Sources */ = {isa = PBXBuildFile; fileRef = 3401375520726BF5002D46D2 /* HomeFunctionViewController.m */; };
		3401375D20726CC4002D46D2 /* TagItem.m in Sources */ = {isa = PBXBuildFile; fileRef = 3401375C20726CC4002D46D2 /* TagItem.m */; };
		3401376020726E8A002D46D2 /* TagCellTableViewCell.m in Sources */ = {isa = PBXBuildFile; fileRef = 3401375F20726E8A002D46D2 /* TagCellTableViewCell.m */; };
		34646867222D0A93003AB5D2 /* PrincipleViewController.m in Sources */ = {isa = PBXBuildFile; fileRef = 34646866222D0A93003AB5D2 /* PrincipleViewController.m */; };
		3464686A222D11A5003AB5D2 /* ClassLayoutVC.m in Sources */ = {isa = PBXBuildFile; fileRef = 34646869222D11A5003AB5D2 /* ClassLayoutVC.m */; };
		3464687522325431003AB5D2 /* LockTest.m in Sources */ = {isa = PBXBuildFile; fileRef = 3464687322325430003AB5D2 /* LockTest.m */; };
		3464687A2232543B003AB5D2 /* CustomKVOVC.m in Sources */ = {isa = PBXBuildFile; fileRef = 346468772232543A003AB5D2 /* CustomKVOVC.m */; };
		3464687B2232543B003AB5D2 /* NSObject+KVO.m in Sources */ = {isa = PBXBuildFile; fileRef = 346468782232543A003AB5D2 /* NSObject+KVO.m */; };
		3464687E22325445003AB5D2 /* MethodForwardVC.m in Sources */ = {isa = PBXBuildFile; fileRef = 3464687D22325445003AB5D2 /* MethodForwardVC.m */; };
		34BC8274207DB61D009D5ED5 /* CWStatusBarNotification.m in Sources */ = {isa = PBXBuildFile; fileRef = 34BC8272207DB61D009D5ED5 /* CWStatusBarNotification.m */; };
		34DE1759225DE3FE00990DD0 /* ReplicatorLoadingView.m in Sources */ = {isa = PBXBuildFile; fileRef = 34DE16F6225DE3FE00990DD0 /* ReplicatorLoadingView.m */; };
		34DE175A225DE3FE00990DD0 /* ReplicatorProgressView.m in Sources */ = {isa = PBXBuildFile; fileRef = 34DE16F8225DE3FE00990DD0 /* ReplicatorProgressView.m */; };
		34DE175B225DE3FE00990DD0 /* TwoFaceButton.m in Sources */ = {isa = PBXBuildFile; fileRef = 34DE16FC225DE3FE00990DD0 /* TwoFaceButton.m */; };
		34DE175C225DE3FE00990DD0 /* MultifunctionBtn.m in Sources */ = {isa = PBXBuildFile; fileRef = 34DE16FD225DE3FE00990DD0 /* MultifunctionBtn.m */; };
		34DE175D225DE3FE00990DD0 /* BothsidesBtnViewController.m in Sources */ = {isa = PBXBuildFile; fileRef = 34DE16FE225DE3FE00990DD0 /* BothsidesBtnViewController.m */; };
		34DE175E225DE3FE00990DD0 /* JLMenuView.m in Sources */ = {isa = PBXBuildFile; fileRef = 34DE1701225DE3FE00990DD0 /* JLMenuView.m */; };
		34DE175F225DE3FE00990DD0 /* TestMenuViewController.m in Sources */ = {isa = PBXBuildFile; fileRef = 34DE1702225DE3FE00990DD0 /* TestMenuViewController.m */; };
		34DE1760225DE3FE00990DD0 /* MTPresentationController.m in Sources */ = {isa = PBXBuildFile; fileRef = 34DE1708225DE3FE00990DD0 /* MTPresentationController.m */; };
		34DE1761225DE3FE00990DD0 /* UIViewController+PresentController.m in Sources */ = {isa = PBXBuildFile; fileRef = 34DE170A225DE3FE00990DD0 /* UIViewController+PresentController.m */; };
		34DE1762225DE3FE00990DD0 /* MTHorizontalWaterFullLayout.m in Sources */ = {isa = PBXBuildFile; fileRef = 34DE170C225DE3FE00990DD0 /* MTHorizontalWaterFullLayout.m */; };
		34DE1763225DE3FE00990DD0 /* MTHorizontalPageFlowLayout.m in Sources */ = {isa = PBXBuildFile; fileRef = 34DE170D225DE3FE00990DD0 /* MTHorizontalPageFlowLayout.m */; };
		34DE1764225DE3FE00990DD0 /* UIAvaterGenerater.m in Sources */ = {isa = PBXBuildFile; fileRef = 34DE1712225DE3FE00990DD0 /* UIAvaterGenerater.m */; };
		34DE1765225DE3FE00990DD0 /* InfiniteLoops.m in Sources */ = {isa = PBXBuildFile; fileRef = 34DE1714225DE3FE00990DD0 /* InfiniteLoops.m */; };
		34DE1766225DE3FE00990DD0 /* InfinitePageView.m in Sources */ = {isa = PBXBuildFile; fileRef = 34DE1717225DE3FE00990DD0 /* InfinitePageView.m */; };
		34DE1767225DE3FE00990DD0 /* SimpleCell.m in Sources */ = {isa = PBXBuildFile; fileRef = 34DE171A225DE3FE00990DD0 /* SimpleCell.m */; };
		34DE1768225DE3FE00990DD0 /* OTTableViewController.m in Sources */ = {isa = PBXBuildFile; fileRef = 34DE171C225DE3FE00990DD0 /* OTTableViewController.m */; };
		34DE1769225DE3FE00990DD0 /* OTSectionModel.m in Sources */ = {isa = PBXBuildFile; fileRef = 34DE1723225DE3FE00990DD0 /* OTSectionModel.m */; };
		34DE176A225DE3FE00990DD0 /* SimpleCellItem.m in Sources */ = {isa = PBXBuildFile; fileRef = 34DE1724225DE3FE00990DD0 /* SimpleCellItem.m */; };
		34DE176B225DE3FE00990DD0 /* OTTableView.m in Sources */ = {isa = PBXBuildFile; fileRef = 34DE1726225DE3FE00990DD0 /* OTTableView.m */; };
		34DE176C225DE3FE00990DD0 /* XMNavigationController+navigationBarUI.m in Sources */ = {isa = PBXBuildFile; fileRef = 34DE172A225DE3FE00990DD0 /* XMNavigationController+navigationBarUI.m */; };
		34DE176D225DE3FE00990DD0 /* XMNavigationController+UIViewControllerInXMNavigationController.m in Sources */ = {isa = PBXBuildFile; fileRef = 34DE172F225DE3FE00990DD0 /* XMNavigationController+UIViewControllerInXMNavigationController.m */; };
		34DE176E225DE3FF00990DD0 /* XMNavigationController.m in Sources */ = {isa = PBXBuildFile; fileRef = 34DE1730225DE3FE00990DD0 /* XMNavigationController.m */; };
		34DE176F225DE3FF00990DD0 /* UIViewController+XMNavigationController.m in Sources */ = {isa = PBXBuildFile; fileRef = 34DE1734225DE3FE00990DD0 /* UIViewController+XMNavigationController.m */; };
		34DE1770225DE3FF00990DD0 /* NSObject+AssociateObj.m in Sources */ = {isa = PBXBuildFile; fileRef = 34DE1736225DE3FE00990DD0 /* NSObject+AssociateObj.m */; };
		34DE1771225DE3FF00990DD0 /* XMNavigationController+Animation.m in Sources */ = {isa = PBXBuildFile; fileRef = 34DE1737225DE3FE00990DD0 /* XMNavigationController+Animation.m */; };
		34DE1772225DE3FF00990DD0 /* XMNavigationController+Stack.m in Sources */ = {isa = PBXBuildFile; fileRef = 34DE1738225DE3FE00990DD0 /* XMNavigationController+Stack.m */; };
		34DE1773225DE3FF00990DD0 /* XMNavigationController+PanGesture.m in Sources */ = {isa = PBXBuildFile; fileRef = 34DE1739225DE3FE00990DD0 /* XMNavigationController+PanGesture.m */; };
		34DE1774225DE3FF00990DD0 /* UINavigationController+FullScreenPopGesture.m in Sources */ = {isa = PBXBuildFile; fileRef = 34DE173C225DE3FE00990DD0 /* UINavigationController+FullScreenPopGesture.m */; };
		34DE1775225DE3FF00990DD0 /* UIViewController+FullScreenPop.m in Sources */ = {isa = PBXBuildFile; fileRef = 34DE173D225DE3FE00990DD0 /* UIViewController+FullScreenPop.m */; };
		34DE1776225DE3FF00990DD0 /* UIPanGestureRecognizer+PanDirection.m in Sources */ = {isa = PBXBuildFile; fileRef = 34DE173E225DE3FE00990DD0 /* UIPanGestureRecognizer+PanDirection.m */; };
		34DE1777225DE3FF00990DD0 /* NavigationTranstionEngine.m in Sources */ = {isa = PBXBuildFile; fileRef = 34DE173F225DE3FE00990DD0 /* NavigationTranstionEngine.m */; };
		34DE1778225DE3FF00990DD0 /* JLDragOrderCollectionViewLayout.m in Sources */ = {isa = PBXBuildFile; fileRef = 34DE1749225DE3FE00990DD0 /* JLDragOrderCollectionViewLayout.m */; };
		34DE1779225DE3FF00990DD0 /* JLCellitem.m in Sources */ = {isa = PBXBuildFile; fileRef = 34DE174A225DE3FE00990DD0 /* JLCellitem.m */; };
		34DE177A225DE3FF00990DD0 /* TestDragCollecViewController.m in Sources */ = {isa = PBXBuildFile; fileRef = 34DE174B225DE3FE00990DD0 /* TestDragCollecViewController.m */; };
		34DE177B225DE3FF00990DD0 /* JLTabMoreView.m in Sources */ = {isa = PBXBuildFile; fileRef = 34DE174C225DE3FE00990DD0 /* JLTabMoreView.m */; };
		34DE177C225DE3FF00990DD0 /* JLTableView.m in Sources */ = {isa = PBXBuildFile; fileRef = 34DE174E225DE3FE00990DD0 /* JLTableView.m */; };
		34DE177D225DE3FF00990DD0 /* TestTableViewController.m in Sources */ = {isa = PBXBuildFile; fileRef = 34DE174F225DE3FE00990DD0 /* TestTableViewController.m */; };
		34DE177E225DE3FF00990DD0 /* MTIndexViewConfiguration.m in Sources */ = {isa = PBXBuildFile; fileRef = 34DE1753225DE3FE00990DD0 /* MTIndexViewConfiguration.m */; };
		34DE177F225DE3FF00990DD0 /* MTTableViewSectionIndexBar.m in Sources */ = {isa = PBXBuildFile; fileRef = 34DE1757225DE3FE00990DD0 /* MTTableViewSectionIndexBar.m */; };
		34DE1780225DE3FF00990DD0 /* UITableView+IndexBar.m in Sources */ = {isa = PBXBuildFile; fileRef = 34DE1758225DE3FE00990DD0 /* UITableView+IndexBar.m */; };
		6869A95A29D92FAD00C1073A /* MasonryDemoViewController.m in Sources */ = {isa = PBXBuildFile; fileRef = 6869A95929D92FAD00C1073A /* MasonryDemoViewController.m */; };
		6869A95D29D933B400C1073A /* CollectionLayoutDemoViewController.m in Sources */ = {isa = PBXBuildFile; fileRef = 6869A95C29D933B400C1073A /* CollectionLayoutDemoViewController.m */; };
		6869A96129D93AAE00C1073A /* SystemInfo.m in Sources */ = {isa = PBXBuildFile; fileRef = 6869A95F29D93AAE00C1073A /* SystemInfo.m */; };
		6869A96429D963C600C1073A /* ContainerDemoViewController.m in Sources */ = {isa = PBXBuildFile; fileRef = 6869A96329D963C600C1073A /* ContainerDemoViewController.m */; };
		68A9123129DADA990028CA92 /* OpenGLTextureDynamicViewController.m in Sources */ = {isa = PBXBuildFile; fileRef = 68A9121B29DADA980028CA92 /* OpenGLTextureDynamicViewController.m */; };
		68A9123229DADA990028CA92 /* JLEAGLContext.m in Sources */ = {isa = PBXBuildFile; fileRef = 68A9121E29DADA980028CA92 /* JLEAGLContext.m */; };
		68A9123329DADA990028CA92 /* OpenGL2ViewController.m in Sources */ = {isa = PBXBuildFile; fileRef = 68A9122129DADA980028CA92 /* OpenGL2ViewController.m */; };
		68A9123429DADA990028CA92 /* leaves.gif in Resources */ = {isa = PBXBuildFile; fileRef = 68A9122229DADA980028CA92 /* leaves.gif */; };
		68A9123529DADA990028CA92 /* fragment.glsl in Resources */ = {isa = PBXBuildFile; fileRef = 68A9122429DADA980028CA92 /* fragment.glsl */; };
		68A9123629DADA990028CA92 /* JLGLKVertexAttribArrayBuffer.m in Sources */ = {isa = PBXBuildFile; fileRef = 68A9122629DADA980028CA92 /* JLGLKVertexAttribArrayBuffer.m */; };
		68A9123729DADA990028CA92 /* OpenGLMultitextureViewController.m in Sources */ = {isa = PBXBuildFile; fileRef = 68A9122729DADA980028CA92 /* OpenGLMultitextureViewController.m */; };
		68A9123829DADA990028CA92 /* JLGLKView.m in Sources */ = {isa = PBXBuildFile; fileRef = 68A9122929DADA980028CA92 /* JLGLKView.m */; };
		68A9123929DADA990028CA92 /* OpenGLTwoViewController.m in Sources */ = {isa = PBXBuildFile; fileRef = 68A9122B29DADA980028CA92 /* OpenGLTwoViewController.m */; };
		68A9123A29DADA990028CA92 /* vertex.glsl in Resources */ = {isa = PBXBuildFile; fileRef = 68A9122C29DADA980028CA92 /* vertex.glsl */; };
		68A9123B29DADA990028CA92 /* JLGLKViewController.m in Sources */ = {isa = PBXBuildFile; fileRef = 68A9122E29DADA980028CA92 /* JLGLKViewController.m */; };
		68A9123C29DADA990028CA92 /* OpenGLOneViewController.m in Sources */ = {isa = PBXBuildFile; fileRef = 68A9122F29DADA980028CA92 /* OpenGLOneViewController.m */; };
		68A9123D29DADA990028CA92 /* OpenGL1ViewController.m in Sources */ = {isa = PBXBuildFile; fileRef = 68A9123029DADA980028CA92 /* OpenGL1ViewController.m */; };
		ECA7B9B560818B04F3AD757E /* libPods-JLKitDemo.a in Frameworks */ = {isa = PBXBuildFile; fileRef = 8931AF7EB3E49BEE85A0087C /* libPods-JLKitDemo.a */; };
		F40A18A8207530F8008D7798 /* UIWebViewController.m in Sources */ = {isa = PBXBuildFile; fileRef = F40A18A7207530F8008D7798 /* UIWebViewController.m */; };
		F40A18AE2075EDA5008D7798 /* one.html in Resources */ = {isa = PBXBuildFile; fileRef = F40A18AD2075EDA5008D7798 /* one.html */; };
		F40A18B12075F535008D7798 /* NSBundle+JL.m in Sources */ = {isa = PBXBuildFile; fileRef = F40A18B02075F535008D7798 /* NSBundle+JL.m */; };
		F4658B72214E182E006EFAE3 /* WeatherTableViewCell.m in Sources */ = {isa = PBXBuildFile; fileRef = F4658B71214E182E006EFAE3 /* WeatherTableViewCell.m */; };
		F4658B75214E324F006EFAE3 /* WeatherModel.m in Sources */ = {isa = PBXBuildFile; fileRef = F4658B74214E324F006EFAE3 /* WeatherModel.m */; };
		F481F53321231F36006520D4 /* VerticalContainerViewController.m in Sources */ = {isa = PBXBuildFile; fileRef = F481F53221231F36006520D4 /* VerticalContainerViewController.m */; };
		F49DDE112070AC0D00793B40 /* HomeContainerController.m in Sources */ = {isa = PBXBuildFile; fileRef = F49DDE102070AC0D00793B40 /* HomeContainerController.m */; };
		F49DDE192070B9F200793B40 /* JLBaseViewController.m in Sources */ = {isa = PBXBuildFile; fileRef = F49DDE142070B9F200793B40 /* JLBaseViewController.m */; };
		F49DDE1A2070B9F200793B40 /* JLNavigationController.m in Sources */ = {isa = PBXBuildFile; fileRef = F49DDE162070B9F200793B40 /* JLNavigationController.m */; };
		F49DDE1B2070B9F200793B40 /* UINavigationController+DelegateManager.m in Sources */ = {isa = PBXBuildFile; fileRef = F49DDE182070B9F200793B40 /* UINavigationController+DelegateManager.m */; };
		F4AECAA8205E5314000F6D37 /* AppDelegate.m in Sources */ = {isa = PBXBuildFile; fileRef = F4AEC9E7205E5314000F6D37 /* AppDelegate.m */; };
		F4AECAA9205E5314000F6D37 /* Assets.xcassets in Resources */ = {isa = PBXBuildFile; fileRef = F4AEC9E8205E5314000F6D37 /* Assets.xcassets */; };
		F4AECAAD205E5314000F6D37 /* LaunchScreen.storyboard in Resources */ = {isa = PBXBuildFile; fileRef = F4AEC9F0205E5314000F6D37 /* LaunchScreen.storyboard */; };
		F4AECAB1205E5314000F6D37 /* HomeViewController.m in Sources */ = {isa = PBXBuildFile; fileRef = F4AEC9FC205E5314000F6D37 /* HomeViewController.m */; };
		F4AECAB2205E5314000F6D37 /* LoginViewController.m in Sources */ = {isa = PBXBuildFile; fileRef = F4AEC9FF205E5314000F6D37 /* LoginViewController.m */; };
		F4AECAB3205E5314000F6D37 /* MyViewController.m in Sources */ = {isa = PBXBuildFile; fileRef = F4AECA01205E5314000F6D37 /* MyViewController.m */; };
		F4AECAB4205E5314000F6D37 /* SettingViewController.m in Sources */ = {isa = PBXBuildFile; fileRef = F4AECA03205E5314000F6D37 /* SettingViewController.m */; };
		F4AECABB205E5314000F6D37 /* NSData+JL.m in Sources */ = {isa = PBXBuildFile; fileRef = F4AECA14205E5314000F6D37 /* NSData+JL.m */; };
		F4AECABC205E5314000F6D37 /* NSNumber+JL.m in Sources */ = {isa = PBXBuildFile; fileRef = F4AECA16205E5314000F6D37 /* NSNumber+JL.m */; };
		F4AECABD205E5314000F6D37 /* NSObject+archive.m in Sources */ = {isa = PBXBuildFile; fileRef = F4AECA18205E5314000F6D37 /* NSObject+archive.m */; };
		F4AECABE205E5314000F6D37 /* NSString+JL.m in Sources */ = {isa = PBXBuildFile; fileRef = F4AECA1A205E5314000F6D37 /* NSString+JL.m */; };
		F4AECABF205E5314000F6D37 /* UIImage+JL.m in Sources */ = {isa = PBXBuildFile; fileRef = F4AECA1C205E5314000F6D37 /* UIImage+JL.m */; };
		F4AECAD0205E5314000F6D37 /* IOS11Adapter.m in Sources */ = {isa = PBXBuildFile; fileRef = F4AECA44205E5314000F6D37 /* IOS11Adapter.m */; };
		F4AECAD2205E5314000F6D37 /* main.m in Sources */ = {isa = PBXBuildFile; fileRef = F4AECA47205E5314000F6D37 /* main.m */; };
		F4AECAD5205E5314000F6D37 /* MTNavigationItemFactory.m in Sources */ = {isa = PBXBuildFile; fileRef = F4AECA4E205E5314000F6D37 /* MTNavigationItemFactory.m */; };
		F4AECAD6205E5314000F6D37 /* UINavigationBar+BackGroundImage.m in Sources */ = {isa = PBXBuildFile; fileRef = F4AECA52205E5314000F6D37 /* UINavigationBar+BackGroundImage.m */; };
		F4AECAD7205E5314000F6D37 /* UINavigationController+Cloudox.m in Sources */ = {isa = PBXBuildFile; fileRef = F4AECA54205E5314000F6D37 /* UINavigationController+Cloudox.m */; };
		F4AECAD8205E5314000F6D37 /* UIViewController+NavigationBar.m in Sources */ = {isa = PBXBuildFile; fileRef = F4AECA56205E5314000F6D37 /* UIViewController+NavigationBar.m */; };
		F4AECAE8205E5315000F6D37 /* TabBarViewController.m in Sources */ = {isa = PBXBuildFile; fileRef = F4AECA7A205E5314000F6D37 /* TabBarViewController.m */; };
		F4AECAE9205E5315000F6D37 /* TestIndexBarViewController.m in Sources */ = {isa = PBXBuildFile; fileRef = F4AECA7D205E5314000F6D37 /* TestIndexBarViewController.m */; };
		F4AECAED205E5315000F6D37 /* JLHotAreaBtn.m in Sources */ = {isa = PBXBuildFile; fileRef = F4AECA86205E5314000F6D37 /* JLHotAreaBtn.m */; };
		F4AECAEE205E5315000F6D37 /* JLTextFiled.m in Sources */ = {isa = PBXBuildFile; fileRef = F4AECA88205E5314000F6D37 /* JLTextFiled.m */; };
		F4AECAEF205E5315000F6D37 /* JLBaseAnimationEngine.m in Sources */ = {isa = PBXBuildFile; fileRef = F4AECA8C205E5314000F6D37 /* JLBaseAnimationEngine.m */; };
		F4AECAF0205E5315000F6D37 /* JLBaseInteractiveTransition.m in Sources */ = {isa = PBXBuildFile; fileRef = F4AECA8E205E5314000F6D37 /* JLBaseInteractiveTransition.m */; };
		F4AECAF1205E5315000F6D37 /* JLFoldAnimationer.m in Sources */ = {isa = PBXBuildFile; fileRef = F4AECA90205E5314000F6D37 /* JLFoldAnimationer.m */; };
		F4AECAF2205E5315000F6D37 /* JLHorizontalPanInteraction.m in Sources */ = {isa = PBXBuildFile; fileRef = F4AECA92205E5314000F6D37 /* JLHorizontalPanInteraction.m */; };
/* End PBXBuildFile section */

/* Begin PBXFileReference section */
		3401375520726BF5002D46D2 /* HomeFunctionViewController.m */ = {isa = PBXFileReference; fileEncoding = 4; lastKnownFileType = sourcecode.c.objc; path = HomeFunctionViewController.m; sourceTree = "<group>"; };
		3401375620726BF5002D46D2 /* HomeFunctionViewController.h */ = {isa = PBXFileReference; fileEncoding = 4; lastKnownFileType = sourcecode.c.h; path = HomeFunctionViewController.h; sourceTree = "<group>"; };
		3401375B20726CC4002D46D2 /* TagItem.h */ = {isa = PBXFileReference; lastKnownFileType = sourcecode.c.h; path = TagItem.h; sourceTree = "<group>"; };
		3401375C20726CC4002D46D2 /* TagItem.m */ = {isa = PBXFileReference; lastKnownFileType = sourcecode.c.objc; path = TagItem.m; sourceTree = "<group>"; };
		3401375E20726E8A002D46D2 /* TagCellTableViewCell.h */ = {isa = PBXFileReference; lastKnownFileType = sourcecode.c.h; path = TagCellTableViewCell.h; sourceTree = "<group>"; };
		3401375F20726E8A002D46D2 /* TagCellTableViewCell.m */ = {isa = PBXFileReference; lastKnownFileType = sourcecode.c.objc; path = TagCellTableViewCell.m; sourceTree = "<group>"; };
		34646865222D0A93003AB5D2 /* PrincipleViewController.h */ = {isa = PBXFileReference; lastKnownFileType = sourcecode.c.h; path = PrincipleViewController.h; sourceTree = "<group>"; };
		34646866222D0A93003AB5D2 /* PrincipleViewController.m */ = {isa = PBXFileReference; lastKnownFileType = sourcecode.c.objc; path = PrincipleViewController.m; sourceTree = "<group>"; };
		34646868222D11A5003AB5D2 /* ClassLayoutVC.h */ = {isa = PBXFileReference; fileEncoding = 4; lastKnownFileType = sourcecode.c.h; path = ClassLayoutVC.h; sourceTree = "<group>"; };
		34646869222D11A5003AB5D2 /* ClassLayoutVC.m */ = {isa = PBXFileReference; fileEncoding = 4; lastKnownFileType = sourcecode.c.objc; path = ClassLayoutVC.m; sourceTree = "<group>"; };
		3464687322325430003AB5D2 /* LockTest.m */ = {isa = PBXFileReference; fileEncoding = 4; lastKnownFileType = sourcecode.c.objc; path = LockTest.m; sourceTree = "<group>"; };
		3464687422325431003AB5D2 /* LockTest.h */ = {isa = PBXFileReference; fileEncoding = 4; lastKnownFileType = sourcecode.c.h; path = LockTest.h; sourceTree = "<group>"; };
		346468762232543A003AB5D2 /* NSObject+KVO.h */ = {isa = PBXFileReference; fileEncoding = 4; lastKnownFileType = sourcecode.c.h; path = "NSObject+KVO.h"; sourceTree = "<group>"; };
		346468772232543A003AB5D2 /* CustomKVOVC.m */ = {isa = PBXFileReference; fileEncoding = 4; lastKnownFileType = sourcecode.c.objc; path = CustomKVOVC.m; sourceTree = "<group>"; };
		346468782232543A003AB5D2 /* NSObject+KVO.m */ = {isa = PBXFileReference; fileEncoding = 4; lastKnownFileType = sourcecode.c.objc; path = "NSObject+KVO.m"; sourceTree = "<group>"; };
		346468792232543B003AB5D2 /* CustomKVOVC.h */ = {isa = PBXFileReference; fileEncoding = 4; lastKnownFileType = sourcecode.c.h; path = CustomKVOVC.h; sourceTree = "<group>"; };
		3464687C22325445003AB5D2 /* MethodForwardVC.h */ = {isa = PBXFileReference; fileEncoding = 4; lastKnownFileType = sourcecode.c.h; path = MethodForwardVC.h; sourceTree = "<group>"; };
		3464687D22325445003AB5D2 /* MethodForwardVC.m */ = {isa = PBXFileReference; fileEncoding = 4; lastKnownFileType = sourcecode.c.objc; path = MethodForwardVC.m; sourceTree = "<group>"; };
		348D53FF1E27A5640005E96A /* JLKitDemo.app */ = {isa = PBXFileReference; explicitFileType = wrapper.application; includeInIndex = 0; path = JLKitDemo.app; sourceTree = BUILT_PRODUCTS_DIR; };
		34BC8272207DB61D009D5ED5 /* CWStatusBarNotification.m */ = {isa = PBXFileReference; fileEncoding = 4; lastKnownFileType = sourcecode.c.objc; path = CWStatusBarNotification.m; sourceTree = "<group>"; };
		34BC8273207DB61D009D5ED5 /* CWStatusBarNotification.h */ = {isa = PBXFileReference; fileEncoding = 4; lastKnownFileType = sourcecode.c.h; path = CWStatusBarNotification.h; sourceTree = "<group>"; };
		34DE16B4225DDC0100990DD0 /* JLKit.pch */ = {isa = PBXFileReference; lastKnownFileType = sourcecode.c.h; path = JLKit.pch; sourceTree = "<group>"; };
		34DE16F6225DE3FE00990DD0 /* ReplicatorLoadingView.m */ = {isa = PBXFileReference; fileEncoding = 4; lastKnownFileType = sourcecode.c.objc; path = ReplicatorLoadingView.m; sourceTree = "<group>"; };
		34DE16F8225DE3FE00990DD0 /* ReplicatorProgressView.m */ = {isa = PBXFileReference; fileEncoding = 4; lastKnownFileType = sourcecode.c.objc; path = ReplicatorProgressView.m; sourceTree = "<group>"; };
		34DE16FA225DE3FE00990DD0 /* MultifunctionBtn.h */ = {isa = PBXFileReference; fileEncoding = 4; lastKnownFileType = sourcecode.c.h; path = MultifunctionBtn.h; sourceTree = "<group>"; };
		34DE16FB225DE3FE00990DD0 /* BothsidesBtnViewController.h */ = {isa = PBXFileReference; fileEncoding = 4; lastKnownFileType = sourcecode.c.h; path = BothsidesBtnViewController.h; sourceTree = "<group>"; };
		34DE16FC225DE3FE00990DD0 /* TwoFaceButton.m */ = {isa = PBXFileReference; fileEncoding = 4; lastKnownFileType = sourcecode.c.objc; path = TwoFaceButton.m; sourceTree = "<group>"; };
		34DE16FD225DE3FE00990DD0 /* MultifunctionBtn.m */ = {isa = PBXFileReference; fileEncoding = 4; lastKnownFileType = sourcecode.c.objc; path = MultifunctionBtn.m; sourceTree = "<group>"; };
		34DE16FE225DE3FE00990DD0 /* BothsidesBtnViewController.m */ = {isa = PBXFileReference; fileEncoding = 4; lastKnownFileType = sourcecode.c.objc; path = BothsidesBtnViewController.m; sourceTree = "<group>"; };
		34DE16FF225DE3FE00990DD0 /* TwoFaceButton.h */ = {isa = PBXFileReference; fileEncoding = 4; lastKnownFileType = sourcecode.c.h; path = TwoFaceButton.h; sourceTree = "<group>"; };
		34DE1701225DE3FE00990DD0 /* JLMenuView.m */ = {isa = PBXFileReference; fileEncoding = 4; lastKnownFileType = sourcecode.c.objc; path = JLMenuView.m; sourceTree = "<group>"; };
		34DE1702225DE3FE00990DD0 /* TestMenuViewController.m */ = {isa = PBXFileReference; fileEncoding = 4; lastKnownFileType = sourcecode.c.objc; path = TestMenuViewController.m; sourceTree = "<group>"; };
		34DE1703225DE3FE00990DD0 /* JLMenuView.h */ = {isa = PBXFileReference; fileEncoding = 4; lastKnownFileType = sourcecode.c.h; path = JLMenuView.h; sourceTree = "<group>"; };
		34DE1704225DE3FE00990DD0 /* TestMenuViewController.h */ = {isa = PBXFileReference; fileEncoding = 4; lastKnownFileType = sourcecode.c.h; path = TestMenuViewController.h; sourceTree = "<group>"; };
		34DE1706225DE3FE00990DD0 /* MTPresentationController.h */ = {isa = PBXFileReference; fileEncoding = 4; lastKnownFileType = sourcecode.c.h; path = MTPresentationController.h; sourceTree = "<group>"; };
		34DE1707225DE3FE00990DD0 /* UIViewController+PresentController.h */ = {isa = PBXFileReference; fileEncoding = 4; lastKnownFileType = sourcecode.c.h; path = "UIViewController+PresentController.h"; sourceTree = "<group>"; };
		34DE1708225DE3FE00990DD0 /* MTPresentationController.m */ = {isa = PBXFileReference; fileEncoding = 4; lastKnownFileType = sourcecode.c.objc; path = MTPresentationController.m; sourceTree = "<group>"; };
		34DE1709225DE3FE00990DD0 /* CustomPresentViewControllerProtocol.h */ = {isa = PBXFileReference; fileEncoding = 4; lastKnownFileType = sourcecode.c.h; path = CustomPresentViewControllerProtocol.h; sourceTree = "<group>"; };
		34DE170A225DE3FE00990DD0 /* UIViewController+PresentController.m */ = {isa = PBXFileReference; fileEncoding = 4; lastKnownFileType = sourcecode.c.objc; path = "UIViewController+PresentController.m"; sourceTree = "<group>"; };
		34DE170C225DE3FE00990DD0 /* MTHorizontalWaterFullLayout.m */ = {isa = PBXFileReference; fileEncoding = 4; lastKnownFileType = sourcecode.c.objc; path = MTHorizontalWaterFullLayout.m; sourceTree = "<group>"; };
		34DE170D225DE3FE00990DD0 /* MTHorizontalPageFlowLayout.m */ = {isa = PBXFileReference; fileEncoding = 4; lastKnownFileType = sourcecode.c.objc; path = MTHorizontalPageFlowLayout.m; sourceTree = "<group>"; };
		34DE170E225DE3FE00990DD0 /* MTHorizontalWaterFullLayout.h */ = {isa = PBXFileReference; fileEncoding = 4; lastKnownFileType = sourcecode.c.h; path = MTHorizontalWaterFullLayout.h; sourceTree = "<group>"; };
		34DE170F225DE3FE00990DD0 /* MTHorizontalPageFlowLayout.h */ = {isa = PBXFileReference; fileEncoding = 4; lastKnownFileType = sourcecode.c.h; path = MTHorizontalPageFlowLayout.h; sourceTree = "<group>"; };
		34DE1711225DE3FE00990DD0 /* UIAvaterGenerater.h */ = {isa = PBXFileReference; fileEncoding = 4; lastKnownFileType = sourcecode.c.h; path = UIAvaterGenerater.h; sourceTree = "<group>"; };
		34DE1712225DE3FE00990DD0 /* UIAvaterGenerater.m */ = {isa = PBXFileReference; fileEncoding = 4; lastKnownFileType = sourcecode.c.objc; path = UIAvaterGenerater.m; sourceTree = "<group>"; };
		34DE1714225DE3FE00990DD0 /* InfiniteLoops.m */ = {isa = PBXFileReference; fileEncoding = 4; lastKnownFileType = sourcecode.c.objc; path = InfiniteLoops.m; sourceTree = "<group>"; };
		34DE1715225DE3FE00990DD0 /* InfinitePageView.h */ = {isa = PBXFileReference; fileEncoding = 4; lastKnownFileType = sourcecode.c.h; path = InfinitePageView.h; sourceTree = "<group>"; };
		34DE1716225DE3FE00990DD0 /* InfiniteLoops.h */ = {isa = PBXFileReference; fileEncoding = 4; lastKnownFileType = sourcecode.c.h; path = InfiniteLoops.h; sourceTree = "<group>"; };
		34DE1717225DE3FE00990DD0 /* InfinitePageView.m */ = {isa = PBXFileReference; fileEncoding = 4; lastKnownFileType = sourcecode.c.objc; path = InfinitePageView.m; sourceTree = "<group>"; };
		34DE1718225DE3FE00990DD0 /* ReplicatorLoadingView.h */ = {isa = PBXFileReference; fileEncoding = 4; lastKnownFileType = sourcecode.c.h; path = ReplicatorLoadingView.h; sourceTree = "<group>"; };
		34DE171A225DE3FE00990DD0 /* SimpleCell.m */ = {isa = PBXFileReference; fileEncoding = 4; lastKnownFileType = sourcecode.c.objc; path = SimpleCell.m; sourceTree = "<group>"; };
		34DE171B225DE3FE00990DD0 /* OTSectionModel.h */ = {isa = PBXFileReference; fileEncoding = 4; lastKnownFileType = sourcecode.c.h; path = OTSectionModel.h; sourceTree = "<group>"; };
		34DE171C225DE3FE00990DD0 /* OTTableViewController.m */ = {isa = PBXFileReference; fileEncoding = 4; lastKnownFileType = sourcecode.c.objc; path = OTTableViewController.m; sourceTree = "<group>"; };
		34DE171D225DE3FE00990DD0 /* SimpleCellItem.h */ = {isa = PBXFileReference; fileEncoding = 4; lastKnownFileType = sourcecode.c.h; path = SimpleCellItem.h; sourceTree = "<group>"; };
		34DE171E225DE3FE00990DD0 /* OTTableView.h */ = {isa = PBXFileReference; fileEncoding = 4; lastKnownFileType = sourcecode.c.h; path = OTTableView.h; sourceTree = "<group>"; };
		34DE171F225DE3FE00990DD0 /* OTProtocol.h */ = {isa = PBXFileReference; fileEncoding = 4; lastKnownFileType = sourcecode.c.h; path = OTProtocol.h; sourceTree = "<group>"; };
		34DE1720225DE3FE00990DD0 /* OTHeader.h */ = {isa = PBXFileReference; fileEncoding = 4; lastKnownFileType = sourcecode.c.h; path = OTHeader.h; sourceTree = "<group>"; };
		34DE1721225DE3FE00990DD0 /* SimpleCell.h */ = {isa = PBXFileReference; fileEncoding = 4; lastKnownFileType = sourcecode.c.h; path = SimpleCell.h; sourceTree = "<group>"; };
		34DE1722225DE3FE00990DD0 /* OTTableViewController.h */ = {isa = PBXFileReference; fileEncoding = 4; lastKnownFileType = sourcecode.c.h; path = OTTableViewController.h; sourceTree = "<group>"; };
		34DE1723225DE3FE00990DD0 /* OTSectionModel.m */ = {isa = PBXFileReference; fileEncoding = 4; lastKnownFileType = sourcecode.c.objc; path = OTSectionModel.m; sourceTree = "<group>"; };
		34DE1724225DE3FE00990DD0 /* SimpleCellItem.m */ = {isa = PBXFileReference; fileEncoding = 4; lastKnownFileType = sourcecode.c.objc; path = SimpleCellItem.m; sourceTree = "<group>"; };
		34DE1725225DE3FE00990DD0 /* SimpleCellDataProtocol.h */ = {isa = PBXFileReference; fileEncoding = 4; lastKnownFileType = sourcecode.c.h; path = SimpleCellDataProtocol.h; sourceTree = "<group>"; };
		34DE1726225DE3FE00990DD0 /* OTTableView.m */ = {isa = PBXFileReference; fileEncoding = 4; lastKnownFileType = sourcecode.c.objc; path = OTTableView.m; sourceTree = "<group>"; };
		34DE1727225DE3FE00990DD0 /* ReplicatorProgressView.h */ = {isa = PBXFileReference; fileEncoding = 4; lastKnownFileType = sourcecode.c.h; path = ReplicatorProgressView.h; sourceTree = "<group>"; };
		34DE172A225DE3FE00990DD0 /* XMNavigationController+navigationBarUI.m */ = {isa = PBXFileReference; fileEncoding = 4; lastKnownFileType = sourcecode.c.objc; path = "XMNavigationController+navigationBarUI.m"; sourceTree = "<group>"; };
		34DE172B225DE3FE00990DD0 /* UIViewController+XMNavigationController.h */ = {isa = PBXFileReference; fileEncoding = 4; lastKnownFileType = sourcecode.c.h; path = "UIViewController+XMNavigationController.h"; sourceTree = "<group>"; };
		34DE172C225DE3FE00990DD0 /* XMNavigationController+Stack.h */ = {isa = PBXFileReference; fileEncoding = 4; lastKnownFileType = sourcecode.c.h; path = "XMNavigationController+Stack.h"; sourceTree = "<group>"; };
		34DE172D225DE3FE00990DD0 /* XMNavigationController+Animation.h */ = {isa = PBXFileReference; fileEncoding = 4; lastKnownFileType = sourcecode.c.h; path = "XMNavigationController+Animation.h"; sourceTree = "<group>"; };
		34DE172E225DE3FE00990DD0 /* NSObject+AssociateObj.h */ = {isa = PBXFileReference; fileEncoding = 4; lastKnownFileType = sourcecode.c.h; path = "NSObject+AssociateObj.h"; sourceTree = "<group>"; };
		34DE172F225DE3FE00990DD0 /* XMNavigationController+UIViewControllerInXMNavigationController.m */ = {isa = PBXFileReference; fileEncoding = 4; lastKnownFileType = sourcecode.c.objc; path = "XMNavigationController+UIViewControllerInXMNavigationController.m"; sourceTree = "<group>"; };
		34DE1730225DE3FE00990DD0 /* XMNavigationController.m */ = {isa = PBXFileReference; fileEncoding = 4; lastKnownFileType = sourcecode.c.objc; path = XMNavigationController.m; sourceTree = "<group>"; };
		34DE1731225DE3FE00990DD0 /* XMNavigationController+PanGesture.h */ = {isa = PBXFileReference; fileEncoding = 4; lastKnownFileType = sourcecode.c.h; path = "XMNavigationController+PanGesture.h"; sourceTree = "<group>"; };
		34DE1732225DE3FE00990DD0 /* XMNavigationController+navigationBarUI.h */ = {isa = PBXFileReference; fileEncoding = 4; lastKnownFileType = sourcecode.c.h; path = "XMNavigationController+navigationBarUI.h"; sourceTree = "<group>"; };
		34DE1733225DE3FE00990DD0 /* XMNavigationGlobalDefines.h */ = {isa = PBXFileReference; fileEncoding = 4; lastKnownFileType = sourcecode.c.h; path = XMNavigationGlobalDefines.h; sourceTree = "<group>"; };
		34DE1734225DE3FE00990DD0 /* UIViewController+XMNavigationController.m */ = {isa = PBXFileReference; fileEncoding = 4; lastKnownFileType = sourcecode.c.objc; path = "UIViewController+XMNavigationController.m"; sourceTree = "<group>"; };
		34DE1735225DE3FE00990DD0 /* XMNavigationController+UIViewControllerInXMNavigationController.h */ = {isa = PBXFileReference; fileEncoding = 4; lastKnownFileType = sourcecode.c.h; path = "XMNavigationController+UIViewControllerInXMNavigationController.h"; sourceTree = "<group>"; };
		34DE1736225DE3FE00990DD0 /* NSObject+AssociateObj.m */ = {isa = PBXFileReference; fileEncoding = 4; lastKnownFileType = sourcecode.c.objc; path = "NSObject+AssociateObj.m"; sourceTree = "<group>"; };
		34DE1737225DE3FE00990DD0 /* XMNavigationController+Animation.m */ = {isa = PBXFileReference; fileEncoding = 4; lastKnownFileType = sourcecode.c.objc; path = "XMNavigationController+Animation.m"; sourceTree = "<group>"; };
		34DE1738225DE3FE00990DD0 /* XMNavigationController+Stack.m */ = {isa = PBXFileReference; fileEncoding = 4; lastKnownFileType = sourcecode.c.objc; path = "XMNavigationController+Stack.m"; sourceTree = "<group>"; };
		34DE1739225DE3FE00990DD0 /* XMNavigationController+PanGesture.m */ = {isa = PBXFileReference; fileEncoding = 4; lastKnownFileType = sourcecode.c.objc; path = "XMNavigationController+PanGesture.m"; sourceTree = "<group>"; };
		34DE173A225DE3FE00990DD0 /* XMNavigationController.h */ = {isa = PBXFileReference; fileEncoding = 4; lastKnownFileType = sourcecode.c.h; path = XMNavigationController.h; sourceTree = "<group>"; };
		34DE173C225DE3FE00990DD0 /* UINavigationController+FullScreenPopGesture.m */ = {isa = PBXFileReference; fileEncoding = 4; lastKnownFileType = sourcecode.c.objc; path = "UINavigationController+FullScreenPopGesture.m"; sourceTree = "<group>"; };
		34DE173D225DE3FE00990DD0 /* UIViewController+FullScreenPop.m */ = {isa = PBXFileReference; fileEncoding = 4; lastKnownFileType = sourcecode.c.objc; path = "UIViewController+FullScreenPop.m"; sourceTree = "<group>"; };
		34DE173E225DE3FE00990DD0 /* UIPanGestureRecognizer+PanDirection.m */ = {isa = PBXFileReference; fileEncoding = 4; lastKnownFileType = sourcecode.c.objc; path = "UIPanGestureRecognizer+PanDirection.m"; sourceTree = "<group>"; };
		34DE173F225DE3FE00990DD0 /* NavigationTranstionEngine.m */ = {isa = PBXFileReference; fileEncoding = 4; lastKnownFileType = sourcecode.c.objc; path = NavigationTranstionEngine.m; sourceTree = "<group>"; };
		34DE1740225DE3FE00990DD0 /* UINavigationController+FullScreenPopGesture.h */ = {isa = PBXFileReference; fileEncoding = 4; lastKnownFileType = sourcecode.c.h; path = "UINavigationController+FullScreenPopGesture.h"; sourceTree = "<group>"; };
		34DE1741225DE3FE00990DD0 /* UIPanGestureRecognizer+PanDirection.h */ = {isa = PBXFileReference; fileEncoding = 4; lastKnownFileType = sourcecode.c.h; path = "UIPanGestureRecognizer+PanDirection.h"; sourceTree = "<group>"; };
		34DE1742225DE3FE00990DD0 /* UIViewController+FullScreenPop.h */ = {isa = PBXFileReference; fileEncoding = 4; lastKnownFileType = sourcecode.c.h; path = "UIViewController+FullScreenPop.h"; sourceTree = "<group>"; };
		34DE1743225DE3FE00990DD0 /* NavigationTranstionEngine.h */ = {isa = PBXFileReference; fileEncoding = 4; lastKnownFileType = sourcecode.c.h; path = NavigationTranstionEngine.h; sourceTree = "<group>"; };
		34DE1745225DE3FE00990DD0 /* JLDragOrderCollectionViewLayout.h */ = {isa = PBXFileReference; fileEncoding = 4; lastKnownFileType = sourcecode.c.h; path = JLDragOrderCollectionViewLayout.h; sourceTree = "<group>"; };
		34DE1746225DE3FE00990DD0 /* JLCellitem.h */ = {isa = PBXFileReference; fileEncoding = 4; lastKnownFileType = sourcecode.c.h; path = JLCellitem.h; sourceTree = "<group>"; };
		34DE1747225DE3FE00990DD0 /* JLTabMoreView.h */ = {isa = PBXFileReference; fileEncoding = 4; lastKnownFileType = sourcecode.c.h; path = JLTabMoreView.h; sourceTree = "<group>"; };
		34DE1748225DE3FE00990DD0 /* TestDragCollecViewController.h */ = {isa = PBXFileReference; fileEncoding = 4; lastKnownFileType = sourcecode.c.h; path = TestDragCollecViewController.h; sourceTree = "<group>"; };
		34DE1749225DE3FE00990DD0 /* JLDragOrderCollectionViewLayout.m */ = {isa = PBXFileReference; fileEncoding = 4; lastKnownFileType = sourcecode.c.objc; path = JLDragOrderCollectionViewLayout.m; sourceTree = "<group>"; };
		34DE174A225DE3FE00990DD0 /* JLCellitem.m */ = {isa = PBXFileReference; fileEncoding = 4; lastKnownFileType = sourcecode.c.objc; path = JLCellitem.m; sourceTree = "<group>"; };
		34DE174B225DE3FE00990DD0 /* TestDragCollecViewController.m */ = {isa = PBXFileReference; fileEncoding = 4; lastKnownFileType = sourcecode.c.objc; path = TestDragCollecViewController.m; sourceTree = "<group>"; };
		34DE174C225DE3FE00990DD0 /* JLTabMoreView.m */ = {isa = PBXFileReference; fileEncoding = 4; lastKnownFileType = sourcecode.c.objc; path = JLTabMoreView.m; sourceTree = "<group>"; };
		34DE174E225DE3FE00990DD0 /* JLTableView.m */ = {isa = PBXFileReference; fileEncoding = 4; lastKnownFileType = sourcecode.c.objc; path = JLTableView.m; sourceTree = "<group>"; };
		34DE174F225DE3FE00990DD0 /* TestTableViewController.m */ = {isa = PBXFileReference; fileEncoding = 4; lastKnownFileType = sourcecode.c.objc; path = TestTableViewController.m; sourceTree = "<group>"; };
		34DE1750225DE3FE00990DD0 /* JLTableView.h */ = {isa = PBXFileReference; fileEncoding = 4; lastKnownFileType = sourcecode.c.h; path = JLTableView.h; sourceTree = "<group>"; };
		34DE1751225DE3FE00990DD0 /* TestTableViewController.h */ = {isa = PBXFileReference; fileEncoding = 4; lastKnownFileType = sourcecode.c.h; path = TestTableViewController.h; sourceTree = "<group>"; };
		34DE1753225DE3FE00990DD0 /* MTIndexViewConfiguration.m */ = {isa = PBXFileReference; fileEncoding = 4; lastKnownFileType = sourcecode.c.objc; path = MTIndexViewConfiguration.m; sourceTree = "<group>"; };
		34DE1754225DE3FE00990DD0 /* MTTableViewSectionIndexBar.h */ = {isa = PBXFileReference; fileEncoding = 4; lastKnownFileType = sourcecode.c.h; path = MTTableViewSectionIndexBar.h; sourceTree = "<group>"; };
		34DE1755225DE3FE00990DD0 /* UITableView+IndexBar.h */ = {isa = PBXFileReference; fileEncoding = 4; lastKnownFileType = sourcecode.c.h; path = "UITableView+IndexBar.h"; sourceTree = "<group>"; };
		34DE1756225DE3FE00990DD0 /* MTIndexViewConfiguration.h */ = {isa = PBXFileReference; fileEncoding = 4; lastKnownFileType = sourcecode.c.h; path = MTIndexViewConfiguration.h; sourceTree = "<group>"; };
		34DE1757225DE3FE00990DD0 /* MTTableViewSectionIndexBar.m */ = {isa = PBXFileReference; fileEncoding = 4; lastKnownFileType = sourcecode.c.objc; path = MTTableViewSectionIndexBar.m; sourceTree = "<group>"; };
		34DE1758225DE3FE00990DD0 /* UITableView+IndexBar.m */ = {isa = PBXFileReference; fileEncoding = 4; lastKnownFileType = sourcecode.c.objc; path = "UITableView+IndexBar.m"; sourceTree = "<group>"; };
		6869A95829D92FAD00C1073A /* MasonryDemoViewController.h */ = {isa = PBXFileReference; lastKnownFileType = sourcecode.c.h; path = MasonryDemoViewController.h; sourceTree = "<group>"; };
		6869A95929D92FAD00C1073A /* MasonryDemoViewController.m */ = {isa = PBXFileReference; lastKnownFileType = sourcecode.c.objc; path = MasonryDemoViewController.m; sourceTree = "<group>"; };
		6869A95B29D933B400C1073A /* CollectionLayoutDemoViewController.h */ = {isa = PBXFileReference; lastKnownFileType = sourcecode.c.h; path = CollectionLayoutDemoViewController.h; sourceTree = "<group>"; };
		6869A95C29D933B400C1073A /* CollectionLayoutDemoViewController.m */ = {isa = PBXFileReference; lastKnownFileType = sourcecode.c.objc; path = CollectionLayoutDemoViewController.m; sourceTree = "<group>"; };
		6869A95F29D93AAE00C1073A /* SystemInfo.m */ = {isa = PBXFileReference; fileEncoding = 4; lastKnownFileType = sourcecode.c.objc; path = SystemInfo.m; sourceTree = "<group>"; };
		6869A96029D93AAE00C1073A /* SystemInfo.h */ = {isa = PBXFileReference; fileEncoding = 4; lastKnownFileType = sourcecode.c.h; path = SystemInfo.h; sourceTree = "<group>"; };
		6869A96229D963C600C1073A /* ContainerDemoViewController.h */ = {isa = PBXFileReference; lastKnownFileType = sourcecode.c.h; path = ContainerDemoViewController.h; sourceTree = "<group>"; };
		6869A96329D963C600C1073A /* ContainerDemoViewController.m */ = {isa = PBXFileReference; lastKnownFileType = sourcecode.c.objc; path = ContainerDemoViewController.m; sourceTree = "<group>"; };
		68A9121A29DADA980028CA92 /* JLGLKVertexAttribArrayBuffer.h */ = {isa = PBXFileReference; fileEncoding = 4; lastKnownFileType = sourcecode.c.h; path = JLGLKVertexAttribArrayBuffer.h; sourceTree = "<group>"; };
		68A9121B29DADA980028CA92 /* OpenGLTextureDynamicViewController.m */ = {isa = PBXFileReference; fileEncoding = 4; lastKnownFileType = sourcecode.c.objc; path = OpenGLTextureDynamicViewController.m; sourceTree = "<group>"; };
		68A9121C29DADA980028CA92 /* OpenGLTwoViewController.h */ = {isa = PBXFileReference; fileEncoding = 4; lastKnownFileType = sourcecode.c.h; path = OpenGLTwoViewController.h; sourceTree = "<group>"; };
		68A9121D29DADA980028CA92 /* JLGLKView.h */ = {isa = PBXFileReference; fileEncoding = 4; lastKnownFileType = sourcecode.c.h; path = JLGLKView.h; sourceTree = "<group>"; };
		68A9121E29DADA980028CA92 /* JLEAGLContext.m */ = {isa = PBXFileReference; fileEncoding = 4; lastKnownFileType = sourcecode.c.objc; path = JLEAGLContext.m; sourceTree = "<group>"; };
		68A9121F29DADA980028CA92 /* OpenGLMultitextureViewController.h */ = {isa = PBXFileReference; fileEncoding = 4; lastKnownFileType = sourcecode.c.h; path = OpenGLMultitextureViewController.h; sourceTree = "<group>"; };
		68A9122029DADA980028CA92 /* JLGLKViewController.h */ = {isa = PBXFileReference; fileEncoding = 4; lastKnownFileType = sourcecode.c.h; path = JLGLKViewController.h; sourceTree = "<group>"; };
		68A9122129DADA980028CA92 /* OpenGL2ViewController.m */ = {isa = PBXFileReference; fileEncoding = 4; lastKnownFileType = sourcecode.c.objc; path = OpenGL2ViewController.m; sourceTree = "<group>"; };
		68A9122229DADA980028CA92 /* leaves.gif */ = {isa = PBXFileReference; lastKnownFileType = image.gif; path = leaves.gif; sourceTree = "<group>"; };
		68A9122329DADA980028CA92 /* OpenGL1ViewController.h */ = {isa = PBXFileReference; fileEncoding = 4; lastKnownFileType = sourcecode.c.h; path = OpenGL1ViewController.h; sourceTree = "<group>"; };
		68A9122429DADA980028CA92 /* fragment.glsl */ = {isa = PBXFileReference; fileEncoding = 4; lastKnownFileType = text; path = fragment.glsl; sourceTree = "<group>"; };
		68A9122529DADA980028CA92 /* OpenGLOneViewController.h */ = {isa = PBXFileReference; fileEncoding = 4; lastKnownFileType = sourcecode.c.h; path = OpenGLOneViewController.h; sourceTree = "<group>"; };
		68A9122629DADA980028CA92 /* JLGLKVertexAttribArrayBuffer.m */ = {isa = PBXFileReference; fileEncoding = 4; lastKnownFileType = sourcecode.c.objc; path = JLGLKVertexAttribArrayBuffer.m; sourceTree = "<group>"; };
		68A9122729DADA980028CA92 /* OpenGLMultitextureViewController.m */ = {isa = PBXFileReference; fileEncoding = 4; lastKnownFileType = sourcecode.c.objc; path = OpenGLMultitextureViewController.m; sourceTree = "<group>"; };
		68A9122829DADA980028CA92 /* JLEAGLContext.h */ = {isa = PBXFileReference; fileEncoding = 4; lastKnownFileType = sourcecode.c.h; path = JLEAGLContext.h; sourceTree = "<group>"; };
		68A9122929DADA980028CA92 /* JLGLKView.m */ = {isa = PBXFileReference; fileEncoding = 4; lastKnownFileType = sourcecode.c.objc; path = JLGLKView.m; sourceTree = "<group>"; };
		68A9122A29DADA980028CA92 /* OpenGLTextureDynamicViewController.h */ = {isa = PBXFileReference; fileEncoding = 4; lastKnownFileType = sourcecode.c.h; path = OpenGLTextureDynamicViewController.h; sourceTree = "<group>"; };
		68A9122B29DADA980028CA92 /* OpenGLTwoViewController.m */ = {isa = PBXFileReference; fileEncoding = 4; lastKnownFileType = sourcecode.c.objc; path = OpenGLTwoViewController.m; sourceTree = "<group>"; };
		68A9122C29DADA980028CA92 /* vertex.glsl */ = {isa = PBXFileReference; fileEncoding = 4; lastKnownFileType = text; path = vertex.glsl; sourceTree = "<group>"; };
		68A9122D29DADA980028CA92 /* OpenGL2ViewController.h */ = {isa = PBXFileReference; fileEncoding = 4; lastKnownFileType = sourcecode.c.h; path = OpenGL2ViewController.h; sourceTree = "<group>"; };
		68A9122E29DADA980028CA92 /* JLGLKViewController.m */ = {isa = PBXFileReference; fileEncoding = 4; lastKnownFileType = sourcecode.c.objc; path = JLGLKViewController.m; sourceTree = "<group>"; };
		68A9122F29DADA980028CA92 /* OpenGLOneViewController.m */ = {isa = PBXFileReference; fileEncoding = 4; lastKnownFileType = sourcecode.c.objc; path = OpenGLOneViewController.m; sourceTree = "<group>"; };
		68A9123029DADA980028CA92 /* OpenGL1ViewController.m */ = {isa = PBXFileReference; fileEncoding = 4; lastKnownFileType = sourcecode.c.objc; path = OpenGL1ViewController.m; sourceTree = "<group>"; };
		8931AF7EB3E49BEE85A0087C /* libPods-JLKitDemo.a */ = {isa = PBXFileReference; explicitFileType = archive.ar; includeInIndex = 0; path = "libPods-JLKitDemo.a"; sourceTree = BUILT_PRODUCTS_DIR; };
		CA88DD2F20B1BEB2C73A8E3B /* Pods-JLKitDemo.debug.xcconfig */ = {isa = PBXFileReference; includeInIndex = 1; lastKnownFileType = text.xcconfig; name = "Pods-JLKitDemo.debug.xcconfig"; path = "Pods/Target Support Files/Pods-JLKitDemo/Pods-JLKitDemo.debug.xcconfig"; sourceTree = "<group>"; };
		D2F6244D95ABCFE46FC53E38 /* Pods-JLKitDemo.release.xcconfig */ = {isa = PBXFileReference; includeInIndex = 1; lastKnownFileType = text.xcconfig; name = "Pods-JLKitDemo.release.xcconfig"; path = "Pods/Target Support Files/Pods-JLKitDemo/Pods-JLKitDemo.release.xcconfig"; sourceTree = "<group>"; };
		F40A18A6207530F8008D7798 /* UIWebViewController.h */ = {isa = PBXFileReference; lastKnownFileType = sourcecode.c.h; path = UIWebViewController.h; sourceTree = "<group>"; };
		F40A18A7207530F8008D7798 /* UIWebViewController.m */ = {isa = PBXFileReference; lastKnownFileType = sourcecode.c.objc; path = UIWebViewController.m; sourceTree = "<group>"; };
		F40A18AD2075EDA5008D7798 /* one.html */ = {isa = PBXFileReference; fileEncoding = 4; lastKnownFileType = text.html; path = one.html; sourceTree = "<group>"; };
		F40A18AF2075F535008D7798 /* NSBundle+JL.h */ = {isa = PBXFileReference; lastKnownFileType = sourcecode.c.h; path = "NSBundle+JL.h"; sourceTree = "<group>"; };
		F40A18B02075F535008D7798 /* NSBundle+JL.m */ = {isa = PBXFileReference; lastKnownFileType = sourcecode.c.objc; path = "NSBundle+JL.m"; sourceTree = "<group>"; };
		F4658B70214E182E006EFAE3 /* WeatherTableViewCell.h */ = {isa = PBXFileReference; lastKnownFileType = sourcecode.c.h; path = WeatherTableViewCell.h; sourceTree = "<group>"; };
		F4658B71214E182E006EFAE3 /* WeatherTableViewCell.m */ = {isa = PBXFileReference; lastKnownFileType = sourcecode.c.objc; path = WeatherTableViewCell.m; sourceTree = "<group>"; };
		F4658B73214E324F006EFAE3 /* WeatherModel.h */ = {isa = PBXFileReference; lastKnownFileType = sourcecode.c.h; path = WeatherModel.h; sourceTree = "<group>"; };
		F4658B74214E324F006EFAE3 /* WeatherModel.m */ = {isa = PBXFileReference; lastKnownFileType = sourcecode.c.objc; path = WeatherModel.m; sourceTree = "<group>"; };
		F4658B76214E33D1006EFAE3 /* WeatherModelProtocol.h */ = {isa = PBXFileReference; lastKnownFileType = sourcecode.c.h; path = WeatherModelProtocol.h; sourceTree = "<group>"; };
		F481F53121231F36006520D4 /* VerticalContainerViewController.h */ = {isa = PBXFileReference; lastKnownFileType = sourcecode.c.h; path = VerticalContainerViewController.h; sourceTree = "<group>"; };
		F481F53221231F36006520D4 /* VerticalContainerViewController.m */ = {isa = PBXFileReference; lastKnownFileType = sourcecode.c.objc; path = VerticalContainerViewController.m; sourceTree = "<group>"; };
		F49DDE0F2070AC0D00793B40 /* HomeContainerController.h */ = {isa = PBXFileReference; lastKnownFileType = sourcecode.c.h; path = HomeContainerController.h; sourceTree = "<group>"; };
		F49DDE102070AC0D00793B40 /* HomeContainerController.m */ = {isa = PBXFileReference; lastKnownFileType = sourcecode.c.objc; path = HomeContainerController.m; sourceTree = "<group>"; };
		F49DDE132070B9F200793B40 /* JLBaseViewController.h */ = {isa = PBXFileReference; fileEncoding = 4; lastKnownFileType = sourcecode.c.h; path = JLBaseViewController.h; sourceTree = "<group>"; };
		F49DDE142070B9F200793B40 /* JLBaseViewController.m */ = {isa = PBXFileReference; fileEncoding = 4; lastKnownFileType = sourcecode.c.objc; path = JLBaseViewController.m; sourceTree = "<group>"; };
		F49DDE152070B9F200793B40 /* JLNavigationController.h */ = {isa = PBXFileReference; fileEncoding = 4; lastKnownFileType = sourcecode.c.h; path = JLNavigationController.h; sourceTree = "<group>"; };
		F49DDE162070B9F200793B40 /* JLNavigationController.m */ = {isa = PBXFileReference; fileEncoding = 4; lastKnownFileType = sourcecode.c.objc; path = JLNavigationController.m; sourceTree = "<group>"; };
		F49DDE172070B9F200793B40 /* UINavigationController+DelegateManager.h */ = {isa = PBXFileReference; fileEncoding = 4; lastKnownFileType = sourcecode.c.h; path = "UINavigationController+DelegateManager.h"; sourceTree = "<group>"; };
		F49DDE182070B9F200793B40 /* UINavigationController+DelegateManager.m */ = {isa = PBXFileReference; fileEncoding = 4; lastKnownFileType = sourcecode.c.objc; path = "UINavigationController+DelegateManager.m"; sourceTree = "<group>"; };
		F4AEC9E6205E5314000F6D37 /* AppDelegate.h */ = {isa = PBXFileReference; fileEncoding = 4; lastKnownFileType = sourcecode.c.h; path = AppDelegate.h; sourceTree = "<group>"; };
		F4AEC9E7205E5314000F6D37 /* AppDelegate.m */ = {isa = PBXFileReference; fileEncoding = 4; lastKnownFileType = sourcecode.c.objc; path = AppDelegate.m; sourceTree = "<group>"; };
		F4AEC9E8205E5314000F6D37 /* Assets.xcassets */ = {isa = PBXFileReference; lastKnownFileType = folder.assetcatalog; path = Assets.xcassets; sourceTree = "<group>"; };
		F4AEC9F1205E5314000F6D37 /* Base */ = {isa = PBXFileReference; lastKnownFileType = file.storyboard; name = Base; path = Base.lproj/LaunchScreen.storyboard; sourceTree = "<group>"; };
		F4AEC9FB205E5314000F6D37 /* HomeViewController.h */ = {isa = PBXFileReference; fileEncoding = 4; lastKnownFileType = sourcecode.c.h; path = HomeViewController.h; sourceTree = "<group>"; };
		F4AEC9FC205E5314000F6D37 /* HomeViewController.m */ = {isa = PBXFileReference; fileEncoding = 4; lastKnownFileType = sourcecode.c.objc; path = HomeViewController.m; sourceTree = "<group>"; };
		F4AEC9FE205E5314000F6D37 /* LoginViewController.h */ = {isa = PBXFileReference; fileEncoding = 4; lastKnownFileType = sourcecode.c.h; path = LoginViewController.h; sourceTree = "<group>"; };
		F4AEC9FF205E5314000F6D37 /* LoginViewController.m */ = {isa = PBXFileReference; fileEncoding = 4; lastKnownFileType = sourcecode.c.objc; path = LoginViewController.m; sourceTree = "<group>"; };
		F4AECA00205E5314000F6D37 /* MyViewController.h */ = {isa = PBXFileReference; fileEncoding = 4; lastKnownFileType = sourcecode.c.h; path = MyViewController.h; sourceTree = "<group>"; };
		F4AECA01205E5314000F6D37 /* MyViewController.m */ = {isa = PBXFileReference; fileEncoding = 4; lastKnownFileType = sourcecode.c.objc; path = MyViewController.m; sourceTree = "<group>"; };
		F4AECA02205E5314000F6D37 /* SettingViewController.h */ = {isa = PBXFileReference; fileEncoding = 4; lastKnownFileType = sourcecode.c.h; path = SettingViewController.h; sourceTree = "<group>"; };
		F4AECA03205E5314000F6D37 /* SettingViewController.m */ = {isa = PBXFileReference; fileEncoding = 4; lastKnownFileType = sourcecode.c.objc; path = SettingViewController.m; sourceTree = "<group>"; };
		F4AECA13205E5314000F6D37 /* NSData+JL.h */ = {isa = PBXFileReference; fileEncoding = 4; lastKnownFileType = sourcecode.c.h; path = "NSData+JL.h"; sourceTree = "<group>"; };
		F4AECA14205E5314000F6D37 /* NSData+JL.m */ = {isa = PBXFileReference; fileEncoding = 4; lastKnownFileType = sourcecode.c.objc; path = "NSData+JL.m"; sourceTree = "<group>"; };
		F4AECA15205E5314000F6D37 /* NSNumber+JL.h */ = {isa = PBXFileReference; fileEncoding = 4; lastKnownFileType = sourcecode.c.h; path = "NSNumber+JL.h"; sourceTree = "<group>"; };
		F4AECA16205E5314000F6D37 /* NSNumber+JL.m */ = {isa = PBXFileReference; fileEncoding = 4; lastKnownFileType = sourcecode.c.objc; path = "NSNumber+JL.m"; sourceTree = "<group>"; };
		F4AECA17205E5314000F6D37 /* NSObject+archive.h */ = {isa = PBXFileReference; fileEncoding = 4; lastKnownFileType = sourcecode.c.h; path = "NSObject+archive.h"; sourceTree = "<group>"; };
		F4AECA18205E5314000F6D37 /* NSObject+archive.m */ = {isa = PBXFileReference; fileEncoding = 4; lastKnownFileType = sourcecode.c.objc; path = "NSObject+archive.m"; sourceTree = "<group>"; };
		F4AECA19205E5314000F6D37 /* NSString+JL.h */ = {isa = PBXFileReference; fileEncoding = 4; lastKnownFileType = sourcecode.c.h; path = "NSString+JL.h"; sourceTree = "<group>"; };
		F4AECA1A205E5314000F6D37 /* NSString+JL.m */ = {isa = PBXFileReference; fileEncoding = 4; lastKnownFileType = sourcecode.c.objc; path = "NSString+JL.m"; sourceTree = "<group>"; };
		F4AECA1B205E5314000F6D37 /* UIImage+JL.h */ = {isa = PBXFileReference; fileEncoding = 4; lastKnownFileType = sourcecode.c.h; path = "UIImage+JL.h"; sourceTree = "<group>"; };
		F4AECA1C205E5314000F6D37 /* UIImage+JL.m */ = {isa = PBXFileReference; fileEncoding = 4; lastKnownFileType = sourcecode.c.objc; path = "UIImage+JL.m"; sourceTree = "<group>"; };
		F4AECA39205E5314000F6D37 /* GlobalFunction.h */ = {isa = PBXFileReference; fileEncoding = 4; lastKnownFileType = sourcecode.c.h; path = GlobalFunction.h; sourceTree = "<group>"; };
		F4AECA42205E5314000F6D37 /* Info.plist */ = {isa = PBXFileReference; fileEncoding = 4; lastKnownFileType = text.plist.xml; path = Info.plist; sourceTree = "<group>"; };
		F4AECA43205E5314000F6D37 /* IOS11Adapter.h */ = {isa = PBXFileReference; fileEncoding = 4; lastKnownFileType = sourcecode.c.h; path = IOS11Adapter.h; sourceTree = "<group>"; };
		F4AECA44205E5314000F6D37 /* IOS11Adapter.m */ = {isa = PBXFileReference; fileEncoding = 4; lastKnownFileType = sourcecode.c.objc; path = IOS11Adapter.m; sourceTree = "<group>"; };
		F4AECA47205E5314000F6D37 /* main.m */ = {isa = PBXFileReference; fileEncoding = 4; lastKnownFileType = sourcecode.c.objc; path = main.m; sourceTree = "<group>"; };
		F4AECA4D205E5314000F6D37 /* MTNavigationItemFactory.h */ = {isa = PBXFileReference; fileEncoding = 4; lastKnownFileType = sourcecode.c.h; path = MTNavigationItemFactory.h; sourceTree = "<group>"; };
		F4AECA4E205E5314000F6D37 /* MTNavigationItemFactory.m */ = {isa = PBXFileReference; fileEncoding = 4; lastKnownFileType = sourcecode.c.objc; path = MTNavigationItemFactory.m; sourceTree = "<group>"; };
		F4AECA4F205E5314000F6D37 /* NavgiationBarOfViewControllerProtocol.h */ = {isa = PBXFileReference; fileEncoding = 4; lastKnownFileType = sourcecode.c.h; path = NavgiationBarOfViewControllerProtocol.h; sourceTree = "<group>"; };
		F4AECA51205E5314000F6D37 /* UINavigationBar+BackGroundImage.h */ = {isa = PBXFileReference; fileEncoding = 4; lastKnownFileType = sourcecode.c.h; path = "UINavigationBar+BackGroundImage.h"; sourceTree = "<group>"; };
		F4AECA52205E5314000F6D37 /* UINavigationBar+BackGroundImage.m */ = {isa = PBXFileReference; fileEncoding = 4; lastKnownFileType = sourcecode.c.objc; path = "UINavigationBar+BackGroundImage.m"; sourceTree = "<group>"; };
		F4AECA53205E5314000F6D37 /* UINavigationController+Cloudox.h */ = {isa = PBXFileReference; fileEncoding = 4; lastKnownFileType = sourcecode.c.h; path = "UINavigationController+Cloudox.h"; sourceTree = "<group>"; };
		F4AECA54205E5314000F6D37 /* UINavigationController+Cloudox.m */ = {isa = PBXFileReference; fileEncoding = 4; lastKnownFileType = sourcecode.c.objc; path = "UINavigationController+Cloudox.m"; sourceTree = "<group>"; };
		F4AECA55205E5314000F6D37 /* UIViewController+NavigationBar.h */ = {isa = PBXFileReference; fileEncoding = 4; lastKnownFileType = sourcecode.c.h; path = "UIViewController+NavigationBar.h"; sourceTree = "<group>"; };
		F4AECA56205E5314000F6D37 /* UIViewController+NavigationBar.m */ = {isa = PBXFileReference; fileEncoding = 4; lastKnownFileType = sourcecode.c.objc; path = "UIViewController+NavigationBar.m"; sourceTree = "<group>"; };
		F4AECA79205E5314000F6D37 /* TabBarViewController.h */ = {isa = PBXFileReference; fileEncoding = 4; lastKnownFileType = sourcecode.c.h; path = TabBarViewController.h; sourceTree = "<group>"; };
		F4AECA7A205E5314000F6D37 /* TabBarViewController.m */ = {isa = PBXFileReference; fileEncoding = 4; lastKnownFileType = sourcecode.c.objc; path = TabBarViewController.m; sourceTree = "<group>"; };
		F4AECA7C205E5314000F6D37 /* TestIndexBarViewController.h */ = {isa = PBXFileReference; fileEncoding = 4; lastKnownFileType = sourcecode.c.h; path = TestIndexBarViewController.h; sourceTree = "<group>"; };
		F4AECA7D205E5314000F6D37 /* TestIndexBarViewController.m */ = {isa = PBXFileReference; fileEncoding = 4; lastKnownFileType = sourcecode.c.objc; path = TestIndexBarViewController.m; sourceTree = "<group>"; };
		F4AECA85205E5314000F6D37 /* JLHotAreaBtn.h */ = {isa = PBXFileReference; fileEncoding = 4; lastKnownFileType = sourcecode.c.h; path = JLHotAreaBtn.h; sourceTree = "<group>"; };
		F4AECA86205E5314000F6D37 /* JLHotAreaBtn.m */ = {isa = PBXFileReference; fileEncoding = 4; lastKnownFileType = sourcecode.c.objc; path = JLHotAreaBtn.m; sourceTree = "<group>"; };
		F4AECA87205E5314000F6D37 /* JLTextFiled.h */ = {isa = PBXFileReference; fileEncoding = 4; lastKnownFileType = sourcecode.c.h; path = JLTextFiled.h; sourceTree = "<group>"; };
		F4AECA88205E5314000F6D37 /* JLTextFiled.m */ = {isa = PBXFileReference; fileEncoding = 4; lastKnownFileType = sourcecode.c.objc; path = JLTextFiled.m; sourceTree = "<group>"; };
		F4AECA8B205E5314000F6D37 /* JLBaseAnimationEngine.h */ = {isa = PBXFileReference; fileEncoding = 4; lastKnownFileType = sourcecode.c.h; path = JLBaseAnimationEngine.h; sourceTree = "<group>"; };
		F4AECA8C205E5314000F6D37 /* JLBaseAnimationEngine.m */ = {isa = PBXFileReference; fileEncoding = 4; lastKnownFileType = sourcecode.c.objc; path = JLBaseAnimationEngine.m; sourceTree = "<group>"; };
		F4AECA8D205E5314000F6D37 /* JLBaseInteractiveTransition.h */ = {isa = PBXFileReference; fileEncoding = 4; lastKnownFileType = sourcecode.c.h; path = JLBaseInteractiveTransition.h; sourceTree = "<group>"; };
		F4AECA8E205E5314000F6D37 /* JLBaseInteractiveTransition.m */ = {isa = PBXFileReference; fileEncoding = 4; lastKnownFileType = sourcecode.c.objc; path = JLBaseInteractiveTransition.m; sourceTree = "<group>"; };
		F4AECA8F205E5314000F6D37 /* JLFoldAnimationer.h */ = {isa = PBXFileReference; fileEncoding = 4; lastKnownFileType = sourcecode.c.h; path = JLFoldAnimationer.h; sourceTree = "<group>"; };
		F4AECA90205E5314000F6D37 /* JLFoldAnimationer.m */ = {isa = PBXFileReference; fileEncoding = 4; lastKnownFileType = sourcecode.c.objc; path = JLFoldAnimationer.m; sourceTree = "<group>"; };
		F4AECA91205E5314000F6D37 /* JLHorizontalPanInteraction.h */ = {isa = PBXFileReference; fileEncoding = 4; lastKnownFileType = sourcecode.c.h; path = JLHorizontalPanInteraction.h; sourceTree = "<group>"; };
		F4AECA92205E5314000F6D37 /* JLHorizontalPanInteraction.m */ = {isa = PBXFileReference; fileEncoding = 4; lastKnownFileType = sourcecode.c.objc; path = JLHorizontalPanInteraction.m; sourceTree = "<group>"; };
/* End PBXFileReference section */

/* Begin PBXFrameworksBuildPhase section */
		348D53FC1E27A5640005E96A /* Frameworks */ = {
			isa = PBXFrameworksBuildPhase;
			buildActionMask = 2147483647;
			files = (
				ECA7B9B560818B04F3AD757E /* libPods-JLKitDemo.a in Frameworks */,
			);
			runOnlyForDeploymentPostprocessing = 0;
		};
/* End PBXFrameworksBuildPhase section */

/* Begin PBXGroup section */
		2EB1A1A9232F7D8045E30FAD /* Pods */ = {
			isa = PBXGroup;
			children = (
				CA88DD2F20B1BEB2C73A8E3B /* Pods-JLKitDemo.debug.xcconfig */,
				D2F6244D95ABCFE46FC53E38 /* Pods-JLKitDemo.release.xcconfig */,
			);
			name = Pods;
			sourceTree = "<group>";
		};
		348D53F61E27A5640005E96A = {
			isa = PBXGroup;
			children = (
				F4AEC9E5205E5314000F6D37 /* JLKitDemo */,
				348D54001E27A5640005E96A /* Products */,
				2EB1A1A9232F7D8045E30FAD /* Pods */,
				DF781A55666D474778941168 /* Frameworks */,
			);
			sourceTree = "<group>";
		};
		348D54001E27A5640005E96A /* Products */ = {
			isa = PBXGroup;
			children = (
				348D53FF1E27A5640005E96A /* JLKitDemo.app */,
			);
			name = Products;
			sourceTree = "<group>";
		};
		34BC8271207DB60A009D5ED5 /* Third */ = {
			isa = PBXGroup;
			children = (
				34BC8273207DB61D009D5ED5 /* CWStatusBarNotification.h */,
				34BC8272207DB61D009D5ED5 /* CWStatusBarNotification.m */,
			);
			path = Third;
			sourceTree = "<group>";
		};
		34DE16F5225DE3FE00990DD0 /* JLKit */ = {
			isa = PBXGroup;
			children = (
				34DE16F9225DE3FE00990DD0 /* bothsides btn */,
				34DE1744225DE3FE00990DD0 /* can drag Collectionview */,
				34DE174D225DE3FE00990DD0 /* can drag tableview */,
				34DE1728225DE3FE00990DD0 /* FullScreenPop */,
				34DE1710225DE3FE00990DD0 /* groupIcon */,
				34DE1713225DE3FE00990DD0 /* infiniteLoop */,
				34DE1700225DE3FE00990DD0 /* menu View */,
				34DE1719225DE3FE00990DD0 /* OT */,
				34DE1705225DE3FE00990DD0 /* PresentController */,
				34DE1718225DE3FE00990DD0 /* ReplicatorLoadingView.h */,
				34DE16F6225DE3FE00990DD0 /* ReplicatorLoadingView.m */,
				34DE1727225DE3FE00990DD0 /* ReplicatorProgressView.h */,
				34DE16F8225DE3FE00990DD0 /* ReplicatorProgressView.m */,
				34DE170B225DE3FE00990DD0 /* UICollectionViewlayout */,
				34DE1752225DE3FE00990DD0 /* UITableViewIndexBar */,
			);
			path = JLKit;
			sourceTree = "<group>";
		};
		34DE16F9225DE3FE00990DD0 /* bothsides btn */ = {
			isa = PBXGroup;
			children = (
				34DE16FB225DE3FE00990DD0 /* BothsidesBtnViewController.h */,
				34DE16FE225DE3FE00990DD0 /* BothsidesBtnViewController.m */,
				34DE16FA225DE3FE00990DD0 /* MultifunctionBtn.h */,
				34DE16FD225DE3FE00990DD0 /* MultifunctionBtn.m */,
				34DE16FF225DE3FE00990DD0 /* TwoFaceButton.h */,
				34DE16FC225DE3FE00990DD0 /* TwoFaceButton.m */,
			);
			path = "bothsides btn";
			sourceTree = "<group>";
		};
		34DE1700225DE3FE00990DD0 /* menu View */ = {
			isa = PBXGroup;
			children = (
				34DE1703225DE3FE00990DD0 /* JLMenuView.h */,
				34DE1701225DE3FE00990DD0 /* JLMenuView.m */,
				34DE1704225DE3FE00990DD0 /* TestMenuViewController.h */,
				34DE1702225DE3FE00990DD0 /* TestMenuViewController.m */,
			);
			path = "menu View";
			sourceTree = "<group>";
		};
		34DE1705225DE3FE00990DD0 /* PresentController */ = {
			isa = PBXGroup;
			children = (
				34DE1709225DE3FE00990DD0 /* CustomPresentViewControllerProtocol.h */,
				34DE1706225DE3FE00990DD0 /* MTPresentationController.h */,
				34DE1708225DE3FE00990DD0 /* MTPresentationController.m */,
				34DE1707225DE3FE00990DD0 /* UIViewController+PresentController.h */,
				34DE170A225DE3FE00990DD0 /* UIViewController+PresentController.m */,
			);
			path = PresentController;
			sourceTree = "<group>";
		};
		34DE170B225DE3FE00990DD0 /* UICollectionViewlayout */ = {
			isa = PBXGroup;
			children = (
				34DE170F225DE3FE00990DD0 /* MTHorizontalPageFlowLayout.h */,
				34DE170D225DE3FE00990DD0 /* MTHorizontalPageFlowLayout.m */,
				34DE170E225DE3FE00990DD0 /* MTHorizontalWaterFullLayout.h */,
				34DE170C225DE3FE00990DD0 /* MTHorizontalWaterFullLayout.m */,
			);
			path = UICollectionViewlayout;
			sourceTree = "<group>";
		};
		34DE1710225DE3FE00990DD0 /* groupIcon */ = {
			isa = PBXGroup;
			children = (
				34DE1711225DE3FE00990DD0 /* UIAvaterGenerater.h */,
				34DE1712225DE3FE00990DD0 /* UIAvaterGenerater.m */,
			);
			path = groupIcon;
			sourceTree = "<group>";
		};
		34DE1713225DE3FE00990DD0 /* infiniteLoop */ = {
			isa = PBXGroup;
			children = (
				34DE1716225DE3FE00990DD0 /* InfiniteLoops.h */,
				34DE1714225DE3FE00990DD0 /* InfiniteLoops.m */,
				34DE1715225DE3FE00990DD0 /* InfinitePageView.h */,
				34DE1717225DE3FE00990DD0 /* InfinitePageView.m */,
			);
			path = infiniteLoop;
			sourceTree = "<group>";
		};
		34DE1719225DE3FE00990DD0 /* OT */ = {
			isa = PBXGroup;
			children = (
				34DE1720225DE3FE00990DD0 /* OTHeader.h */,
				34DE171F225DE3FE00990DD0 /* OTProtocol.h */,
				34DE171B225DE3FE00990DD0 /* OTSectionModel.h */,
				34DE1723225DE3FE00990DD0 /* OTSectionModel.m */,
				34DE171E225DE3FE00990DD0 /* OTTableView.h */,
				34DE1726225DE3FE00990DD0 /* OTTableView.m */,
				34DE1722225DE3FE00990DD0 /* OTTableViewController.h */,
				34DE171C225DE3FE00990DD0 /* OTTableViewController.m */,
				34DE1721225DE3FE00990DD0 /* SimpleCell.h */,
				34DE171A225DE3FE00990DD0 /* SimpleCell.m */,
				34DE1725225DE3FE00990DD0 /* SimpleCellDataProtocol.h */,
				34DE171D225DE3FE00990DD0 /* SimpleCellItem.h */,
				34DE1724225DE3FE00990DD0 /* SimpleCellItem.m */,
			);
			path = OT;
			sourceTree = "<group>";
		};
		34DE1728225DE3FE00990DD0 /* FullScreenPop */ = {
			isa = PBXGroup;
			children = (
				34DE1729225DE3FE00990DD0 /* FullScreenPop_Custom */,
				34DE173B225DE3FE00990DD0 /* FullScreenPop_System */,
			);
			path = FullScreenPop;
			sourceTree = "<group>";
		};
		34DE1729225DE3FE00990DD0 /* FullScreenPop_Custom */ = {
			isa = PBXGroup;
			children = (
				34DE172E225DE3FE00990DD0 /* NSObject+AssociateObj.h */,
				34DE1736225DE3FE00990DD0 /* NSObject+AssociateObj.m */,
				34DE172B225DE3FE00990DD0 /* UIViewController+XMNavigationController.h */,
				34DE1734225DE3FE00990DD0 /* UIViewController+XMNavigationController.m */,
				34DE173A225DE3FE00990DD0 /* XMNavigationController.h */,
				34DE1730225DE3FE00990DD0 /* XMNavigationController.m */,
				34DE172D225DE3FE00990DD0 /* XMNavigationController+Animation.h */,
				34DE1737225DE3FE00990DD0 /* XMNavigationController+Animation.m */,
				34DE1732225DE3FE00990DD0 /* XMNavigationController+navigationBarUI.h */,
				34DE172A225DE3FE00990DD0 /* XMNavigationController+navigationBarUI.m */,
				34DE1731225DE3FE00990DD0 /* XMNavigationController+PanGesture.h */,
				34DE1739225DE3FE00990DD0 /* XMNavigationController+PanGesture.m */,
				34DE172C225DE3FE00990DD0 /* XMNavigationController+Stack.h */,
				34DE1738225DE3FE00990DD0 /* XMNavigationController+Stack.m */,
				34DE1735225DE3FE00990DD0 /* XMNavigationController+UIViewControllerInXMNavigationController.h */,
				34DE172F225DE3FE00990DD0 /* XMNavigationController+UIViewControllerInXMNavigationController.m */,
				34DE1733225DE3FE00990DD0 /* XMNavigationGlobalDefines.h */,
			);
			path = FullScreenPop_Custom;
			sourceTree = "<group>";
		};
		34DE173B225DE3FE00990DD0 /* FullScreenPop_System */ = {
			isa = PBXGroup;
			children = (
				34DE1743225DE3FE00990DD0 /* NavigationTranstionEngine.h */,
				34DE173F225DE3FE00990DD0 /* NavigationTranstionEngine.m */,
				34DE1740225DE3FE00990DD0 /* UINavigationController+FullScreenPopGesture.h */,
				34DE173C225DE3FE00990DD0 /* UINavigationController+FullScreenPopGesture.m */,
				34DE1741225DE3FE00990DD0 /* UIPanGestureRecognizer+PanDirection.h */,
				34DE173E225DE3FE00990DD0 /* UIPanGestureRecognizer+PanDirection.m */,
				34DE1742225DE3FE00990DD0 /* UIViewController+FullScreenPop.h */,
				34DE173D225DE3FE00990DD0 /* UIViewController+FullScreenPop.m */,
			);
			path = FullScreenPop_System;
			sourceTree = "<group>";
		};
		34DE1744225DE3FE00990DD0 /* can drag Collectionview */ = {
			isa = PBXGroup;
			children = (
				34DE1746225DE3FE00990DD0 /* JLCellitem.h */,
				34DE174A225DE3FE00990DD0 /* JLCellitem.m */,
				34DE1745225DE3FE00990DD0 /* JLDragOrderCollectionViewLayout.h */,
				34DE1749225DE3FE00990DD0 /* JLDragOrderCollectionViewLayout.m */,
				34DE1747225DE3FE00990DD0 /* JLTabMoreView.h */,
				34DE174C225DE3FE00990DD0 /* JLTabMoreView.m */,
				34DE1748225DE3FE00990DD0 /* TestDragCollecViewController.h */,
				34DE174B225DE3FE00990DD0 /* TestDragCollecViewController.m */,
			);
			path = "can drag Collectionview";
			sourceTree = "<group>";
		};
		34DE174D225DE3FE00990DD0 /* can drag tableview */ = {
			isa = PBXGroup;
			children = (
				34DE1750225DE3FE00990DD0 /* JLTableView.h */,
				34DE174E225DE3FE00990DD0 /* JLTableView.m */,
				34DE1751225DE3FE00990DD0 /* TestTableViewController.h */,
				34DE174F225DE3FE00990DD0 /* TestTableViewController.m */,
			);
			path = "can drag tableview";
			sourceTree = "<group>";
		};
		34DE1752225DE3FE00990DD0 /* UITableViewIndexBar */ = {
			isa = PBXGroup;
			children = (
				34DE1756225DE3FE00990DD0 /* MTIndexViewConfiguration.h */,
				34DE1753225DE3FE00990DD0 /* MTIndexViewConfiguration.m */,
				34DE1754225DE3FE00990DD0 /* MTTableViewSectionIndexBar.h */,
				34DE1757225DE3FE00990DD0 /* MTTableViewSectionIndexBar.m */,
				34DE1755225DE3FE00990DD0 /* UITableView+IndexBar.h */,
				34DE1758225DE3FE00990DD0 /* UITableView+IndexBar.m */,
			);
			path = UITableViewIndexBar;
			sourceTree = "<group>";
		};
		68A9121929DADA980028CA92 /* OpenGL */ = {
			isa = PBXGroup;
			children = (
				68A9122429DADA980028CA92 /* fragment.glsl */,
				68A9122C29DADA980028CA92 /* vertex.glsl */,
				68A9122829DADA980028CA92 /* JLEAGLContext.h */,
				68A9121E29DADA980028CA92 /* JLEAGLContext.m */,
				68A9121A29DADA980028CA92 /* JLGLKVertexAttribArrayBuffer.h */,
				68A9122629DADA980028CA92 /* JLGLKVertexAttribArrayBuffer.m */,
				68A9121D29DADA980028CA92 /* JLGLKView.h */,
				68A9122929DADA980028CA92 /* JLGLKView.m */,
				68A9122029DADA980028CA92 /* JLGLKViewController.h */,
				68A9122E29DADA980028CA92 /* JLGLKViewController.m */,
				68A9122229DADA980028CA92 /* leaves.gif */,
				68A9122329DADA980028CA92 /* OpenGL1ViewController.h */,
				68A9123029DADA980028CA92 /* OpenGL1ViewController.m */,
				68A9122D29DADA980028CA92 /* OpenGL2ViewController.h */,
				68A9122129DADA980028CA92 /* OpenGL2ViewController.m */,
				68A9121F29DADA980028CA92 /* OpenGLMultitextureViewController.h */,
				68A9122729DADA980028CA92 /* OpenGLMultitextureViewController.m */,
				68A9122529DADA980028CA92 /* OpenGLOneViewController.h */,
				68A9122F29DADA980028CA92 /* OpenGLOneViewController.m */,
				68A9122A29DADA980028CA92 /* OpenGLTextureDynamicViewController.h */,
				68A9121B29DADA980028CA92 /* OpenGLTextureDynamicViewController.m */,
				68A9121C29DADA980028CA92 /* OpenGLTwoViewController.h */,
				68A9122B29DADA980028CA92 /* OpenGLTwoViewController.m */,
			);
			name = OpenGL;
			path = Business/OpenGL;
			sourceTree = "<group>";
		};
		DF781A55666D474778941168 /* Frameworks */ = {
			isa = PBXGroup;
			children = (
				8931AF7EB3E49BEE85A0087C /* libPods-JLKitDemo.a */,
			);
			name = Frameworks;
			sourceTree = "<group>";
		};
		F49DDE122070B9F200793B40 /* Base */ = {
			isa = PBXGroup;
			children = (
				F49DDE132070B9F200793B40 /* JLBaseViewController.h */,
				F49DDE142070B9F200793B40 /* JLBaseViewController.m */,
				F49DDE152070B9F200793B40 /* JLNavigationController.h */,
				F49DDE162070B9F200793B40 /* JLNavigationController.m */,
				F49DDE172070B9F200793B40 /* UINavigationController+DelegateManager.h */,
				F49DDE182070B9F200793B40 /* UINavigationController+DelegateManager.m */,
				F40A18A6207530F8008D7798 /* UIWebViewController.h */,
				F40A18A7207530F8008D7798 /* UIWebViewController.m */,
			);
			path = Base;
			sourceTree = "<group>";
		};
		F4AEC9E5205E5314000F6D37 /* JLKitDemo */ = {
			isa = PBXGroup;
			children = (
				68A9121929DADA980028CA92 /* OpenGL */,
				34DE16F5225DE3FE00990DD0 /* JLKit */,
				34BC8271207DB60A009D5ED5 /* Third */,
				F40A18AD2075EDA5008D7798 /* one.html */,
				F4AEC9E8205E5314000F6D37 /* Assets.xcassets */,
				F4AEC9F0205E5314000F6D37 /* LaunchScreen.storyboard */,
				F4AEC9F9205E5314000F6D37 /* Business */,
				F4AECA12205E5314000F6D37 /* Category */,
				F4AECA39205E5314000F6D37 /* GlobalFunction.h */,
				F4AECA42205E5314000F6D37 /* Info.plist */,
				6869A96029D93AAE00C1073A /* SystemInfo.h */,
				6869A95F29D93AAE00C1073A /* SystemInfo.m */,
				F4AECA43205E5314000F6D37 /* IOS11Adapter.h */,
				F4AECA44205E5314000F6D37 /* IOS11Adapter.m */,
				F4AECA47205E5314000F6D37 /* main.m */,
				34DE16B4225DDC0100990DD0 /* JLKit.pch */,
				F4AECA4D205E5314000F6D37 /* MTNavigationItemFactory.h */,
				F4AECA4E205E5314000F6D37 /* MTNavigationItemFactory.m */,
				F4AECA50205E5314000F6D37 /* NavigationBar */,
				F4AECA57205E5314000F6D37 /* Operating TableView */,
				F4AECA7B205E5314000F6D37 /* TableViewIndexBar */,
				F4AECA84205E5314000F6D37 /* textfiled */,
				F4AECA89205E5314000F6D37 /* Transitton */,
			);
			path = JLKitDemo;
			sourceTree = "<group>";
		};
		F4AEC9F9205E5314000F6D37 /* Business */ = {
			isa = PBXGroup;
			children = (
				F49DDE122070B9F200793B40 /* Base */,
				F4AEC9E6205E5314000F6D37 /* AppDelegate.h */,
				F4AEC9E7205E5314000F6D37 /* AppDelegate.m */,
				F4AECA79205E5314000F6D37 /* TabBarViewController.h */,
				F4AECA7A205E5314000F6D37 /* TabBarViewController.m */,
				F4AEC9FA205E5314000F6D37 /* Home */,
				F4AEC9FD205E5314000F6D37 /* My */,
				34646865222D0A93003AB5D2 /* PrincipleViewController.h */,
				34646866222D0A93003AB5D2 /* PrincipleViewController.m */,
				34646868222D11A5003AB5D2 /* ClassLayoutVC.h */,
				34646869222D11A5003AB5D2 /* ClassLayoutVC.m */,
				3464687422325431003AB5D2 /* LockTest.h */,
				3464687322325430003AB5D2 /* LockTest.m */,
				346468792232543B003AB5D2 /* CustomKVOVC.h */,
				346468772232543A003AB5D2 /* CustomKVOVC.m */,
				346468762232543A003AB5D2 /* NSObject+KVO.h */,
				346468782232543A003AB5D2 /* NSObject+KVO.m */,
				3464687C22325445003AB5D2 /* MethodForwardVC.h */,
				3464687D22325445003AB5D2 /* MethodForwardVC.m */,
			);
			path = Business;
			sourceTree = "<group>";
		};
		F4AEC9FA205E5314000F6D37 /* Home */ = {
			isa = PBXGroup;
			children = (
				3401375620726BF5002D46D2 /* HomeFunctionViewController.h */,
				3401375520726BF5002D46D2 /* HomeFunctionViewController.m */,
				F4AEC9FB205E5314000F6D37 /* HomeViewController.h */,
				F4AEC9FC205E5314000F6D37 /* HomeViewController.m */,
				F49DDE0F2070AC0D00793B40 /* HomeContainerController.h */,
				F49DDE102070AC0D00793B40 /* HomeContainerController.m */,
				F4658B70214E182E006EFAE3 /* WeatherTableViewCell.h */,
				F4658B71214E182E006EFAE3 /* WeatherTableViewCell.m */,
				F4658B73214E324F006EFAE3 /* WeatherModel.h */,
				F4658B76214E33D1006EFAE3 /* WeatherModelProtocol.h */,
				F4658B74214E324F006EFAE3 /* WeatherModel.m */,
				6869A95829D92FAD00C1073A /* MasonryDemoViewController.h */,
				6869A95929D92FAD00C1073A /* MasonryDemoViewController.m */,
				6869A95B29D933B400C1073A /* CollectionLayoutDemoViewController.h */,
				6869A95C29D933B400C1073A /* CollectionLayoutDemoViewController.m */,
				6869A96229D963C600C1073A /* ContainerDemoViewController.h */,
				6869A96329D963C600C1073A /* ContainerDemoViewController.m */,
			);
			path = Home;
			sourceTree = "<group>";
		};
		F4AEC9FD205E5314000F6D37 /* My */ = {
			isa = PBXGroup;
			children = (
				F4AEC9FE205E5314000F6D37 /* LoginViewController.h */,
				F4AEC9FF205E5314000F6D37 /* LoginViewController.m */,
				F4AECA00205E5314000F6D37 /* MyViewController.h */,
				F4AECA01205E5314000F6D37 /* MyViewController.m */,
				F4AECA02205E5314000F6D37 /* SettingViewController.h */,
				F4AECA03205E5314000F6D37 /* SettingViewController.m */,
				F481F53121231F36006520D4 /* VerticalContainerViewController.h */,
				F481F53221231F36006520D4 /* VerticalContainerViewController.m */,
			);
			path = My;
			sourceTree = "<group>";
		};
		F4AECA12205E5314000F6D37 /* Category */ = {
			isa = PBXGroup;
			children = (
				F4AECA13205E5314000F6D37 /* NSData+JL.h */,
				F4AECA14205E5314000F6D37 /* NSData+JL.m */,
				F4AECA15205E5314000F6D37 /* NSNumber+JL.h */,
				F4AECA16205E5314000F6D37 /* NSNumber+JL.m */,
				F4AECA17205E5314000F6D37 /* NSObject+archive.h */,
				F4AECA18205E5314000F6D37 /* NSObject+archive.m */,
				F4AECA19205E5314000F6D37 /* NSString+JL.h */,
				F4AECA1A205E5314000F6D37 /* NSString+JL.m */,
				F4AECA1B205E5314000F6D37 /* UIImage+JL.h */,
				F4AECA1C205E5314000F6D37 /* UIImage+JL.m */,
				F40A18AF2075F535008D7798 /* NSBundle+JL.h */,
				F40A18B02075F535008D7798 /* NSBundle+JL.m */,
			);
			path = Category;
			sourceTree = "<group>";
		};
		F4AECA50205E5314000F6D37 /* NavigationBar */ = {
			isa = PBXGroup;
			children = (
				F4AECA4F205E5314000F6D37 /* NavgiationBarOfViewControllerProtocol.h */,
				F4AECA51205E5314000F6D37 /* UINavigationBar+BackGroundImage.h */,
				F4AECA52205E5314000F6D37 /* UINavigationBar+BackGroundImage.m */,
				F4AECA53205E5314000F6D37 /* UINavigationController+Cloudox.h */,
				F4AECA54205E5314000F6D37 /* UINavigationController+Cloudox.m */,
				F4AECA55205E5314000F6D37 /* UIViewController+NavigationBar.h */,
				F4AECA56205E5314000F6D37 /* UIViewController+NavigationBar.m */,
			);
			path = NavigationBar;
			sourceTree = "<group>";
		};
		F4AECA57205E5314000F6D37 /* Operating TableView */ = {
			isa = PBXGroup;
			children = (
				3401375E20726E8A002D46D2 /* TagCellTableViewCell.h */,
				3401375F20726E8A002D46D2 /* TagCellTableViewCell.m */,
				3401375B20726CC4002D46D2 /* TagItem.h */,
				3401375C20726CC4002D46D2 /* TagItem.m */,
			);
			path = "Operating TableView";
			sourceTree = "<group>";
		};
		F4AECA7B205E5314000F6D37 /* TableViewIndexBar */ = {
			isa = PBXGroup;
			children = (
				F4AECA7C205E5314000F6D37 /* TestIndexBarViewController.h */,
				F4AECA7D205E5314000F6D37 /* TestIndexBarViewController.m */,
			);
			path = TableViewIndexBar;
			sourceTree = "<group>";
		};
		F4AECA84205E5314000F6D37 /* textfiled */ = {
			isa = PBXGroup;
			children = (
				F4AECA85205E5314000F6D37 /* JLHotAreaBtn.h */,
				F4AECA86205E5314000F6D37 /* JLHotAreaBtn.m */,
				F4AECA87205E5314000F6D37 /* JLTextFiled.h */,
				F4AECA88205E5314000F6D37 /* JLTextFiled.m */,
			);
			path = textfiled;
			sourceTree = "<group>";
		};
		F4AECA89205E5314000F6D37 /* Transitton */ = {
			isa = PBXGroup;
			children = (
				F4AECA8A205E5314000F6D37 /* VcTransition */,
			);
			path = Transitton;
			sourceTree = "<group>";
		};
		F4AECA8A205E5314000F6D37 /* VcTransition */ = {
			isa = PBXGroup;
			children = (
				F4AECA8B205E5314000F6D37 /* JLBaseAnimationEngine.h */,
				F4AECA8C205E5314000F6D37 /* JLBaseAnimationEngine.m */,
				F4AECA8D205E5314000F6D37 /* JLBaseInteractiveTransition.h */,
				F4AECA8E205E5314000F6D37 /* JLBaseInteractiveTransition.m */,
				F4AECA8F205E5314000F6D37 /* JLFoldAnimationer.h */,
				F4AECA90205E5314000F6D37 /* JLFoldAnimationer.m */,
				F4AECA91205E5314000F6D37 /* JLHorizontalPanInteraction.h */,
				F4AECA92205E5314000F6D37 /* JLHorizontalPanInteraction.m */,
			);
			path = VcTransition;
			sourceTree = "<group>";
		};
/* End PBXGroup section */

/* Begin PBXNativeTarget section */
		348D53FE1E27A5640005E96A /* JLKitDemo */ = {
			isa = PBXNativeTarget;
			buildConfigurationList = 348D54161E27A5640005E96A /* Build configuration list for PBXNativeTarget "JLKitDemo" */;
			buildPhases = (
				2EE81507AAC9C94B14803A62 /* [CP] Check Pods Manifest.lock */,
				6869A95E29D9348300C1073A /* ShellScript */,
				348D53FB1E27A5640005E96A /* Sources */,
				348D53FC1E27A5640005E96A /* Frameworks */,
				348D53FD1E27A5640005E96A /* Resources */,
			);
			buildRules = (
			);
			dependencies = (
			);
			name = JLKitDemo;
			productName = JLKitDemo;
			productReference = 348D53FF1E27A5640005E96A /* JLKitDemo.app */;
			productType = "com.apple.product-type.application";
		};
/* End PBXNativeTarget section */

/* Begin PBXProject section */
		348D53F71E27A5640005E96A /* Project object */ = {
			isa = PBXProject;
			attributes = {
				LastUpgradeCheck = 0820;
				ORGANIZATIONNAME = JL;
				TargetAttributes = {
					348D53FE1E27A5640005E96A = {
						CreatedOnToolsVersion = 8.2;
						DevelopmentTeam = NVAFMDWZJC;
						ProvisioningStyle = Automatic;
					};
				};
			};
			buildConfigurationList = 348D53FA1E27A5640005E96A /* Build configuration list for PBXProject "JLKitDemo" */;
			compatibilityVersion = "Xcode 3.2";
			developmentRegion = English;
			hasScannedForEncodings = 0;
			knownRegions = (
				English,
				en,
				Base,
			);
			mainGroup = 348D53F61E27A5640005E96A;
			productRefGroup = 348D54001E27A5640005E96A /* Products */;
			projectDirPath = "";
			projectRoot = "";
			targets = (
				348D53FE1E27A5640005E96A /* JLKitDemo */,
			);
		};
/* End PBXProject section */

/* Begin PBXResourcesBuildPhase section */
		348D53FD1E27A5640005E96A /* Resources */ = {
			isa = PBXResourcesBuildPhase;
			buildActionMask = 2147483647;
			files = (
				68A9123529DADA990028CA92 /* fragment.glsl in Resources */,
				F4AECAA9205E5314000F6D37 /* Assets.xcassets in Resources */,
				F40A18AE2075EDA5008D7798 /* one.html in Resources */,
				68A9123A29DADA990028CA92 /* vertex.glsl in Resources */,
				68A9123429DADA990028CA92 /* leaves.gif in Resources */,
				F4AECAAD205E5314000F6D37 /* LaunchScreen.storyboard in Resources */,
			);
			runOnlyForDeploymentPostprocessing = 0;
		};
/* End PBXResourcesBuildPhase section */

/* Begin PBXShellScriptBuildPhase section */
		2EE81507AAC9C94B14803A62 /* [CP] Check Pods Manifest.lock */ = {
			isa = PBXShellScriptBuildPhase;
			buildActionMask = 2147483647;
			files = (
			);
			inputPaths = (
				"${PODS_PODFILE_DIR_PATH}/Podfile.lock",
				"${PODS_ROOT}/Manifest.lock",
			);
			name = "[CP] Check Pods Manifest.lock";
			outputPaths = (
				"$(DERIVED_FILE_DIR)/Pods-JLKitDemo-checkManifestLockResult.txt",
			);
			runOnlyForDeploymentPostprocessing = 0;
			shellPath = /bin/sh;
			shellScript = "diff \"${PODS_PODFILE_DIR_PATH}/Podfile.lock\" \"${PODS_ROOT}/Manifest.lock\" > /dev/null\nif [ $? != 0 ] ; then\n    # print error to STDERR\n    echo \"error: The sandbox is not in sync with the Podfile.lock. Run 'pod install' or update your CocoaPods installation.\" >&2\n    exit 1\nfi\n# This output is used by Xcode 'outputs' to avoid re-running this script phase.\necho \"SUCCESS\" > \"${SCRIPT_OUTPUT_FILE_0}\"\n";
			showEnvVarsInLog = 0;
		};
		6869A95E29D9348300C1073A /* ShellScript */ = {
			isa = PBXShellScriptBuildPhase;
			buildActionMask = 2147483647;
			files = (
			);
			inputFileListPaths = (
			);
			inputPaths = (
			);
			outputFileListPaths = (
			);
			outputPaths = (
			);
			runOnlyForDeploymentPostprocessing = 0;
			shellPath = /bin/sh;
			shellScript = "if [[ \"$CONFIGURATION\" = \"Debug\" && \"$ARCHS\" = \"arm64\" ]]; then\n    InjectionSetup=\"/Applications/InjectionIII.app/Contents/Resources/InjectionSetup\"\n    if [[ -e \"$InjectionSetup\" ]]; then\n        sh \"$InjectionSetup\"\n    fi\nfi\n";
		};
/* End PBXShellScriptBuildPhase section */

/* Begin PBXSourcesBuildPhase section */
		348D53FB1E27A5640005E96A /* Sources */ = {
			isa = PBXSourcesBuildPhase;
			buildActionMask = 2147483647;
			files = (
				3464686A222D11A5003AB5D2 /* ClassLayoutVC.m in Sources */,
				34DE175C225DE3FE00990DD0 /* MultifunctionBtn.m in Sources */,
				F4AECAD7205E5314000F6D37 /* UINavigationController+Cloudox.m in Sources */,
				F4AECAD5205E5314000F6D37 /* MTNavigationItemFactory.m in Sources */,
				34DE175B225DE3FE00990DD0 /* TwoFaceButton.m in Sources */,
				34DE1780225DE3FF00990DD0 /* UITableView+IndexBar.m in Sources */,
				34DE1771225DE3FF00990DD0 /* XMNavigationController+Animation.m in Sources */,
				F4AECABF205E5314000F6D37 /* UIImage+JL.m in Sources */,
				34DE1774225DE3FF00990DD0 /* UINavigationController+FullScreenPopGesture.m in Sources */,
				F4AECAE9205E5315000F6D37 /* TestIndexBarViewController.m in Sources */,
				34DE1766225DE3FE00990DD0 /* InfinitePageView.m in Sources */,
				34BC8274207DB61D009D5ED5 /* CWStatusBarNotification.m in Sources */,
				3401376020726E8A002D46D2 /* TagCellTableViewCell.m in Sources */,
				34DE1779225DE3FF00990DD0 /* JLCellitem.m in Sources */,
				34DE176B225DE3FE00990DD0 /* OTTableView.m in Sources */,
				34DE176E225DE3FF00990DD0 /* XMNavigationController.m in Sources */,
				3464687E22325445003AB5D2 /* MethodForwardVC.m in Sources */,
				34646867222D0A93003AB5D2 /* PrincipleViewController.m in Sources */,
				68A9123929DADA990028CA92 /* OpenGLTwoViewController.m in Sources */,
				F4AECAEE205E5315000F6D37 /* JLTextFiled.m in Sources */,
				F4AECABE205E5314000F6D37 /* NSString+JL.m in Sources */,
				3464687B2232543B003AB5D2 /* NSObject+KVO.m in Sources */,
				68A9123729DADA990028CA92 /* OpenGLMultitextureViewController.m in Sources */,
				3464687A2232543B003AB5D2 /* CustomKVOVC.m in Sources */,
				34DE175D225DE3FE00990DD0 /* BothsidesBtnViewController.m in Sources */,
				F4AECAD0205E5314000F6D37 /* IOS11Adapter.m in Sources */,
				6869A96429D963C600C1073A /* ContainerDemoViewController.m in Sources */,
				68A9123129DADA990028CA92 /* OpenGLTextureDynamicViewController.m in Sources */,
				F4AECAF0205E5315000F6D37 /* JLBaseInteractiveTransition.m in Sources */,
				F4658B75214E324F006EFAE3 /* WeatherModel.m in Sources */,
				34DE1776225DE3FF00990DD0 /* UIPanGestureRecognizer+PanDirection.m in Sources */,
				34DE177A225DE3FF00990DD0 /* TestDragCollecViewController.m in Sources */,
				34DE177D225DE3FF00990DD0 /* TestTableViewController.m in Sources */,
				F4AECAF1205E5315000F6D37 /* JLFoldAnimationer.m in Sources */,
				6869A96129D93AAE00C1073A /* SystemInfo.m in Sources */,
				3464687522325431003AB5D2 /* LockTest.m in Sources */,
				34DE177B225DE3FF00990DD0 /* JLTabMoreView.m in Sources */,
				34DE175F225DE3FE00990DD0 /* TestMenuViewController.m in Sources */,
				34DE176A225DE3FE00990DD0 /* SimpleCellItem.m in Sources */,
				F49DDE1A2070B9F200793B40 /* JLNavigationController.m in Sources */,
				34DE1769225DE3FE00990DD0 /* OTSectionModel.m in Sources */,
				34DE1763225DE3FE00990DD0 /* MTHorizontalPageFlowLayout.m in Sources */,
				F4AECAE8205E5315000F6D37 /* TabBarViewController.m in Sources */,
				F4AECAED205E5315000F6D37 /* JLHotAreaBtn.m in Sources */,
				F4AECAA8205E5314000F6D37 /* AppDelegate.m in Sources */,
				F4AECABC205E5314000F6D37 /* NSNumber+JL.m in Sources */,
				34DE1772225DE3FF00990DD0 /* XMNavigationController+Stack.m in Sources */,
				34DE1768225DE3FE00990DD0 /* OTTableViewController.m in Sources */,
				F4AECAB3205E5314000F6D37 /* MyViewController.m in Sources */,
				34DE1765225DE3FE00990DD0 /* InfiniteLoops.m in Sources */,
				34DE175E225DE3FE00990DD0 /* JLMenuView.m in Sources */,
				F481F53321231F36006520D4 /* VerticalContainerViewController.m in Sources */,
				34DE1773225DE3FF00990DD0 /* XMNavigationController+PanGesture.m in Sources */,
				68A9123B29DADA990028CA92 /* JLGLKViewController.m in Sources */,
				F49DDE192070B9F200793B40 /* JLBaseViewController.m in Sources */,
				34DE177C225DE3FF00990DD0 /* JLTableView.m in Sources */,
				34DE1777225DE3FF00990DD0 /* NavigationTranstionEngine.m in Sources */,
				3401375D20726CC4002D46D2 /* TagItem.m in Sources */,
				34DE177F225DE3FF00990DD0 /* MTTableViewSectionIndexBar.m in Sources */,
				6869A95D29D933B400C1073A /* CollectionLayoutDemoViewController.m in Sources */,
				34DE176D225DE3FE00990DD0 /* XMNavigationController+UIViewControllerInXMNavigationController.m in Sources */,
				F40A18B12075F535008D7798 /* NSBundle+JL.m in Sources */,
				F4658B72214E182E006EFAE3 /* WeatherTableViewCell.m in Sources */,
				F4AECAB2205E5314000F6D37 /* LoginViewController.m in Sources */,
				F49DDE112070AC0D00793B40 /* HomeContainerController.m in Sources */,
				34DE1761225DE3FE00990DD0 /* UIViewController+PresentController.m in Sources */,
				34DE1775225DE3FF00990DD0 /* UIViewController+FullScreenPop.m in Sources */,
				F4AECAF2205E5315000F6D37 /* JLHorizontalPanInteraction.m in Sources */,
				68A9123629DADA990028CA92 /* JLGLKVertexAttribArrayBuffer.m in Sources */,
				34DE1762225DE3FE00990DD0 /* MTHorizontalWaterFullLayout.m in Sources */,
				34DE1759225DE3FE00990DD0 /* ReplicatorLoadingView.m in Sources */,
				F4AECAD2205E5314000F6D37 /* main.m in Sources */,
				34DE177E225DE3FF00990DD0 /* MTIndexViewConfiguration.m in Sources */,
				F49DDE1B2070B9F200793B40 /* UINavigationController+DelegateManager.m in Sources */,
				68A9123229DADA990028CA92 /* JLEAGLContext.m in Sources */,
				68A9123829DADA990028CA92 /* JLGLKView.m in Sources */,
				34DE1770225DE3FF00990DD0 /* NSObject+AssociateObj.m in Sources */,
				F4AECAB4205E5314000F6D37 /* SettingViewController.m in Sources */,
				34DE1760225DE3FE00990DD0 /* MTPresentationController.m in Sources */,
				34DE175A225DE3FE00990DD0 /* ReplicatorProgressView.m in Sources */,
				F40A18A8207530F8008D7798 /* UIWebViewController.m in Sources */,
				34DE176F225DE3FF00990DD0 /* UIViewController+XMNavigationController.m in Sources */,
				34DE1778225DE3FF00990DD0 /* JLDragOrderCollectionViewLayout.m in Sources */,
				3401375720726BF5002D46D2 /* HomeFunctionViewController.m in Sources */,
				F4AECABB205E5314000F6D37 /* NSData+JL.m in Sources */,
				34DE1767225DE3FE00990DD0 /* SimpleCell.m in Sources */,
				68A9123D29DADA990028CA92 /* OpenGL1ViewController.m in Sources */,
				34DE1764225DE3FE00990DD0 /* UIAvaterGenerater.m in Sources */,
				68A9123329DADA990028CA92 /* OpenGL2ViewController.m in Sources */,
				F4AECABD205E5314000F6D37 /* NSObject+archive.m in Sources */,
				F4AECAD8205E5314000F6D37 /* UIViewController+NavigationBar.m in Sources */,
				68A9123C29DADA990028CA92 /* OpenGLOneViewController.m in Sources */,
				F4AECAB1205E5314000F6D37 /* HomeViewController.m in Sources */,
				34DE176C225DE3FE00990DD0 /* XMNavigationController+navigationBarUI.m in Sources */,
				F4AECAEF205E5315000F6D37 /* JLBaseAnimationEngine.m in Sources */,
				F4AECAD6205E5314000F6D37 /* UINavigationBar+BackGroundImage.m in Sources */,
				6869A95A29D92FAD00C1073A /* MasonryDemoViewController.m in Sources */,
			);
			runOnlyForDeploymentPostprocessing = 0;
		};
/* End PBXSourcesBuildPhase section */

/* Begin PBXVariantGroup section */
		F4AEC9F0205E5314000F6D37 /* LaunchScreen.storyboard */ = {
			isa = PBXVariantGroup;
			children = (
				F4AEC9F1205E5314000F6D37 /* Base */,
			);
			name = LaunchScreen.storyboard;
			sourceTree = "<group>";
		};
/* End PBXVariantGroup section */

/* Begin XCBuildConfiguration section */
		348D54141E27A5640005E96A /* Debug */ = {
			isa = XCBuildConfiguration;
			buildSettings = {
				ALWAYS_SEARCH_USER_PATHS = NO;
				CLANG_ANALYZER_NONNULL = YES;
				CLANG_CXX_LANGUAGE_STANDARD = "gnu++0x";
				CLANG_CXX_LIBRARY = "libc++";
				CLANG_ENABLE_MODULES = YES;
				CLANG_ENABLE_OBJC_ARC = YES;
				CLANG_WARN_BOOL_CONVERSION = YES;
				CLANG_WARN_CONSTANT_CONVERSION = YES;
				CLANG_WARN_DIRECT_OBJC_ISA_USAGE = YES_ERROR;
				CLANG_WARN_DOCUMENTATION_COMMENTS = YES;
				CLANG_WARN_EMPTY_BODY = YES;
				CLANG_WARN_ENUM_CONVERSION = YES;
				CLANG_WARN_INFINITE_RECURSION = YES;
				CLANG_WARN_INT_CONVERSION = YES;
				CLANG_WARN_OBJC_ROOT_CLASS = YES_ERROR;
				CLANG_WARN_SUSPICIOUS_MOVE = YES;
				CLANG_WARN_UNREACHABLE_CODE = YES;
				CLANG_WARN__DUPLICATE_METHOD_MATCH = YES;
				"CODE_SIGN_IDENTITY[sdk=iphoneos*]" = "iPhone Developer";
				COPY_PHASE_STRIP = NO;
				DEBUG_INFORMATION_FORMAT = dwarf;
				ENABLE_STRICT_OBJC_MSGSEND = YES;
				ENABLE_TESTABILITY = YES;
				GCC_C_LANGUAGE_STANDARD = gnu99;
				GCC_DYNAMIC_NO_PIC = NO;
				GCC_NO_COMMON_BLOCKS = YES;
				GCC_OPTIMIZATION_LEVEL = 0;
				GCC_PREPROCESSOR_DEFINITIONS = (
					"DEBUG=1",
					"$(inherited)",
				);
				GCC_WARN_64_TO_32_BIT_CONVERSION = YES;
				GCC_WARN_ABOUT_RETURN_TYPE = YES_ERROR;
				GCC_WARN_UNDECLARED_SELECTOR = YES;
				GCC_WARN_UNINITIALIZED_AUTOS = YES_AGGRESSIVE;
				GCC_WARN_UNUSED_FUNCTION = YES;
				GCC_WARN_UNUSED_VARIABLE = YES;
				IPHONEOS_DEPLOYMENT_TARGET = 10.2;
				MTL_ENABLE_DEBUG_INFO = YES;
				ONLY_ACTIVE_ARCH = YES;
				SDKROOT = iphoneos;
			};
			name = Debug;
		};
		348D54151E27A5640005E96A /* Release */ = {
			isa = XCBuildConfiguration;
			buildSettings = {
				ALWAYS_SEARCH_USER_PATHS = NO;
				CLANG_ANALYZER_NONNULL = YES;
				CLANG_CXX_LANGUAGE_STANDARD = "gnu++0x";
				CLANG_CXX_LIBRARY = "libc++";
				CLANG_ENABLE_MODULES = YES;
				CLANG_ENABLE_OBJC_ARC = YES;
				CLANG_WARN_BOOL_CONVERSION = YES;
				CLANG_WARN_CONSTANT_CONVERSION = YES;
				CLANG_WARN_DIRECT_OBJC_ISA_USAGE = YES_ERROR;
				CLANG_WARN_DOCUMENTATION_COMMENTS = YES;
				CLANG_WARN_EMPTY_BODY = YES;
				CLANG_WARN_ENUM_CONVERSION = YES;
				CLANG_WARN_INFINITE_RECURSION = YES;
				CLANG_WARN_INT_CONVERSION = YES;
				CLANG_WARN_OBJC_ROOT_CLASS = YES_ERROR;
				CLANG_WARN_SUSPICIOUS_MOVE = YES;
				CLANG_WARN_UNREACHABLE_CODE = YES;
				CLANG_WARN__DUPLICATE_METHOD_MATCH = YES;
				"CODE_SIGN_IDENTITY[sdk=iphoneos*]" = "iPhone Developer";
				COPY_PHASE_STRIP = NO;
				DEBUG_INFORMATION_FORMAT = "dwarf-with-dsym";
				ENABLE_NS_ASSERTIONS = NO;
				ENABLE_STRICT_OBJC_MSGSEND = YES;
				GCC_C_LANGUAGE_STANDARD = gnu99;
				GCC_NO_COMMON_BLOCKS = YES;
				GCC_WARN_64_TO_32_BIT_CONVERSION = YES;
				GCC_WARN_ABOUT_RETURN_TYPE = YES_ERROR;
				GCC_WARN_UNDECLARED_SELECTOR = YES;
				GCC_WARN_UNINITIALIZED_AUTOS = YES_AGGRESSIVE;
				GCC_WARN_UNUSED_FUNCTION = YES;
				GCC_WARN_UNUSED_VARIABLE = YES;
				IPHONEOS_DEPLOYMENT_TARGET = 10.2;
				MTL_ENABLE_DEBUG_INFO = NO;
				SDKROOT = iphoneos;
				VALIDATE_PRODUCT = YES;
			};
			name = Release;
		};
		348D54171E27A5640005E96A /* Debug */ = {
			isa = XCBuildConfiguration;
			baseConfigurationReference = CA88DD2F20B1BEB2C73A8E3B /* Pods-JLKitDemo.debug.xcconfig */;
			buildSettings = {
				ASSETCATALOG_COMPILER_APPICON_NAME = AppIcon;
				"CODE_SIGN_IDENTITY[sdk=iphoneos*]" = "iPhone Developer";
				CODE_SIGN_STYLE = Automatic;
				DEVELOPMENT_TEAM = NVAFMDWZJC;
				ENABLE_STRICT_OBJC_MSGSEND = NO;
				GCC_INCREASE_PRECOMPILED_HEADER_SHARING = NO;
				GCC_PREFIX_HEADER = JLKitDemo/JLKit.pch;
				INFOPLIST_FILE = JLKitDemo/Info.plist;
				IPHONEOS_DEPLOYMENT_TARGET = 8.0;
				LD_RUNPATH_SEARCH_PATHS = "$(inherited) @executable_path/Frameworks";
				PRODUCT_BUNDLE_IDENTIFIER = JLKit.JL;
				PRODUCT_NAME = "$(TARGET_NAME)";
				PROVISIONING_PROFILE_SPECIFIER = "";
			};
			name = Debug;
		};
		348D54181E27A5640005E96A /* Release */ = {
			isa = XCBuildConfiguration;
			baseConfigurationReference = D2F6244D95ABCFE46FC53E38 /* Pods-JLKitDemo.release.xcconfig */;
			buildSettings = {
				ASSETCATALOG_COMPILER_APPICON_NAME = AppIcon;
				"CODE_SIGN_IDENTITY[sdk=iphoneos*]" = "iPhone Developer";
				CODE_SIGN_STYLE = Automatic;
				DEVELOPMENT_TEAM = NVAFMDWZJC;
				ENABLE_STRICT_OBJC_MSGSEND = NO;
				GCC_INCREASE_PRECOMPILED_HEADER_SHARING = NO;
				GCC_PREFIX_HEADER = JLKitDemo/JLKit.pch;
				INFOPLIST_FILE = JLKitDemo/Info.plist;
				IPHONEOS_DEPLOYMENT_TARGET = 8.0;
				LD_RUNPATH_SEARCH_PATHS = "$(inherited) @executable_path/Frameworks";
				PRODUCT_BUNDLE_IDENTIFIER = JLKit.JL;
				PRODUCT_NAME = "$(TARGET_NAME)";
				PROVISIONING_PROFILE_SPECIFIER = "";
			};
			name = Release;
		};
/* End XCBuildConfiguration section */

/* Begin XCConfigurationList section */
		348D53FA1E27A5640005E96A /* Build configuration list for PBXProject "JLKitDemo" */ = {
			isa = XCConfigurationList;
			buildConfigurations = (
				348D54141E27A5640005E96A /* Debug */,
				348D54151E27A5640005E96A /* Release */,
			);
			defaultConfigurationIsVisible = 0;
			defaultConfigurationName = Release;
		};
		348D54161E27A5640005E96A /* Build configuration list for PBXNativeTarget "JLKitDemo" */ = {
			isa = XCConfigurationList;
			buildConfigurations = (
				348D54171E27A5640005E96A /* Debug */,
				348D54181E27A5640005E96A /* Release */,
			);
			defaultConfigurationIsVisible = 0;
			defaultConfigurationName = Release;
		};
/* End XCConfigurationList section */
	};
	rootObject = 348D53F71E27A5640005E96A /* Project object */;
}
