// !$*UTF8*$!
{
	archiveVersion = 1;
	classes = {
	};
	objectVersion = 46;
	objects = {

/* Begin PBXBuildFile section */
		0D002FFC1E8C9B7A000A633A /* UIImage+JL.m in Sources */ = {isa = PBXBuildFile; fileRef = 0D002FFB1E8C9B7A000A633A /* UIImage+JL.m */; };
		0D5411AB1EEA3525007F6412 /* JLMenuView.m in Sources */ = {isa = PBXBuildFile; fileRef = 0D5411AA1EEA3525007F6412 /* JLMenuView.m */; };
		0D60826D1F597706005FE1C0 /* MultifunctionBtn.m in Sources */ = {isa = PBXBuildFile; fileRef = 0D60826C1F597706005FE1C0 /* MultifunctionBtn.m */; };
		0D65C0A61F56AC82007F8EE7 /* UINavigationController+JL.m in Sources */ = {isa = PBXBuildFile; fileRef = 0D65C0A31F56AC82007F8EE7 /* UINavigationController+JL.m */; };
		0D65C0A71F56AC82007F8EE7 /* UIViewController+navBarAlpha.m in Sources */ = {isa = PBXBuildFile; fileRef = 0D65C0A51F56AC82007F8EE7 /* UIViewController+navBarAlpha.m */; };
		0DCCCCDC1F50124800614DC0 /* WaterFlowLayout.m in Sources */ = {isa = PBXBuildFile; fileRef = 0DCCCCDB1F50124800614DC0 /* WaterFlowLayout.m */; };
		0DCCCCDF1F5013A700614DC0 /* TestCollectionViewController.m in Sources */ = {isa = PBXBuildFile; fileRef = 0DCCCCDE1F5013A700614DC0 /* TestCollectionViewController.m */; };
		0DCCCCE21F5014C700614DC0 /* OTCollectionViewDataSource.m in Sources */ = {isa = PBXBuildFile; fileRef = 0DCCCCE11F5014C700614DC0 /* OTCollectionViewDataSource.m */; };
		34091E721F7D16AB00537413 /* OTTableViewCore.m in Sources */ = {isa = PBXBuildFile; fileRef = 34091E711F7D16AB00537413 /* OTTableViewCore.m */; };
		343691091FD1579C00BAB79F /* UITableViewIndexBar.m in Sources */ = {isa = PBXBuildFile; fileRef = 343691081FD1579C00BAB79F /* UITableViewIndexBar.m */; };
		3436910C1FD158FC00BAB79F /* UITableView+IndexBar.m in Sources */ = {isa = PBXBuildFile; fileRef = 3436910B1FD158FC00BAB79F /* UITableView+IndexBar.m */; };
		3436910F1FD1598B00BAB79F /* TestIndexBarViewController.m in Sources */ = {isa = PBXBuildFile; fileRef = 3436910E1FD1598B00BAB79F /* TestIndexBarViewController.m */; };
		344074CE1F627B59008B0162 /* MTScrollTitleBar.m in Sources */ = {isa = PBXBuildFile; fileRef = 344074CD1F627B59008B0162 /* MTScrollTitleBar.m */; };
		344074D11F627B7C008B0162 /* MTScrollNavgationController.m in Sources */ = {isa = PBXBuildFile; fileRef = 344074D01F627B7C008B0162 /* MTScrollNavgationController.m */; };
		344074D41F627C05008B0162 /* TestScrollViewController.m in Sources */ = {isa = PBXBuildFile; fileRef = 344074D31F627C05008B0162 /* TestScrollViewController.m */; };
		344074DA1F62920A008B0162 /* MTScrollView.m in Sources */ = {isa = PBXBuildFile; fileRef = 344074D91F62920A008B0162 /* MTScrollView.m */; };
		348D54041E27A5640005E96A /* main.m in Sources */ = {isa = PBXBuildFile; fileRef = 348D54031E27A5640005E96A /* main.m */; };
		348D54071E27A5640005E96A /* AppDelegate.m in Sources */ = {isa = PBXBuildFile; fileRef = 348D54061E27A5640005E96A /* AppDelegate.m */; };
		348D540A1E27A5640005E96A /* ViewController.m in Sources */ = {isa = PBXBuildFile; fileRef = 348D54091E27A5640005E96A /* ViewController.m */; };
		348D540F1E27A5640005E96A /* Assets.xcassets in Resources */ = {isa = PBXBuildFile; fileRef = 348D540E1E27A5640005E96A /* Assets.xcassets */; };
		348D54121E27A5640005E96A /* LaunchScreen.storyboard in Resources */ = {isa = PBXBuildFile; fileRef = 348D54101E27A5640005E96A /* LaunchScreen.storyboard */; };
		349EB9AE1E28DDA000351FC4 /* JLBothSidesBtn.m in Sources */ = {isa = PBXBuildFile; fileRef = 349EB9AA1E28DDA000351FC4 /* JLBothSidesBtn.m */; };
		349EB9AF1E28DDA000351FC4 /* BothsidesBtnViewController.m in Sources */ = {isa = PBXBuildFile; fileRef = 349EB9AC1E28DDA000351FC4 /* BothsidesBtnViewController.m */; };
		349EB9B41E28DDDF00351FC4 /* JLTableView.m in Sources */ = {isa = PBXBuildFile; fileRef = 349EB9B31E28DDDF00351FC4 /* JLTableView.m */; };
		349EB9B71E28E59D00351FC4 /* TestTableViewController.m in Sources */ = {isa = PBXBuildFile; fileRef = 349EB9B61E28E59D00351FC4 /* TestTableViewController.m */; };
		349EB9BB1E2B77C800351FC4 /* JLDragOrderCollectionViewLayout.m in Sources */ = {isa = PBXBuildFile; fileRef = 349EB9BA1E2B77C800351FC4 /* JLDragOrderCollectionViewLayout.m */; };
		349EB9BE1E2B7B9100351FC4 /* JLTabMoreView.m in Sources */ = {isa = PBXBuildFile; fileRef = 349EB9BD1E2B7B9100351FC4 /* JLTabMoreView.m */; };
		349EB9C11E2B7C6C00351FC4 /* JLCellitem.m in Sources */ = {isa = PBXBuildFile; fileRef = 349EB9C01E2B7C6C00351FC4 /* JLCellitem.m */; };
		349EB9C41E2B7EE100351FC4 /* TestDragCollecViewController.m in Sources */ = {isa = PBXBuildFile; fileRef = 349EB9C31E2B7EE100351FC4 /* TestDragCollecViewController.m */; };
		34C137AA1FD94A1B00CC4230 /* XMNavigationController+Stack.m in Sources */ = {isa = PBXBuildFile; fileRef = 34C1379A1FD94A1900CC4230 /* XMNavigationController+Stack.m */; };
		34C137AB1FD94A1B00CC4230 /* XMNavigationController+Animation.m in Sources */ = {isa = PBXBuildFile; fileRef = 34C1379C1FD94A1A00CC4230 /* XMNavigationController+Animation.m */; };
		34C137AC1FD94A1B00CC4230 /* UIViewController+XMNavigationController.m in Sources */ = {isa = PBXBuildFile; fileRef = 34C1379F1FD94A1A00CC4230 /* UIViewController+XMNavigationController.m */; };
		34C137AD1FD94A1B00CC4230 /* NSObject+AssociateObj.m in Sources */ = {isa = PBXBuildFile; fileRef = 34C137A01FD94A1A00CC4230 /* NSObject+AssociateObj.m */; };
		34C137AE1FD94A1B00CC4230 /* XMNavigationController+PanGesture.m in Sources */ = {isa = PBXBuildFile; fileRef = 34C137A11FD94A1A00CC4230 /* XMNavigationController+PanGesture.m */; };
		34C137AF1FD94A1B00CC4230 /* XMNavigationController+UIViewControllerInXMNavigationController.m in Sources */ = {isa = PBXBuildFile; fileRef = 34C137A51FD94A1B00CC4230 /* XMNavigationController+UIViewControllerInXMNavigationController.m */; };
		34C137B01FD94A1B00CC4230 /* XMNavigationController+navigationBarUI.m in Sources */ = {isa = PBXBuildFile; fileRef = 34C137A61FD94A1B00CC4230 /* XMNavigationController+navigationBarUI.m */; };
		34C137B11FD94A1B00CC4230 /* XMNavigationController.m in Sources */ = {isa = PBXBuildFile; fileRef = 34C137A81FD94A1B00CC4230 /* XMNavigationController.m */; };
		34C137C01FDD9A1700CC4230 /* MyViewController.m in Sources */ = {isa = PBXBuildFile; fileRef = 34C137BF1FDD9A1700CC4230 /* MyViewController.m */; };
		34C137D11FDDA24E00CC4230 /* UINavigationController+XXTransition.m in Sources */ = {isa = PBXBuildFile; fileRef = 34C137C41FDDA24D00CC4230 /* UINavigationController+XXTransition.m */; };
		34C137D21FDDA24E00CC4230 /* XXAnimatedTransitioning.m in Sources */ = {isa = PBXBuildFile; fileRef = 34C137C51FDDA24D00CC4230 /* XXAnimatedTransitioning.m */; };
		34C137D31FDDA24E00CC4230 /* XXInteractiveTransition.m in Sources */ = {isa = PBXBuildFile; fileRef = 34C137C91FDDA24D00CC4230 /* XXInteractiveTransition.m */; };
		34C137D41FDDA24E00CC4230 /* XXGlobalConst.m in Sources */ = {isa = PBXBuildFile; fileRef = 34C137CC1FDDA24E00CC4230 /* XXGlobalConst.m */; };
		34C137D51FDDA24E00CC4230 /* UIViewController+XXTransition.m in Sources */ = {isa = PBXBuildFile; fileRef = 34C137CD1FDDA24E00CC4230 /* UIViewController+XXTransition.m */; };
		34C137D61FDDA24E00CC4230 /* XXTransition.m in Sources */ = {isa = PBXBuildFile; fileRef = 34C137CF1FDDA24E00CC4230 /* XXTransition.m */; };
		34C137D71FDDA24E00CC4230 /* XXTransitionManager.m in Sources */ = {isa = PBXBuildFile; fileRef = 34C137D01FDDA24E00CC4230 /* XXTransitionManager.m */; };
		34C137DA1FDDA49D00CC4230 /* JLNavigationController.m in Sources */ = {isa = PBXBuildFile; fileRef = 34C137D91FDDA49D00CC4230 /* JLNavigationController.m */; };
		34C137DD1FDE345D00CC4230 /* JLPresentationController.m in Sources */ = {isa = PBXBuildFile; fileRef = 34C137DC1FDE345D00CC4230 /* JLPresentationController.m */; };
		34C137E01FDE347F00CC4230 /* PersentController.m in Sources */ = {isa = PBXBuildFile; fileRef = 34C137DF1FDE347F00CC4230 /* PersentController.m */; };
		34F667681FB44CC10072F07A /* Test_MenuViewController.m in Sources */ = {isa = PBXBuildFile; fileRef = 34F667671FB44CC10072F07A /* Test_MenuViewController.m */; };
		34FB73531FBD311600A37ADC /* JLTextFiled.m in Sources */ = {isa = PBXBuildFile; fileRef = 34FB73521FBD311600A37ADC /* JLTextFiled.m */; };
		34FB73561FBD329200A37ADC /* LoginViewController.m in Sources */ = {isa = PBXBuildFile; fileRef = 34FB73551FBD329200A37ADC /* LoginViewController.m */; };
		34FB73591FBD876100A37ADC /* JLHotAreaBtn.m in Sources */ = {isa = PBXBuildFile; fileRef = 34FB73581FBD876100A37ADC /* JLHotAreaBtn.m */; };
		F46439F31FE036A600C92043 /* UIAvaterGenerater.m in Sources */ = {isa = PBXBuildFile; fileRef = F46439F21FE036A600C92043 /* UIAvaterGenerater.m */; };
		F46439F71FE0371200C92043 /* UINavigationController+DelegateManager.m in Sources */ = {isa = PBXBuildFile; fileRef = F46439F61FE0371200C92043 /* UINavigationController+DelegateManager.m */; };
		F46439FA1FE046CD00C92043 /* JLNavigationController.m in Sources */ = {isa = PBXBuildFile; fileRef = F46439F91FE046CD00C92043 /* JLNavigationController.m */; };
		F4C8B0C71F40468A00FDEDC7 /* OTTableViewController.m in Sources */ = {isa = PBXBuildFile; fileRef = F4C8B0C51F40468A00FDEDC7 /* OTTableViewController.m */; };
		F4C8B0D81F4046AC00FDEDC7 /* SettingCustonItem.m in Sources */ = {isa = PBXBuildFile; fileRef = F4C8B0C91F4046AC00FDEDC7 /* SettingCustonItem.m */; };
		F4C8B0D91F4046AC00FDEDC7 /* SettingArrowItem.m in Sources */ = {isa = PBXBuildFile; fileRef = F4C8B0CB1F4046AC00FDEDC7 /* SettingArrowItem.m */; };
		F4C8B0DA1F4046AC00FDEDC7 /* SettingCell.m in Sources */ = {isa = PBXBuildFile; fileRef = F4C8B0CD1F4046AC00FDEDC7 /* SettingCell.m */; };
		F4C8B0DB1F4046AC00FDEDC7 /* SettingGroupModel.m in Sources */ = {isa = PBXBuildFile; fileRef = F4C8B0CF1F4046AC00FDEDC7 /* SettingGroupModel.m */; };
		F4C8B0DC1F4046AC00FDEDC7 /* SettingItem.m in Sources */ = {isa = PBXBuildFile; fileRef = F4C8B0D11F4046AC00FDEDC7 /* SettingItem.m */; };
		F4C8B0DD1F4046AC00FDEDC7 /* SettingLabelItem.m in Sources */ = {isa = PBXBuildFile; fileRef = F4C8B0D31F4046AC00FDEDC7 /* SettingLabelItem.m */; };
		F4C8B0DE1F4046AC00FDEDC7 /* SettingSwitchItem.m in Sources */ = {isa = PBXBuildFile; fileRef = F4C8B0D51F4046AC00FDEDC7 /* SettingSwitchItem.m */; };
		F4C8B0DF1F4046AC00FDEDC7 /* LoginCell.m in Sources */ = {isa = PBXBuildFile; fileRef = F4C8B0D71F4046AC00FDEDC7 /* LoginCell.m */; };
		F4C8B0E21F4046E700FDEDC7 /* SettingViewController.m in Sources */ = {isa = PBXBuildFile; fileRef = F4C8B0E11F4046E700FDEDC7 /* SettingViewController.m */; };
/* End PBXBuildFile section */

/* Begin PBXFileReference section */
		0D002FFA1E8C9B7A000A633A /* UIImage+JL.h */ = {isa = PBXFileReference; fileEncoding = 4; lastKnownFileType = sourcecode.c.h; path = "UIImage+JL.h"; sourceTree = "<group>"; };
		0D002FFB1E8C9B7A000A633A /* UIImage+JL.m */ = {isa = PBXFileReference; fileEncoding = 4; lastKnownFileType = sourcecode.c.objc; path = "UIImage+JL.m"; sourceTree = "<group>"; };
		0D5411A91EEA3525007F6412 /* JLMenuView.h */ = {isa = PBXFileReference; fileEncoding = 4; lastKnownFileType = sourcecode.c.h; path = JLMenuView.h; sourceTree = "<group>"; };
		0D5411AA1EEA3525007F6412 /* JLMenuView.m */ = {isa = PBXFileReference; fileEncoding = 4; lastKnownFileType = sourcecode.c.objc; path = JLMenuView.m; sourceTree = "<group>"; };
		0D60826B1F597706005FE1C0 /* MultifunctionBtn.h */ = {isa = PBXFileReference; fileEncoding = 4; lastKnownFileType = sourcecode.c.h; path = MultifunctionBtn.h; sourceTree = "<group>"; };
		0D60826C1F597706005FE1C0 /* MultifunctionBtn.m */ = {isa = PBXFileReference; fileEncoding = 4; lastKnownFileType = sourcecode.c.objc; path = MultifunctionBtn.m; sourceTree = "<group>"; };
		0D65C0A21F56AC82007F8EE7 /* UINavigationController+JL.h */ = {isa = PBXFileReference; fileEncoding = 4; lastKnownFileType = sourcecode.c.h; path = "UINavigationController+JL.h"; sourceTree = "<group>"; };
		0D65C0A31F56AC82007F8EE7 /* UINavigationController+JL.m */ = {isa = PBXFileReference; fileEncoding = 4; lastKnownFileType = sourcecode.c.objc; path = "UINavigationController+JL.m"; sourceTree = "<group>"; };
		0D65C0A41F56AC82007F8EE7 /* UIViewController+navBarAlpha.h */ = {isa = PBXFileReference; fileEncoding = 4; lastKnownFileType = sourcecode.c.h; path = "UIViewController+navBarAlpha.h"; sourceTree = "<group>"; };
		0D65C0A51F56AC82007F8EE7 /* UIViewController+navBarAlpha.m */ = {isa = PBXFileReference; fileEncoding = 4; lastKnownFileType = sourcecode.c.objc; path = "UIViewController+navBarAlpha.m"; sourceTree = "<group>"; };
		0DCCCCDA1F50124800614DC0 /* WaterFlowLayout.h */ = {isa = PBXFileReference; fileEncoding = 4; lastKnownFileType = sourcecode.c.h; path = WaterFlowLayout.h; sourceTree = "<group>"; };
		0DCCCCDB1F50124800614DC0 /* WaterFlowLayout.m */ = {isa = PBXFileReference; fileEncoding = 4; lastKnownFileType = sourcecode.c.objc; path = WaterFlowLayout.m; sourceTree = "<group>"; };
		0DCCCCDD1F5013A700614DC0 /* TestCollectionViewController.h */ = {isa = PBXFileReference; fileEncoding = 4; lastKnownFileType = sourcecode.c.h; path = TestCollectionViewController.h; sourceTree = "<group>"; };
		0DCCCCDE1F5013A700614DC0 /* TestCollectionViewController.m */ = {isa = PBXFileReference; fileEncoding = 4; lastKnownFileType = sourcecode.c.objc; path = TestCollectionViewController.m; sourceTree = "<group>"; };
		0DCCCCE01F5014C700614DC0 /* OTCollectionViewDataSource.h */ = {isa = PBXFileReference; fileEncoding = 4; lastKnownFileType = sourcecode.c.h; path = OTCollectionViewDataSource.h; sourceTree = "<group>"; };
		0DCCCCE11F5014C700614DC0 /* OTCollectionViewDataSource.m */ = {isa = PBXFileReference; fileEncoding = 4; lastKnownFileType = sourcecode.c.objc; path = OTCollectionViewDataSource.m; sourceTree = "<group>"; };
		34091E701F7D16AB00537413 /* OTTableViewCore.h */ = {isa = PBXFileReference; fileEncoding = 4; lastKnownFileType = sourcecode.c.h; path = OTTableViewCore.h; sourceTree = "<group>"; };
		34091E711F7D16AB00537413 /* OTTableViewCore.m */ = {isa = PBXFileReference; fileEncoding = 4; lastKnownFileType = sourcecode.c.objc; path = OTTableViewCore.m; sourceTree = "<group>"; };
		343691071FD1579C00BAB79F /* UITableViewIndexBar.h */ = {isa = PBXFileReference; lastKnownFileType = sourcecode.c.h; path = UITableViewIndexBar.h; sourceTree = "<group>"; };
		343691081FD1579C00BAB79F /* UITableViewIndexBar.m */ = {isa = PBXFileReference; lastKnownFileType = sourcecode.c.objc; path = UITableViewIndexBar.m; sourceTree = "<group>"; };
		3436910A1FD158FC00BAB79F /* UITableView+IndexBar.h */ = {isa = PBXFileReference; lastKnownFileType = sourcecode.c.h; path = "UITableView+IndexBar.h"; sourceTree = "<group>"; };
		3436910B1FD158FC00BAB79F /* UITableView+IndexBar.m */ = {isa = PBXFileReference; lastKnownFileType = sourcecode.c.objc; path = "UITableView+IndexBar.m"; sourceTree = "<group>"; };
		3436910D1FD1598B00BAB79F /* TestIndexBarViewController.h */ = {isa = PBXFileReference; lastKnownFileType = sourcecode.c.h; path = TestIndexBarViewController.h; sourceTree = "<group>"; };
		3436910E1FD1598B00BAB79F /* TestIndexBarViewController.m */ = {isa = PBXFileReference; lastKnownFileType = sourcecode.c.objc; path = TestIndexBarViewController.m; sourceTree = "<group>"; };
		343691141FD1C83B00BAB79F /* GlobalConfig.h */ = {isa = PBXFileReference; lastKnownFileType = sourcecode.c.h; path = GlobalConfig.h; sourceTree = "<group>"; };
		344074CC1F627B59008B0162 /* MTScrollTitleBar.h */ = {isa = PBXFileReference; fileEncoding = 4; lastKnownFileType = sourcecode.c.h; path = MTScrollTitleBar.h; sourceTree = "<group>"; };
		344074CD1F627B59008B0162 /* MTScrollTitleBar.m */ = {isa = PBXFileReference; fileEncoding = 4; lastKnownFileType = sourcecode.c.objc; path = MTScrollTitleBar.m; sourceTree = "<group>"; };
		344074CF1F627B7C008B0162 /* MTScrollNavgationController.h */ = {isa = PBXFileReference; fileEncoding = 4; lastKnownFileType = sourcecode.c.h; path = MTScrollNavgationController.h; sourceTree = "<group>"; };
		344074D01F627B7C008B0162 /* MTScrollNavgationController.m */ = {isa = PBXFileReference; fileEncoding = 4; lastKnownFileType = sourcecode.c.objc; path = MTScrollNavgationController.m; sourceTree = "<group>"; };
		344074D21F627C05008B0162 /* TestScrollViewController.h */ = {isa = PBXFileReference; fileEncoding = 4; lastKnownFileType = sourcecode.c.h; path = TestScrollViewController.h; sourceTree = "<group>"; };
		344074D31F627C05008B0162 /* TestScrollViewController.m */ = {isa = PBXFileReference; fileEncoding = 4; lastKnownFileType = sourcecode.c.objc; path = TestScrollViewController.m; sourceTree = "<group>"; };
		344074D81F62920A008B0162 /* MTScrollView.h */ = {isa = PBXFileReference; fileEncoding = 4; lastKnownFileType = sourcecode.c.h; path = MTScrollView.h; sourceTree = "<group>"; };
		344074D91F62920A008B0162 /* MTScrollView.m */ = {isa = PBXFileReference; fileEncoding = 4; lastKnownFileType = sourcecode.c.objc; path = MTScrollView.m; sourceTree = "<group>"; };
		348D53FF1E27A5640005E96A /* JLKitDemo.app */ = {isa = PBXFileReference; explicitFileType = wrapper.application; includeInIndex = 0; path = JLKitDemo.app; sourceTree = BUILT_PRODUCTS_DIR; };
		348D54031E27A5640005E96A /* main.m */ = {isa = PBXFileReference; lastKnownFileType = sourcecode.c.objc; path = main.m; sourceTree = "<group>"; };
		348D54051E27A5640005E96A /* AppDelegate.h */ = {isa = PBXFileReference; lastKnownFileType = sourcecode.c.h; path = AppDelegate.h; sourceTree = "<group>"; };
		348D54061E27A5640005E96A /* AppDelegate.m */ = {isa = PBXFileReference; lastKnownFileType = sourcecode.c.objc; path = AppDelegate.m; sourceTree = "<group>"; };
		348D54081E27A5640005E96A /* ViewController.h */ = {isa = PBXFileReference; lastKnownFileType = sourcecode.c.h; path = ViewController.h; sourceTree = "<group>"; };
		348D54091E27A5640005E96A /* ViewController.m */ = {isa = PBXFileReference; lastKnownFileType = sourcecode.c.objc; path = ViewController.m; sourceTree = "<group>"; };
		348D540E1E27A5640005E96A /* Assets.xcassets */ = {isa = PBXFileReference; lastKnownFileType = folder.assetcatalog; path = Assets.xcassets; sourceTree = "<group>"; };
		348D54111E27A5640005E96A /* Base */ = {isa = PBXFileReference; lastKnownFileType = file.storyboard; name = Base; path = Base.lproj/LaunchScreen.storyboard; sourceTree = "<group>"; };
		348D54131E27A5640005E96A /* Info.plist */ = {isa = PBXFileReference; lastKnownFileType = text.plist.xml; path = Info.plist; sourceTree = "<group>"; };
		349EB9A91E28DDA000351FC4 /* JLBothSidesBtn.h */ = {isa = PBXFileReference; fileEncoding = 4; lastKnownFileType = sourcecode.c.h; path = JLBothSidesBtn.h; sourceTree = "<group>"; };
		349EB9AA1E28DDA000351FC4 /* JLBothSidesBtn.m */ = {isa = PBXFileReference; fileEncoding = 4; lastKnownFileType = sourcecode.c.objc; path = JLBothSidesBtn.m; sourceTree = "<group>"; };
		349EB9AB1E28DDA000351FC4 /* BothsidesBtnViewController.h */ = {isa = PBXFileReference; fileEncoding = 4; lastKnownFileType = sourcecode.c.h; path = BothsidesBtnViewController.h; sourceTree = "<group>"; };
		349EB9AC1E28DDA000351FC4 /* BothsidesBtnViewController.m */ = {isa = PBXFileReference; fileEncoding = 4; lastKnownFileType = sourcecode.c.objc; path = BothsidesBtnViewController.m; sourceTree = "<group>"; };
		349EB9B21E28DDDF00351FC4 /* JLTableView.h */ = {isa = PBXFileReference; fileEncoding = 4; lastKnownFileType = sourcecode.c.h; path = JLTableView.h; sourceTree = "<group>"; };
		349EB9B31E28DDDF00351FC4 /* JLTableView.m */ = {isa = PBXFileReference; fileEncoding = 4; lastKnownFileType = sourcecode.c.objc; path = JLTableView.m; sourceTree = "<group>"; };
		349EB9B51E28E59D00351FC4 /* TestTableViewController.h */ = {isa = PBXFileReference; fileEncoding = 4; lastKnownFileType = sourcecode.c.h; path = TestTableViewController.h; sourceTree = "<group>"; };
		349EB9B61E28E59D00351FC4 /* TestTableViewController.m */ = {isa = PBXFileReference; fileEncoding = 4; lastKnownFileType = sourcecode.c.objc; path = TestTableViewController.m; sourceTree = "<group>"; };
		349EB9B91E2B77C800351FC4 /* JLDragOrderCollectionViewLayout.h */ = {isa = PBXFileReference; fileEncoding = 4; lastKnownFileType = sourcecode.c.h; path = JLDragOrderCollectionViewLayout.h; sourceTree = "<group>"; };
		349EB9BA1E2B77C800351FC4 /* JLDragOrderCollectionViewLayout.m */ = {isa = PBXFileReference; fileEncoding = 4; lastKnownFileType = sourcecode.c.objc; path = JLDragOrderCollectionViewLayout.m; sourceTree = "<group>"; };
		349EB9BC1E2B7B9100351FC4 /* JLTabMoreView.h */ = {isa = PBXFileReference; fileEncoding = 4; lastKnownFileType = sourcecode.c.h; path = JLTabMoreView.h; sourceTree = "<group>"; };
		349EB9BD1E2B7B9100351FC4 /* JLTabMoreView.m */ = {isa = PBXFileReference; fileEncoding = 4; lastKnownFileType = sourcecode.c.objc; path = JLTabMoreView.m; sourceTree = "<group>"; };
		349EB9BF1E2B7C6C00351FC4 /* JLCellitem.h */ = {isa = PBXFileReference; fileEncoding = 4; lastKnownFileType = sourcecode.c.h; path = JLCellitem.h; sourceTree = "<group>"; };
		349EB9C01E2B7C6C00351FC4 /* JLCellitem.m */ = {isa = PBXFileReference; fileEncoding = 4; lastKnownFileType = sourcecode.c.objc; path = JLCellitem.m; sourceTree = "<group>"; };
		349EB9C21E2B7EE100351FC4 /* TestDragCollecViewController.h */ = {isa = PBXFileReference; fileEncoding = 4; lastKnownFileType = sourcecode.c.h; path = TestDragCollecViewController.h; sourceTree = "<group>"; };
		349EB9C31E2B7EE100351FC4 /* TestDragCollecViewController.m */ = {isa = PBXFileReference; fileEncoding = 4; lastKnownFileType = sourcecode.c.objc; path = TestDragCollecViewController.m; sourceTree = "<group>"; };
		34C137991FD94A1900CC4230 /* XMNavigationController+navigationBarUI.h */ = {isa = PBXFileReference; fileEncoding = 4; lastKnownFileType = sourcecode.c.h; path = "XMNavigationController+navigationBarUI.h"; sourceTree = "<group>"; };
		34C1379A1FD94A1900CC4230 /* XMNavigationController+Stack.m */ = {isa = PBXFileReference; fileEncoding = 4; lastKnownFileType = sourcecode.c.objc; path = "XMNavigationController+Stack.m"; sourceTree = "<group>"; };
		34C1379B1FD94A1900CC4230 /* XMNavigationGlobalDefines.h */ = {isa = PBXFileReference; fileEncoding = 4; lastKnownFileType = sourcecode.c.h; path = XMNavigationGlobalDefines.h; sourceTree = "<group>"; };
		34C1379C1FD94A1A00CC4230 /* XMNavigationController+Animation.m */ = {isa = PBXFileReference; fileEncoding = 4; lastKnownFileType = sourcecode.c.objc; path = "XMNavigationController+Animation.m"; sourceTree = "<group>"; };
		34C1379D1FD94A1A00CC4230 /* XMNavigationController+Animation.h */ = {isa = PBXFileReference; fileEncoding = 4; lastKnownFileType = sourcecode.c.h; path = "XMNavigationController+Animation.h"; sourceTree = "<group>"; };
		34C1379E1FD94A1A00CC4230 /* XMNavigationController.h */ = {isa = PBXFileReference; fileEncoding = 4; lastKnownFileType = sourcecode.c.h; path = XMNavigationController.h; sourceTree = "<group>"; };
		34C1379F1FD94A1A00CC4230 /* UIViewController+XMNavigationController.m */ = {isa = PBXFileReference; fileEncoding = 4; lastKnownFileType = sourcecode.c.objc; path = "UIViewController+XMNavigationController.m"; sourceTree = "<group>"; };
		34C137A01FD94A1A00CC4230 /* NSObject+AssociateObj.m */ = {isa = PBXFileReference; fileEncoding = 4; lastKnownFileType = sourcecode.c.objc; path = "NSObject+AssociateObj.m"; sourceTree = "<group>"; };
		34C137A11FD94A1A00CC4230 /* XMNavigationController+PanGesture.m */ = {isa = PBXFileReference; fileEncoding = 4; lastKnownFileType = sourcecode.c.objc; path = "XMNavigationController+PanGesture.m"; sourceTree = "<group>"; };
		34C137A21FD94A1A00CC4230 /* UIViewController+XMNavigationController.h */ = {isa = PBXFileReference; fileEncoding = 4; lastKnownFileType = sourcecode.c.h; path = "UIViewController+XMNavigationController.h"; sourceTree = "<group>"; };
		34C137A31FD94A1A00CC4230 /* NSObject+AssociateObj.h */ = {isa = PBXFileReference; fileEncoding = 4; lastKnownFileType = sourcecode.c.h; path = "NSObject+AssociateObj.h"; sourceTree = "<group>"; };
		34C137A41FD94A1B00CC4230 /* XMNavigationController+UIViewControllerInXMNavigationController.h */ = {isa = PBXFileReference; fileEncoding = 4; lastKnownFileType = sourcecode.c.h; path = "XMNavigationController+UIViewControllerInXMNavigationController.h"; sourceTree = "<group>"; };
		34C137A51FD94A1B00CC4230 /* XMNavigationController+UIViewControllerInXMNavigationController.m */ = {isa = PBXFileReference; fileEncoding = 4; lastKnownFileType = sourcecode.c.objc; path = "XMNavigationController+UIViewControllerInXMNavigationController.m"; sourceTree = "<group>"; };
		34C137A61FD94A1B00CC4230 /* XMNavigationController+navigationBarUI.m */ = {isa = PBXFileReference; fileEncoding = 4; lastKnownFileType = sourcecode.c.objc; path = "XMNavigationController+navigationBarUI.m"; sourceTree = "<group>"; };
		34C137A71FD94A1B00CC4230 /* XMNavigationController+PanGesture.h */ = {isa = PBXFileReference; fileEncoding = 4; lastKnownFileType = sourcecode.c.h; path = "XMNavigationController+PanGesture.h"; sourceTree = "<group>"; };
		34C137A81FD94A1B00CC4230 /* XMNavigationController.m */ = {isa = PBXFileReference; fileEncoding = 4; lastKnownFileType = sourcecode.c.objc; path = XMNavigationController.m; sourceTree = "<group>"; };
		34C137A91FD94A1B00CC4230 /* XMNavigationController+Stack.h */ = {isa = PBXFileReference; fileEncoding = 4; lastKnownFileType = sourcecode.c.h; path = "XMNavigationController+Stack.h"; sourceTree = "<group>"; };
		34C137BE1FDD9A1700CC4230 /* MyViewController.h */ = {isa = PBXFileReference; lastKnownFileType = sourcecode.c.h; path = MyViewController.h; sourceTree = "<group>"; };
		34C137BF1FDD9A1700CC4230 /* MyViewController.m */ = {isa = PBXFileReference; lastKnownFileType = sourcecode.c.objc; path = MyViewController.m; sourceTree = "<group>"; };
		34C137C21FDDA24D00CC4230 /* XXGlobalConst.h */ = {isa = PBXFileReference; fileEncoding = 4; lastKnownFileType = sourcecode.c.h; path = XXGlobalConst.h; sourceTree = "<group>"; };
		34C137C31FDDA24D00CC4230 /* XXMacro.h */ = {isa = PBXFileReference; fileEncoding = 4; lastKnownFileType = sourcecode.c.h; path = XXMacro.h; sourceTree = "<group>"; };
		34C137C41FDDA24D00CC4230 /* UINavigationController+XXTransition.m */ = {isa = PBXFileReference; fileEncoding = 4; lastKnownFileType = sourcecode.c.objc; path = "UINavigationController+XXTransition.m"; sourceTree = "<group>"; };
		34C137C51FDDA24D00CC4230 /* XXAnimatedTransitioning.m */ = {isa = PBXFileReference; fileEncoding = 4; lastKnownFileType = sourcecode.c.objc; path = XXAnimatedTransitioning.m; sourceTree = "<group>"; };
		34C137C61FDDA24D00CC4230 /* XXInteractiveTransition.h */ = {isa = PBXFileReference; fileEncoding = 4; lastKnownFileType = sourcecode.c.h; path = XXInteractiveTransition.h; sourceTree = "<group>"; };
		34C137C71FDDA24D00CC4230 /* XXTransitionManager.h */ = {isa = PBXFileReference; fileEncoding = 4; lastKnownFileType = sourcecode.c.h; path = XXTransitionManager.h; sourceTree = "<group>"; };
		34C137C81FDDA24D00CC4230 /* UINavigationController+XXTransition.h */ = {isa = PBXFileReference; fileEncoding = 4; lastKnownFileType = sourcecode.c.h; path = "UINavigationController+XXTransition.h"; sourceTree = "<group>"; };
		34C137C91FDDA24D00CC4230 /* XXInteractiveTransition.m */ = {isa = PBXFileReference; fileEncoding = 4; lastKnownFileType = sourcecode.c.objc; path = XXInteractiveTransition.m; sourceTree = "<group>"; };
		34C137CA1FDDA24D00CC4230 /* UIViewController+XXTransition.h */ = {isa = PBXFileReference; fileEncoding = 4; lastKnownFileType = sourcecode.c.h; path = "UIViewController+XXTransition.h"; sourceTree = "<group>"; };
		34C137CB1FDDA24E00CC4230 /* XXTransition.h */ = {isa = PBXFileReference; fileEncoding = 4; lastKnownFileType = sourcecode.c.h; path = XXTransition.h; sourceTree = "<group>"; };
		34C137CC1FDDA24E00CC4230 /* XXGlobalConst.m */ = {isa = PBXFileReference; fileEncoding = 4; lastKnownFileType = sourcecode.c.objc; path = XXGlobalConst.m; sourceTree = "<group>"; };
		34C137CD1FDDA24E00CC4230 /* UIViewController+XXTransition.m */ = {isa = PBXFileReference; fileEncoding = 4; lastKnownFileType = sourcecode.c.objc; path = "UIViewController+XXTransition.m"; sourceTree = "<group>"; };
		34C137CE1FDDA24E00CC4230 /* XXAnimatedTransitioning.h */ = {isa = PBXFileReference; fileEncoding = 4; lastKnownFileType = sourcecode.c.h; path = XXAnimatedTransitioning.h; sourceTree = "<group>"; };
		34C137CF1FDDA24E00CC4230 /* XXTransition.m */ = {isa = PBXFileReference; fileEncoding = 4; lastKnownFileType = sourcecode.c.objc; path = XXTransition.m; sourceTree = "<group>"; };
		34C137D01FDDA24E00CC4230 /* XXTransitionManager.m */ = {isa = PBXFileReference; fileEncoding = 4; lastKnownFileType = sourcecode.c.objc; path = XXTransitionManager.m; sourceTree = "<group>"; };
		34C137D81FDDA49D00CC4230 /* JLNavigationController.h */ = {isa = PBXFileReference; lastKnownFileType = sourcecode.c.h; path = JLNavigationController.h; sourceTree = "<group>"; };
		34C137D91FDDA49D00CC4230 /* JLNavigationController.m */ = {isa = PBXFileReference; lastKnownFileType = sourcecode.c.objc; path = JLNavigationController.m; sourceTree = "<group>"; };
		34C137DB1FDE345C00CC4230 /* JLPresentationController.h */ = {isa = PBXFileReference; lastKnownFileType = sourcecode.c.h; path = JLPresentationController.h; sourceTree = "<group>"; };
		34C137DC1FDE345D00CC4230 /* JLPresentationController.m */ = {isa = PBXFileReference; lastKnownFileType = sourcecode.c.objc; path = JLPresentationController.m; sourceTree = "<group>"; };
		34C137DE1FDE347F00CC4230 /* PersentController.h */ = {isa = PBXFileReference; lastKnownFileType = sourcecode.c.h; path = PersentController.h; sourceTree = "<group>"; };
		34C137DF1FDE347F00CC4230 /* PersentController.m */ = {isa = PBXFileReference; lastKnownFileType = sourcecode.c.objc; path = PersentController.m; sourceTree = "<group>"; };
		34F667661FB44CC10072F07A /* Test_MenuViewController.h */ = {isa = PBXFileReference; lastKnownFileType = sourcecode.c.h; path = Test_MenuViewController.h; sourceTree = "<group>"; };
		34F667671FB44CC10072F07A /* Test_MenuViewController.m */ = {isa = PBXFileReference; lastKnownFileType = sourcecode.c.objc; path = Test_MenuViewController.m; sourceTree = "<group>"; };
		34FB73511FBD311600A37ADC /* JLTextFiled.h */ = {isa = PBXFileReference; lastKnownFileType = sourcecode.c.h; path = JLTextFiled.h; sourceTree = "<group>"; };
		34FB73521FBD311600A37ADC /* JLTextFiled.m */ = {isa = PBXFileReference; lastKnownFileType = sourcecode.c.objc; path = JLTextFiled.m; sourceTree = "<group>"; };
		34FB73541FBD329200A37ADC /* LoginViewController.h */ = {isa = PBXFileReference; lastKnownFileType = sourcecode.c.h; path = LoginViewController.h; sourceTree = "<group>"; };
		34FB73551FBD329200A37ADC /* LoginViewController.m */ = {isa = PBXFileReference; lastKnownFileType = sourcecode.c.objc; path = LoginViewController.m; sourceTree = "<group>"; };
		34FB73571FBD876100A37ADC /* JLHotAreaBtn.h */ = {isa = PBXFileReference; lastKnownFileType = sourcecode.c.h; path = JLHotAreaBtn.h; sourceTree = "<group>"; };
		34FB73581FBD876100A37ADC /* JLHotAreaBtn.m */ = {isa = PBXFileReference; lastKnownFileType = sourcecode.c.objc; path = JLHotAreaBtn.m; sourceTree = "<group>"; };
		F46439F11FE036A600C92043 /* UIAvaterGenerater.h */ = {isa = PBXFileReference; fileEncoding = 4; lastKnownFileType = sourcecode.c.h; path = UIAvaterGenerater.h; sourceTree = "<group>"; };
		F46439F21FE036A600C92043 /* UIAvaterGenerater.m */ = {isa = PBXFileReference; fileEncoding = 4; lastKnownFileType = sourcecode.c.objc; path = UIAvaterGenerater.m; sourceTree = "<group>"; };
		F46439F51FE0371200C92043 /* UINavigationController+DelegateManager.h */ = {isa = PBXFileReference; lastKnownFileType = sourcecode.c.h; path = "UINavigationController+DelegateManager.h"; sourceTree = "<group>"; };
		F46439F61FE0371200C92043 /* UINavigationController+DelegateManager.m */ = {isa = PBXFileReference; lastKnownFileType = sourcecode.c.objc; path = "UINavigationController+DelegateManager.m"; sourceTree = "<group>"; };
		F46439F81FE046CC00C92043 /* JLNavigationController.h */ = {isa = PBXFileReference; fileEncoding = 4; lastKnownFileType = sourcecode.c.h; path = JLNavigationController.h; sourceTree = "<group>"; };
		F46439F91FE046CD00C92043 /* JLNavigationController.m */ = {isa = PBXFileReference; fileEncoding = 4; lastKnownFileType = sourcecode.c.objc; path = JLNavigationController.m; sourceTree = "<group>"; };
		F4C8B0C41F40468A00FDEDC7 /* OTTableViewController.h */ = {isa = PBXFileReference; fileEncoding = 4; lastKnownFileType = sourcecode.c.h; path = OTTableViewController.h; sourceTree = "<group>"; };
		F4C8B0C51F40468A00FDEDC7 /* OTTableViewController.m */ = {isa = PBXFileReference; fileEncoding = 4; lastKnownFileType = sourcecode.c.objc; path = OTTableViewController.m; sourceTree = "<group>"; };
		F4C8B0C61F40468A00FDEDC7 /* OTPotocol.h */ = {isa = PBXFileReference; fileEncoding = 4; lastKnownFileType = sourcecode.c.h; path = OTPotocol.h; sourceTree = "<group>"; };
		F4C8B0C81F4046AC00FDEDC7 /* SettingCustonItem.h */ = {isa = PBXFileReference; fileEncoding = 4; lastKnownFileType = sourcecode.c.h; path = SettingCustonItem.h; sourceTree = "<group>"; };
		F4C8B0C91F4046AC00FDEDC7 /* SettingCustonItem.m */ = {isa = PBXFileReference; fileEncoding = 4; lastKnownFileType = sourcecode.c.objc; path = SettingCustonItem.m; sourceTree = "<group>"; };
		F4C8B0CA1F4046AC00FDEDC7 /* SettingArrowItem.h */ = {isa = PBXFileReference; fileEncoding = 4; lastKnownFileType = sourcecode.c.h; path = SettingArrowItem.h; sourceTree = "<group>"; };
		F4C8B0CB1F4046AC00FDEDC7 /* SettingArrowItem.m */ = {isa = PBXFileReference; fileEncoding = 4; lastKnownFileType = sourcecode.c.objc; path = SettingArrowItem.m; sourceTree = "<group>"; };
		F4C8B0CC1F4046AC00FDEDC7 /* SettingCell.h */ = {isa = PBXFileReference; fileEncoding = 4; lastKnownFileType = sourcecode.c.h; path = SettingCell.h; sourceTree = "<group>"; };
		F4C8B0CD1F4046AC00FDEDC7 /* SettingCell.m */ = {isa = PBXFileReference; fileEncoding = 4; lastKnownFileType = sourcecode.c.objc; path = SettingCell.m; sourceTree = "<group>"; };
		F4C8B0CE1F4046AC00FDEDC7 /* SettingGroupModel.h */ = {isa = PBXFileReference; fileEncoding = 4; lastKnownFileType = sourcecode.c.h; path = SettingGroupModel.h; sourceTree = "<group>"; };
		F4C8B0CF1F4046AC00FDEDC7 /* SettingGroupModel.m */ = {isa = PBXFileReference; fileEncoding = 4; lastKnownFileType = sourcecode.c.objc; path = SettingGroupModel.m; sourceTree = "<group>"; };
		F4C8B0D01F4046AC00FDEDC7 /* SettingItem.h */ = {isa = PBXFileReference; fileEncoding = 4; lastKnownFileType = sourcecode.c.h; path = SettingItem.h; sourceTree = "<group>"; };
		F4C8B0D11F4046AC00FDEDC7 /* SettingItem.m */ = {isa = PBXFileReference; fileEncoding = 4; lastKnownFileType = sourcecode.c.objc; path = SettingItem.m; sourceTree = "<group>"; };
		F4C8B0D21F4046AC00FDEDC7 /* SettingLabelItem.h */ = {isa = PBXFileReference; fileEncoding = 4; lastKnownFileType = sourcecode.c.h; path = SettingLabelItem.h; sourceTree = "<group>"; };
		F4C8B0D31F4046AC00FDEDC7 /* SettingLabelItem.m */ = {isa = PBXFileReference; fileEncoding = 4; lastKnownFileType = sourcecode.c.objc; path = SettingLabelItem.m; sourceTree = "<group>"; };
		F4C8B0D41F4046AC00FDEDC7 /* SettingSwitchItem.h */ = {isa = PBXFileReference; fileEncoding = 4; lastKnownFileType = sourcecode.c.h; path = SettingSwitchItem.h; sourceTree = "<group>"; };
		F4C8B0D51F4046AC00FDEDC7 /* SettingSwitchItem.m */ = {isa = PBXFileReference; fileEncoding = 4; lastKnownFileType = sourcecode.c.objc; path = SettingSwitchItem.m; sourceTree = "<group>"; };
		F4C8B0D61F4046AC00FDEDC7 /* LoginCell.h */ = {isa = PBXFileReference; fileEncoding = 4; lastKnownFileType = sourcecode.c.h; path = LoginCell.h; sourceTree = "<group>"; };
		F4C8B0D71F4046AC00FDEDC7 /* LoginCell.m */ = {isa = PBXFileReference; fileEncoding = 4; lastKnownFileType = sourcecode.c.objc; path = LoginCell.m; sourceTree = "<group>"; };
		F4C8B0E01F4046E700FDEDC7 /* SettingViewController.h */ = {isa = PBXFileReference; fileEncoding = 4; lastKnownFileType = sourcecode.c.h; path = SettingViewController.h; sourceTree = "<group>"; };
		F4C8B0E11F4046E700FDEDC7 /* SettingViewController.m */ = {isa = PBXFileReference; fileEncoding = 4; lastKnownFileType = sourcecode.c.objc; path = SettingViewController.m; sourceTree = "<group>"; };
/* End PBXFileReference section */

/* Begin PBXFrameworksBuildPhase section */
		348D53FC1E27A5640005E96A /* Frameworks */ = {
			isa = PBXFrameworksBuildPhase;
			buildActionMask = 2147483647;
			files = (
			);
			runOnlyForDeploymentPostprocessing = 0;
		};
/* End PBXFrameworksBuildPhase section */

/* Begin PBXGroup section */
		0D5411A81EEA3525007F6412 /* menu View */ = {
			isa = PBXGroup;
			children = (
				0D5411A91EEA3525007F6412 /* JLMenuView.h */,
				0D5411AA1EEA3525007F6412 /* JLMenuView.m */,
				34F667661FB44CC10072F07A /* Test_MenuViewController.h */,
				34F667671FB44CC10072F07A /* Test_MenuViewController.m */,
			);
			path = "menu View";
			sourceTree = "<group>";
		};
		0D65C0A11F56AC6D007F8EE7 /* navgationbar */ = {
			isa = PBXGroup;
			children = (
				0D65C0A21F56AC82007F8EE7 /* UINavigationController+JL.h */,
				0D65C0A31F56AC82007F8EE7 /* UINavigationController+JL.m */,
				0D65C0A41F56AC82007F8EE7 /* UIViewController+navBarAlpha.h */,
				0D65C0A51F56AC82007F8EE7 /* UIViewController+navBarAlpha.m */,
			);
			path = navgationbar;
			sourceTree = "<group>";
		};
		0DCCCCD91F50122500614DC0 /* waterflowlayout */ = {
			isa = PBXGroup;
			children = (
				0DCCCCDA1F50124800614DC0 /* WaterFlowLayout.h */,
				0DCCCCDB1F50124800614DC0 /* WaterFlowLayout.m */,
				0DCCCCE01F5014C700614DC0 /* OTCollectionViewDataSource.h */,
				0DCCCCE11F5014C700614DC0 /* OTCollectionViewDataSource.m */,
			);
			path = waterflowlayout;
			sourceTree = "<group>";
		};
		343691061FD1576300BAB79F /* TableViewIndexBar */ = {
			isa = PBXGroup;
			children = (
				343691071FD1579C00BAB79F /* UITableViewIndexBar.h */,
				343691081FD1579C00BAB79F /* UITableViewIndexBar.m */,
				3436910A1FD158FC00BAB79F /* UITableView+IndexBar.h */,
				3436910B1FD158FC00BAB79F /* UITableView+IndexBar.m */,
				3436910D1FD1598B00BAB79F /* TestIndexBarViewController.h */,
				3436910E1FD1598B00BAB79F /* TestIndexBarViewController.m */,
			);
			path = TableViewIndexBar;
			sourceTree = "<group>";
		};
		344074CB1F627B2A008B0162 /* scrollContainer */ = {
			isa = PBXGroup;
			children = (
				344074CC1F627B59008B0162 /* MTScrollTitleBar.h */,
				344074CD1F627B59008B0162 /* MTScrollTitleBar.m */,
				344074CF1F627B7C008B0162 /* MTScrollNavgationController.h */,
				344074D01F627B7C008B0162 /* MTScrollNavgationController.m */,
				344074D81F62920A008B0162 /* MTScrollView.h */,
				344074D91F62920A008B0162 /* MTScrollView.m */,
				344074D21F627C05008B0162 /* TestScrollViewController.h */,
				344074D31F627C05008B0162 /* TestScrollViewController.m */,
			);
			path = scrollContainer;
			sourceTree = "<group>";
		};
		348D53F61E27A5640005E96A = {
			isa = PBXGroup;
			children = (
				348D54011E27A5640005E96A /* JLKitDemo */,
				348D54001E27A5640005E96A /* Products */,
			);
			sourceTree = "<group>";
		};
		348D54001E27A5640005E96A /* Products */ = {
			isa = PBXGroup;
			children = (
				348D53FF1E27A5640005E96A /* JLKitDemo.app */,
			);
			name = Products;
			sourceTree = "<group>";
		};
		348D54011E27A5640005E96A /* JLKitDemo */ = {
			isa = PBXGroup;
			children = (
				F46439F41FE036E500C92043 /* UINavigationController */,
				F46439F01FE036A600C92043 /* GroupIcon */,
				34C137C11FDDA23F00CC4230 /* Transitton */,
				34C137981FD949FA00CC4230 /* FullScreenPop */,
				343691061FD1576300BAB79F /* TableViewIndexBar */,
				34FB73501FBD30FF00A37ADC /* textfiled */,
				344074CB1F627B2A008B0162 /* scrollContainer */,
				0DCCCCD91F50122500614DC0 /* waterflowlayout */,
				F4C8B0C21F40462400FDEDC7 /* Operating TableView */,
				0D5411A81EEA3525007F6412 /* menu View */,
				349EB9B81E2B764D00351FC4 /* can drag Collectionview */,
				349EB9B11E28DDCE00351FC4 /* can drag tableview */,
				349EB9A71E28DDA000351FC4 /* bothsides btn */,
				0D65C0A11F56AC6D007F8EE7 /* navgationbar */,
				348D54051E27A5640005E96A /* AppDelegate.h */,
				348D54061E27A5640005E96A /* AppDelegate.m */,
				34FB73541FBD329200A37ADC /* LoginViewController.h */,
				34FB73551FBD329200A37ADC /* LoginViewController.m */,
				34C137BE1FDD9A1700CC4230 /* MyViewController.h */,
				34C137BF1FDD9A1700CC4230 /* MyViewController.m */,
				34C137D81FDDA49D00CC4230 /* JLNavigationController.h */,
				34C137D91FDDA49D00CC4230 /* JLNavigationController.m */,
				34C137DE1FDE347F00CC4230 /* PersentController.h */,
				34C137DF1FDE347F00CC4230 /* PersentController.m */,
				0D002FFA1E8C9B7A000A633A /* UIImage+JL.h */,
				0D002FFB1E8C9B7A000A633A /* UIImage+JL.m */,
				348D54081E27A5640005E96A /* ViewController.h */,
				348D54091E27A5640005E96A /* ViewController.m */,
				343691141FD1C83B00BAB79F /* GlobalConfig.h */,
				F4C8B0E01F4046E700FDEDC7 /* SettingViewController.h */,
				F4C8B0E11F4046E700FDEDC7 /* SettingViewController.m */,
				0DCCCCDD1F5013A700614DC0 /* TestCollectionViewController.h */,
				0DCCCCDE1F5013A700614DC0 /* TestCollectionViewController.m */,
				348D540E1E27A5640005E96A /* Assets.xcassets */,
				348D54101E27A5640005E96A /* LaunchScreen.storyboard */,
				348D54131E27A5640005E96A /* Info.plist */,
				348D54021E27A5640005E96A /* Supporting Files */,
				34C137DB1FDE345C00CC4230 /* JLPresentationController.h */,
				34C137DC1FDE345D00CC4230 /* JLPresentationController.m */,
			);
			path = JLKitDemo;
			sourceTree = "<group>";
		};
		348D54021E27A5640005E96A /* Supporting Files */ = {
			isa = PBXGroup;
			children = (
				348D54031E27A5640005E96A /* main.m */,
			);
			name = "Supporting Files";
			sourceTree = "<group>";
		};
		349EB9A71E28DDA000351FC4 /* bothsides btn */ = {
			isa = PBXGroup;
			children = (
				0D60826B1F597706005FE1C0 /* MultifunctionBtn.h */,
				0D60826C1F597706005FE1C0 /* MultifunctionBtn.m */,
				349EB9A91E28DDA000351FC4 /* JLBothSidesBtn.h */,
				349EB9AA1E28DDA000351FC4 /* JLBothSidesBtn.m */,
				349EB9AB1E28DDA000351FC4 /* BothsidesBtnViewController.h */,
				349EB9AC1E28DDA000351FC4 /* BothsidesBtnViewController.m */,
			);
			path = "bothsides btn";
			sourceTree = "<group>";
		};
		349EB9B11E28DDCE00351FC4 /* can drag tableview */ = {
			isa = PBXGroup;
			children = (
				349EB9B21E28DDDF00351FC4 /* JLTableView.h */,
				349EB9B31E28DDDF00351FC4 /* JLTableView.m */,
				349EB9B51E28E59D00351FC4 /* TestTableViewController.h */,
				349EB9B61E28E59D00351FC4 /* TestTableViewController.m */,
			);
			path = "can drag tableview";
			sourceTree = "<group>";
		};
		349EB9B81E2B764D00351FC4 /* can drag Collectionview */ = {
			isa = PBXGroup;
			children = (
				349EB9BF1E2B7C6C00351FC4 /* JLCellitem.h */,
				349EB9C01E2B7C6C00351FC4 /* JLCellitem.m */,
				349EB9BC1E2B7B9100351FC4 /* JLTabMoreView.h */,
				349EB9BD1E2B7B9100351FC4 /* JLTabMoreView.m */,
				349EB9B91E2B77C800351FC4 /* JLDragOrderCollectionViewLayout.h */,
				349EB9BA1E2B77C800351FC4 /* JLDragOrderCollectionViewLayout.m */,
				349EB9C21E2B7EE100351FC4 /* TestDragCollecViewController.h */,
				349EB9C31E2B7EE100351FC4 /* TestDragCollecViewController.m */,
			);
			path = "can drag Collectionview";
			sourceTree = "<group>";
		};
		34C137981FD949FA00CC4230 /* FullScreenPop */ = {
			isa = PBXGroup;
			children = (
				34C137A31FD94A1A00CC4230 /* NSObject+AssociateObj.h */,
				34C137A01FD94A1A00CC4230 /* NSObject+AssociateObj.m */,
				34C137A21FD94A1A00CC4230 /* UIViewController+XMNavigationController.h */,
				34C1379F1FD94A1A00CC4230 /* UIViewController+XMNavigationController.m */,
				34C1379E1FD94A1A00CC4230 /* XMNavigationController.h */,
				34C137A81FD94A1B00CC4230 /* XMNavigationController.m */,
				34C1379D1FD94A1A00CC4230 /* XMNavigationController+Animation.h */,
				34C1379C1FD94A1A00CC4230 /* XMNavigationController+Animation.m */,
				34C137991FD94A1900CC4230 /* XMNavigationController+navigationBarUI.h */,
				34C137A61FD94A1B00CC4230 /* XMNavigationController+navigationBarUI.m */,
				34C137A71FD94A1B00CC4230 /* XMNavigationController+PanGesture.h */,
				34C137A11FD94A1A00CC4230 /* XMNavigationController+PanGesture.m */,
				34C137A91FD94A1B00CC4230 /* XMNavigationController+Stack.h */,
				34C1379A1FD94A1900CC4230 /* XMNavigationController+Stack.m */,
				34C137A41FD94A1B00CC4230 /* XMNavigationController+UIViewControllerInXMNavigationController.h */,
				34C137A51FD94A1B00CC4230 /* XMNavigationController+UIViewControllerInXMNavigationController.m */,
				34C1379B1FD94A1900CC4230 /* XMNavigationGlobalDefines.h */,
			);
			path = FullScreenPop;
			sourceTree = "<group>";
		};
		34C137C11FDDA23F00CC4230 /* Transitton */ = {
			isa = PBXGroup;
			children = (
				34C137C81FDDA24D00CC4230 /* UINavigationController+XXTransition.h */,
				34C137C41FDDA24D00CC4230 /* UINavigationController+XXTransition.m */,
				34C137CA1FDDA24D00CC4230 /* UIViewController+XXTransition.h */,
				34C137CD1FDDA24E00CC4230 /* UIViewController+XXTransition.m */,
				34C137CE1FDDA24E00CC4230 /* XXAnimatedTransitioning.h */,
				34C137C51FDDA24D00CC4230 /* XXAnimatedTransitioning.m */,
				34C137C21FDDA24D00CC4230 /* XXGlobalConst.h */,
				34C137CC1FDDA24E00CC4230 /* XXGlobalConst.m */,
				34C137C61FDDA24D00CC4230 /* XXInteractiveTransition.h */,
				34C137C91FDDA24D00CC4230 /* XXInteractiveTransition.m */,
				34C137C31FDDA24D00CC4230 /* XXMacro.h */,
				34C137CB1FDDA24E00CC4230 /* XXTransition.h */,
				34C137CF1FDDA24E00CC4230 /* XXTransition.m */,
				34C137C71FDDA24D00CC4230 /* XXTransitionManager.h */,
				34C137D01FDDA24E00CC4230 /* XXTransitionManager.m */,
			);
			path = Transitton;
			sourceTree = "<group>";
		};
		34FB73501FBD30FF00A37ADC /* textfiled */ = {
			isa = PBXGroup;
			children = (
				34FB73511FBD311600A37ADC /* JLTextFiled.h */,
				34FB73521FBD311600A37ADC /* JLTextFiled.m */,
				34FB73571FBD876100A37ADC /* JLHotAreaBtn.h */,
				34FB73581FBD876100A37ADC /* JLHotAreaBtn.m */,
			);
			path = textfiled;
			sourceTree = "<group>";
		};
		F46439F01FE036A600C92043 /* GroupIcon */ = {
			isa = PBXGroup;
			children = (
				F46439F11FE036A600C92043 /* UIAvaterGenerater.h */,
				F46439F21FE036A600C92043 /* UIAvaterGenerater.m */,
			);
			path = GroupIcon;
			sourceTree = "<group>";
		};
		F46439F41FE036E500C92043 /* UINavigationController */ = {
			isa = PBXGroup;
			children = (
				F46439F81FE046CC00C92043 /* JLNavigationController.h */,
				F46439F91FE046CD00C92043 /* JLNavigationController.m */,
				F46439F51FE0371200C92043 /* UINavigationController+DelegateManager.h */,
				F46439F61FE0371200C92043 /* UINavigationController+DelegateManager.m */,
			);
			path = UINavigationController;
			sourceTree = "<group>";
		};
		F4C8B0C21F40462400FDEDC7 /* Operating TableView */ = {
			isa = PBXGroup;
			children = (
				F4C8B0C81F4046AC00FDEDC7 /* SettingCustonItem.h */,
				F4C8B0C91F4046AC00FDEDC7 /* SettingCustonItem.m */,
				F4C8B0CA1F4046AC00FDEDC7 /* SettingArrowItem.h */,
				F4C8B0CB1F4046AC00FDEDC7 /* SettingArrowItem.m */,
				F4C8B0CC1F4046AC00FDEDC7 /* SettingCell.h */,
				F4C8B0CD1F4046AC00FDEDC7 /* SettingCell.m */,
				F4C8B0CE1F4046AC00FDEDC7 /* SettingGroupModel.h */,
				F4C8B0CF1F4046AC00FDEDC7 /* SettingGroupModel.m */,
				F4C8B0D01F4046AC00FDEDC7 /* SettingItem.h */,
				F4C8B0D11F4046AC00FDEDC7 /* SettingItem.m */,
				F4C8B0D21F4046AC00FDEDC7 /* SettingLabelItem.h */,
				F4C8B0D31F4046AC00FDEDC7 /* SettingLabelItem.m */,
				F4C8B0D41F4046AC00FDEDC7 /* SettingSwitchItem.h */,
				F4C8B0D51F4046AC00FDEDC7 /* SettingSwitchItem.m */,
				F4C8B0D61F4046AC00FDEDC7 /* LoginCell.h */,
				F4C8B0D71F4046AC00FDEDC7 /* LoginCell.m */,
				F4C8B0C31F40468A00FDEDC7 /* OT */,
			);
			path = "Operating TableView";
			sourceTree = "<group>";
		};
		F4C8B0C31F40468A00FDEDC7 /* OT */ = {
			isa = PBXGroup;
			children = (
				34091E701F7D16AB00537413 /* OTTableViewCore.h */,
				34091E711F7D16AB00537413 /* OTTableViewCore.m */,
				F4C8B0C41F40468A00FDEDC7 /* OTTableViewController.h */,
				F4C8B0C51F40468A00FDEDC7 /* OTTableViewController.m */,
				F4C8B0C61F40468A00FDEDC7 /* OTPotocol.h */,
			);
			path = OT;
			sourceTree = "<group>";
		};
/* End PBXGroup section */

/* Begin PBXNativeTarget section */
		348D53FE1E27A5640005E96A /* JLKitDemo */ = {
			isa = PBXNativeTarget;
			buildConfigurationList = 348D54161E27A5640005E96A /* Build configuration list for PBXNativeTarget "JLKitDemo" */;
			buildPhases = (
				348D53FB1E27A5640005E96A /* Sources */,
				348D53FC1E27A5640005E96A /* Frameworks */,
				348D53FD1E27A5640005E96A /* Resources */,
			);
			buildRules = (
			);
			dependencies = (
			);
			name = JLKitDemo;
			productName = JLKitDemo;
			productReference = 348D53FF1E27A5640005E96A /* JLKitDemo.app */;
			productType = "com.apple.product-type.application";
		};
/* End PBXNativeTarget section */

/* Begin PBXProject section */
		348D53F71E27A5640005E96A /* Project object */ = {
			isa = PBXProject;
			attributes = {
				LastUpgradeCheck = 0820;
				ORGANIZATIONNAME = JL;
				TargetAttributes = {
					348D53FE1E27A5640005E96A = {
						CreatedOnToolsVersion = 8.2;
						DevelopmentTeam = NVAFMDWZJC;
						ProvisioningStyle = Automatic;
					};
				};
			};
			buildConfigurationList = 348D53FA1E27A5640005E96A /* Build configuration list for PBXProject "JLKitDemo" */;
			compatibilityVersion = "Xcode 3.2";
			developmentRegion = English;
			hasScannedForEncodings = 0;
			knownRegions = (
				en,
				Base,
			);
			mainGroup = 348D53F61E27A5640005E96A;
			productRefGroup = 348D54001E27A5640005E96A /* Products */;
			projectDirPath = "";
			projectRoot = "";
			targets = (
				348D53FE1E27A5640005E96A /* JLKitDemo */,
			);
		};
/* End PBXProject section */

/* Begin PBXResourcesBuildPhase section */
		348D53FD1E27A5640005E96A /* Resources */ = {
			isa = PBXResourcesBuildPhase;
			buildActionMask = 2147483647;
			files = (
				348D54121E27A5640005E96A /* LaunchScreen.storyboard in Resources */,
				348D540F1E27A5640005E96A /* Assets.xcassets in Resources */,
			);
			runOnlyForDeploymentPostprocessing = 0;
		};
/* End PBXResourcesBuildPhase section */

/* Begin PBXSourcesBuildPhase section */
		348D53FB1E27A5640005E96A /* Sources */ = {
			isa = PBXSourcesBuildPhase;
			buildActionMask = 2147483647;
			files = (
				F46439F71FE0371200C92043 /* UINavigationController+DelegateManager.m in Sources */,
				34FB73561FBD329200A37ADC /* LoginViewController.m in Sources */,
				34C137E01FDE347F00CC4230 /* PersentController.m in Sources */,
				F4C8B0DD1F4046AC00FDEDC7 /* SettingLabelItem.m in Sources */,
				3436910F1FD1598B00BAB79F /* TestIndexBarViewController.m in Sources */,
				34C137AC1FD94A1B00CC4230 /* UIViewController+XMNavigationController.m in Sources */,
				344074CE1F627B59008B0162 /* MTScrollTitleBar.m in Sources */,
				34C137B11FD94A1B00CC4230 /* XMNavigationController.m in Sources */,
				344074DA1F62920A008B0162 /* MTScrollView.m in Sources */,
				0D65C0A71F56AC82007F8EE7 /* UIViewController+navBarAlpha.m in Sources */,
				F46439FA1FE046CD00C92043 /* JLNavigationController.m in Sources */,
				344074D41F627C05008B0162 /* TestScrollViewController.m in Sources */,
				348D540A1E27A5640005E96A /* ViewController.m in Sources */,
				34C137AB1FD94A1B00CC4230 /* XMNavigationController+Animation.m in Sources */,
				34C137D11FDDA24E00CC4230 /* UINavigationController+XXTransition.m in Sources */,
				34C137D51FDDA24E00CC4230 /* UIViewController+XXTransition.m in Sources */,
				34C137C01FDD9A1700CC4230 /* MyViewController.m in Sources */,
				349EB9B41E28DDDF00351FC4 /* JLTableView.m in Sources */,
				34FB73531FBD311600A37ADC /* JLTextFiled.m in Sources */,
				F4C8B0DB1F4046AC00FDEDC7 /* SettingGroupModel.m in Sources */,
				34C137AD1FD94A1B00CC4230 /* NSObject+AssociateObj.m in Sources */,
				349EB9AF1E28DDA000351FC4 /* BothsidesBtnViewController.m in Sources */,
				343691091FD1579C00BAB79F /* UITableViewIndexBar.m in Sources */,
				34F667681FB44CC10072F07A /* Test_MenuViewController.m in Sources */,
				34C137B01FD94A1B00CC4230 /* XMNavigationController+navigationBarUI.m in Sources */,
				F4C8B0DA1F4046AC00FDEDC7 /* SettingCell.m in Sources */,
				344074D11F627B7C008B0162 /* MTScrollNavgationController.m in Sources */,
				349EB9BB1E2B77C800351FC4 /* JLDragOrderCollectionViewLayout.m in Sources */,
				F4C8B0D81F4046AC00FDEDC7 /* SettingCustonItem.m in Sources */,
				34C137DD1FDE345D00CC4230 /* JLPresentationController.m in Sources */,
				34C137AE1FD94A1B00CC4230 /* XMNavigationController+PanGesture.m in Sources */,
				0D65C0A61F56AC82007F8EE7 /* UINavigationController+JL.m in Sources */,
				F4C8B0DE1F4046AC00FDEDC7 /* SettingSwitchItem.m in Sources */,
				349EB9C41E2B7EE100351FC4 /* TestDragCollecViewController.m in Sources */,
				F4C8B0E21F4046E700FDEDC7 /* SettingViewController.m in Sources */,
				0DCCCCDF1F5013A700614DC0 /* TestCollectionViewController.m in Sources */,
				0D002FFC1E8C9B7A000A633A /* UIImage+JL.m in Sources */,
				34091E721F7D16AB00537413 /* OTTableViewCore.m in Sources */,
				F4C8B0D91F4046AC00FDEDC7 /* SettingArrowItem.m in Sources */,
				0D60826D1F597706005FE1C0 /* MultifunctionBtn.m in Sources */,
				3436910C1FD158FC00BAB79F /* UITableView+IndexBar.m in Sources */,
				F46439F31FE036A600C92043 /* UIAvaterGenerater.m in Sources */,
				34C137D61FDDA24E00CC4230 /* XXTransition.m in Sources */,
				0DCCCCDC1F50124800614DC0 /* WaterFlowLayout.m in Sources */,
				F4C8B0C71F40468A00FDEDC7 /* OTTableViewController.m in Sources */,
				34C137AA1FD94A1B00CC4230 /* XMNavigationController+Stack.m in Sources */,
				F4C8B0DF1F4046AC00FDEDC7 /* LoginCell.m in Sources */,
				349EB9C11E2B7C6C00351FC4 /* JLCellitem.m in Sources */,
				348D54071E27A5640005E96A /* AppDelegate.m in Sources */,
				34C137AF1FD94A1B00CC4230 /* XMNavigationController+UIViewControllerInXMNavigationController.m in Sources */,
				34C137D71FDDA24E00CC4230 /* XXTransitionManager.m in Sources */,
				349EB9AE1E28DDA000351FC4 /* JLBothSidesBtn.m in Sources */,
				349EB9B71E28E59D00351FC4 /* TestTableViewController.m in Sources */,
				348D54041E27A5640005E96A /* main.m in Sources */,
				349EB9BE1E2B7B9100351FC4 /* JLTabMoreView.m in Sources */,
				F4C8B0DC1F4046AC00FDEDC7 /* SettingItem.m in Sources */,
				34C137D21FDDA24E00CC4230 /* XXAnimatedTransitioning.m in Sources */,
				0DCCCCE21F5014C700614DC0 /* OTCollectionViewDataSource.m in Sources */,
				34C137D41FDDA24E00CC4230 /* XXGlobalConst.m in Sources */,
				34C137D31FDDA24E00CC4230 /* XXInteractiveTransition.m in Sources */,
				0D5411AB1EEA3525007F6412 /* JLMenuView.m in Sources */,
				34FB73591FBD876100A37ADC /* JLHotAreaBtn.m in Sources */,
			);
			runOnlyForDeploymentPostprocessing = 0;
		};
/* End PBXSourcesBuildPhase section */

/* Begin PBXVariantGroup section */
		348D54101E27A5640005E96A /* LaunchScreen.storyboard */ = {
			isa = PBXVariantGroup;
			children = (
				348D54111E27A5640005E96A /* Base */,
			);
			name = LaunchScreen.storyboard;
			sourceTree = "<group>";
		};
/* End PBXVariantGroup section */

/* Begin XCBuildConfiguration section */
		348D54141E27A5640005E96A /* Debug */ = {
			isa = XCBuildConfiguration;
			buildSettings = {
				ALWAYS_SEARCH_USER_PATHS = NO;
				CLANG_ANALYZER_NONNULL = YES;
				CLANG_CXX_LANGUAGE_STANDARD = "gnu++0x";
				CLANG_CXX_LIBRARY = "libc++";
				CLANG_ENABLE_MODULES = YES;
				CLANG_ENABLE_OBJC_ARC = YES;
				CLANG_WARN_BOOL_CONVERSION = YES;
				CLANG_WARN_CONSTANT_CONVERSION = YES;
				CLANG_WARN_DIRECT_OBJC_ISA_USAGE = YES_ERROR;
				CLANG_WARN_DOCUMENTATION_COMMENTS = YES;
				CLANG_WARN_EMPTY_BODY = YES;
				CLANG_WARN_ENUM_CONVERSION = YES;
				CLANG_WARN_INFINITE_RECURSION = YES;
				CLANG_WARN_INT_CONVERSION = YES;
				CLANG_WARN_OBJC_ROOT_CLASS = YES_ERROR;
				CLANG_WARN_SUSPICIOUS_MOVE = YES;
				CLANG_WARN_UNREACHABLE_CODE = YES;
				CLANG_WARN__DUPLICATE_METHOD_MATCH = YES;
				"CODE_SIGN_IDENTITY[sdk=iphoneos*]" = "iPhone Developer";
				COPY_PHASE_STRIP = NO;
				DEBUG_INFORMATION_FORMAT = dwarf;
				ENABLE_STRICT_OBJC_MSGSEND = YES;
				ENABLE_TESTABILITY = YES;
				GCC_C_LANGUAGE_STANDARD = gnu99;
				GCC_DYNAMIC_NO_PIC = NO;
				GCC_NO_COMMON_BLOCKS = YES;
				GCC_OPTIMIZATION_LEVEL = 0;
				GCC_PREPROCESSOR_DEFINITIONS = (
					"DEBUG=1",
					"$(inherited)",
				);
				GCC_WARN_64_TO_32_BIT_CONVERSION = YES;
				GCC_WARN_ABOUT_RETURN_TYPE = YES_ERROR;
				GCC_WARN_UNDECLARED_SELECTOR = YES;
				GCC_WARN_UNINITIALIZED_AUTOS = YES_AGGRESSIVE;
				GCC_WARN_UNUSED_FUNCTION = YES;
				GCC_WARN_UNUSED_VARIABLE = YES;
				IPHONEOS_DEPLOYMENT_TARGET = 10.2;
				MTL_ENABLE_DEBUG_INFO = YES;
				ONLY_ACTIVE_ARCH = YES;
				SDKROOT = iphoneos;
			};
			name = Debug;
		};
		348D54151E27A5640005E96A /* Release */ = {
			isa = XCBuildConfiguration;
			buildSettings = {
				ALWAYS_SEARCH_USER_PATHS = NO;
				CLANG_ANALYZER_NONNULL = YES;
				CLANG_CXX_LANGUAGE_STANDARD = "gnu++0x";
				CLANG_CXX_LIBRARY = "libc++";
				CLANG_ENABLE_MODULES = YES;
				CLANG_ENABLE_OBJC_ARC = YES;
				CLANG_WARN_BOOL_CONVERSION = YES;
				CLANG_WARN_CONSTANT_CONVERSION = YES;
				CLANG_WARN_DIRECT_OBJC_ISA_USAGE = YES_ERROR;
				CLANG_WARN_DOCUMENTATION_COMMENTS = YES;
				CLANG_WARN_EMPTY_BODY = YES;
				CLANG_WARN_ENUM_CONVERSION = YES;
				CLANG_WARN_INFINITE_RECURSION = YES;
				CLANG_WARN_INT_CONVERSION = YES;
				CLANG_WARN_OBJC_ROOT_CLASS = YES_ERROR;
				CLANG_WARN_SUSPICIOUS_MOVE = YES;
				CLANG_WARN_UNREACHABLE_CODE = YES;
				CLANG_WARN__DUPLICATE_METHOD_MATCH = YES;
				"CODE_SIGN_IDENTITY[sdk=iphoneos*]" = "iPhone Developer";
				COPY_PHASE_STRIP = NO;
				DEBUG_INFORMATION_FORMAT = "dwarf-with-dsym";
				ENABLE_NS_ASSERTIONS = NO;
				ENABLE_STRICT_OBJC_MSGSEND = YES;
				GCC_C_LANGUAGE_STANDARD = gnu99;
				GCC_NO_COMMON_BLOCKS = YES;
				GCC_WARN_64_TO_32_BIT_CONVERSION = YES;
				GCC_WARN_ABOUT_RETURN_TYPE = YES_ERROR;
				GCC_WARN_UNDECLARED_SELECTOR = YES;
				GCC_WARN_UNINITIALIZED_AUTOS = YES_AGGRESSIVE;
				GCC_WARN_UNUSED_FUNCTION = YES;
				GCC_WARN_UNUSED_VARIABLE = YES;
				IPHONEOS_DEPLOYMENT_TARGET = 10.2;
				MTL_ENABLE_DEBUG_INFO = NO;
				SDKROOT = iphoneos;
				VALIDATE_PRODUCT = YES;
			};
			name = Release;
		};
		348D54171E27A5640005E96A /* Debug */ = {
			isa = XCBuildConfiguration;
			buildSettings = {
				ASSETCATALOG_COMPILER_APPICON_NAME = AppIcon;
				DEVELOPMENT_TEAM = NVAFMDWZJC;
				INFOPLIST_FILE = JLKitDemo/Info.plist;
				IPHONEOS_DEPLOYMENT_TARGET = 8.0;
				LD_RUNPATH_SEARCH_PATHS = "$(inherited) @executable_path/Frameworks";
				PRODUCT_BUNDLE_IDENTIFIER = com.JLKit;
				PRODUCT_NAME = "$(TARGET_NAME)";
			};
			name = Debug;
		};
		348D54181E27A5640005E96A /* Release */ = {
			isa = XCBuildConfiguration;
			buildSettings = {
				ASSETCATALOG_COMPILER_APPICON_NAME = AppIcon;
				DEVELOPMENT_TEAM = NVAFMDWZJC;
				INFOPLIST_FILE = JLKitDemo/Info.plist;
				IPHONEOS_DEPLOYMENT_TARGET = 8.0;
				LD_RUNPATH_SEARCH_PATHS = "$(inherited) @executable_path/Frameworks";
				PRODUCT_BUNDLE_IDENTIFIER = com.JLKit;
				PRODUCT_NAME = "$(TARGET_NAME)";
			};
			name = Release;
		};
/* End XCBuildConfiguration section */

/* Begin XCConfigurationList section */
		348D53FA1E27A5640005E96A /* Build configuration list for PBXProject "JLKitDemo" */ = {
			isa = XCConfigurationList;
			buildConfigurations = (
				348D54141E27A5640005E96A /* Debug */,
				348D54151E27A5640005E96A /* Release */,
			);
			defaultConfigurationIsVisible = 0;
			defaultConfigurationName = Release;
		};
		348D54161E27A5640005E96A /* Build configuration list for PBXNativeTarget "JLKitDemo" */ = {
			isa = XCConfigurationList;
			buildConfigurations = (
				348D54171E27A5640005E96A /* Debug */,
				348D54181E27A5640005E96A /* Release */,
			);
			defaultConfigurationIsVisible = 0;
			defaultConfigurationName = Release;
		};
/* End XCConfigurationList section */
	};
	rootObject = 348D53F71E27A5640005E96A /* Project object */;
}
